
Microsoft Visual Studio Solution File, Format Version 12.00
# Visual Studio 2013
VisualStudioVersion = 12.0.40629.0
MinimumVisualStudioVersion = 10.0.40219.1
Project("{2150E333-8FDC-42A3-9474-1A3956D46DE8}") = "Framework", "Framework", "{2D2585B3-9047-41C0-BB5E-13342F1A6549}"
EndProject
Project("{2150E333-8FDC-42A3-9474-1A3956D46DE8}") = ".nuget", ".nuget", "{5DAF4767-2F4D-45C0-AE0D-16834C0CD8F7}"
	ProjectSection(SolutionItems) = preProject
		.nuget\NuGet.Config = .nuget\NuGet.Config
		.nuget\NuGet.exe = .nuget\NuGet.exe
		.nuget\NuGet.targets = .nuget\NuGet.targets
	EndProjectSection
EndProject
Project("{FAE04EC0-301F-11D3-BF4B-00C04F79EFBC}") = "Cqrs.Azure.DocumentDb", "Framework\Azure\Cqrs.Azure.DocumentDb\Cqrs.Azure.DocumentDb.csproj", "{C4A16144-2266-49FF-BE2A-35C49B659E1D}"
EndProject
Project("{FAE04EC0-301F-11D3-BF4B-00C04F79EFBC}") = "Cqrs", "Framework\Cqrs\Cqrs.csproj", "{DAFD2A8A-D6B0-4433-8DDF-B98460C64EC6}"
EndProject
Project("{FAE04EC0-301F-11D3-BF4B-00C04F79EFBC}") = "Cqrs.Ninject.Azure.DocumentDb", "Framework\Ninject\Azure\Cqrs.Ninject.Azure.DocumentDb\Cqrs.Ninject.Azure.DocumentDb.csproj", "{FDB4BFE8-4B7F-430D-9D6B-52B0C20D75C5}"
EndProject
Project("{2150E333-8FDC-42A3-9474-1A3956D46DE8}") = "Ninject", "Ninject", "{954F475E-DC84-4ED0-BE8F-AD3C070F5478}"
EndProject
Project("{FAE04EC0-301F-11D3-BF4B-00C04F79EFBC}") = "Cqrs.Azure.ConfigurationManager", "Framework\Azure\Cqrs.Azure.ConfigurationManager\Cqrs.Azure.ConfigurationManager.csproj", "{628594CA-A097-4E6B-8DBD-00DBF2D9F19B}"
EndProject
Project("{FAE04EC0-301F-11D3-BF4B-00C04F79EFBC}") = "Cqrs.Azure.ServiceBus", "Framework\Azure\Cqrs.Azure.ServiceBus\Cqrs.Azure.ServiceBus.csproj", "{9CB07796-8032-4273-B289-E82E84499C5F}"
EndProject
Project("{2150E333-8FDC-42A3-9474-1A3956D46DE8}") = "Azure", "Azure", "{B43C9744-348F-4998-ABDD-439D51877D4C}"
EndProject
Project("{2150E333-8FDC-42A3-9474-1A3956D46DE8}") = "Azure", "Azure", "{C4EE28F4-63D1-4869-906C-4F3671A35304}"
EndProject
Project("{FAE04EC0-301F-11D3-BF4B-00C04F79EFBC}") = "Cqrs.Akka", "Framework\Akka.Net\Cqrs.Akka\Cqrs.Akka.csproj", "{60EC45F8-7B46-49F0-B8E9-E7A15FE23850}"
EndProject
Project("{2150E333-8FDC-42A3-9474-1A3956D46DE8}") = "Akka.Net", "Akka.Net", "{C1F7841C-0ACE-4039-B068-2C0310A4C56A}"
EndProject
Project("{2150E333-8FDC-42A3-9474-1A3956D46DE8}") = "Akka.Net", "Akka.Net", "{B3DAA4AD-C475-49B1-86E5-FC8331B937E4}"
EndProject
Project("{FAE04EC0-301F-11D3-BF4B-00C04F79EFBC}") = "Cqrs.Ninject", "Framework\Ninject\Cqrs.Ninject\Cqrs.Ninject.csproj", "{359BDD3F-785D-4A4A-861F-4951E6E71321}"
EndProject
Project("{FAE04EC0-301F-11D3-BF4B-00C04F79EFBC}") = "Cqrs.Ninject.Akka", "Framework\Ninject\Cqrs.Ninject.Akka\Cqrs.Ninject.Akka.csproj", "{8FD2DA5B-C413-418E-AB24-4170E69E4005}"
EndProject
Project("{FAE04EC0-301F-11D3-BF4B-00C04F79EFBC}") = "Cqrs.Ninject.Azure.ServiceBus.CommandBus", "Framework\Ninject\Azure\Cqrs.Ninject.Azure.ServiceBus.CommandBus\Cqrs.Ninject.Azure.ServiceBus.CommandBus.csproj", "{6DFE1B83-DB0B-414B-83D0-AFB81D9D6397}"
EndProject
Project("{FAE04EC0-301F-11D3-BF4B-00C04F79EFBC}") = "Cqrs.Ninject.Azure.ServiceBus.EventBus", "Framework\Ninject\Azure\Cqrs.Ninject.Azure.ServiceBus.EventBus\Cqrs.Ninject.Azure.ServiceBus.EventBus.csproj", "{1886B47D-9119-4BCF-992F-B56C37CEA7AE}"
EndProject
Project("{2150E333-8FDC-42A3-9474-1A3956D46DE8}") = "Solution Items", "Solution Items", "{C11A52FD-C79F-4BC6-ADB5-280A704274A2}"
	ProjectSection(SolutionItems) = preProject
		README.md = README.md
	EndProjectSection
EndProject
Project("{2150E333-8FDC-42A3-9474-1A3956D46DE8}") = "Modeling", "Modeling", "{BC369383-69AE-4DB5-A9A3-69B39420AA87}"
EndProject
Project("{FAE04EC0-301F-11D3-BF4B-00C04F79EFBC}") = "Cqrs.Modelling.UmlProfiles.VS2012", "Modelling\UmlProfiles\Cqrs.Modelling.UmlProfiles.VS2012.csproj", "{AAB88438-0140-4336-B6F6-15015B50D324}"
EndProject
Project("{FAE04EC0-301F-11D3-BF4B-00C04F79EFBC}") = "Cqrs.Modelling.UmlProfiles.VS2013", "Modelling\UmlProfiles\Cqrs.Modelling.UmlProfiles.VS2013.csproj", "{CB137555-C62F-4A8D-9CA8-2D4A334D90FF}"
EndProject
Project("{FAE04EC0-301F-11D3-BF4B-00C04F79EFBC}") = "Cqrs.Modelling.UmlProfiles.VS2015", "Modelling\UmlProfiles\Cqrs.Modelling.UmlProfiles.VS2015.csproj", "{908B20D0-24A4-407B-9CB8-DC9BD01758EA}"
EndProject
Project("{2150E333-8FDC-42A3-9474-1A3956D46DE8}") = "Templates", "Templates", "{68E7C900-9043-4E25-9AF6-3D205AC484B5}"
	ProjectSection(SolutionItems) = preProject
		Modelling\Templates\AggregateHostTemplate.t4 = Modelling\Templates\AggregateHostTemplate.t4
		Modelling\Templates\AggregateRepositoryInterfaceTemplate.t4 = Modelling\Templates\AggregateRepositoryInterfaceTemplate.t4
		Modelling\Templates\AggregateRepositoryTemplate.t4 = Modelling\Templates\AggregateRepositoryTemplate.t4
		Modelling\Templates\AggregateServiceChannelFactoryTemplate.t4 = Modelling\Templates\AggregateServiceChannelFactoryTemplate.t4
		Modelling\Templates\AggregateServiceContractResolversPartialTemplate.t4 = Modelling\Templates\AggregateServiceContractResolversPartialTemplate.t4
		Modelling\Templates\AggregateServiceContractResolversTemplate.t4 = Modelling\Templates\AggregateServiceContractResolversTemplate.t4
		Modelling\Templates\AggregateServiceHostFactoryTemplate.t4 = Modelling\Templates\AggregateServiceHostFactoryTemplate.t4
		Modelling\Templates\AggregateServiceInterfaceTemplate.t4 = Modelling\Templates\AggregateServiceInterfaceTemplate.t4
		Modelling\Templates\AggregateServiceTemplate.t4 = Modelling\Templates\AggregateServiceTemplate.t4
		Modelling\Templates\AggregateTemplate.t4 = Modelling\Templates\AggregateTemplate.t4
		Modelling\Templates\AggregateUmlClassDiagramTemplate.t4 = Modelling\Templates\AggregateUmlClassDiagramTemplate.t4
		Modelling\Templates\AzureDocumentDbDomainDataStoreFactoryTemplate.t4 = Modelling\Templates\AzureDocumentDbDomainDataStoreFactoryTemplate.t4
		Modelling\Templates\BlobStorageDomainDataStoreFactoryTemplate.t4 = Modelling\Templates\BlobStorageDomainDataStoreFactoryTemplate.t4
		Modelling\Templates\CommandHandlerPartialTemplate.t4 = Modelling\Templates\CommandHandlerPartialTemplate.t4
		Modelling\Templates\CommandHandlerTemplate.t4 = Modelling\Templates\CommandHandlerTemplate.t4
		Modelling\Templates\CommandTemplate.t4 = Modelling\Templates\CommandTemplate.t4
		Modelling\Templates\CqrsTemplateHelpers.t4 = Modelling\Templates\CqrsTemplateHelpers.t4
		Modelling\Templates\CreateCommandHandlerTemplate.t4 = Modelling\Templates\CreateCommandHandlerTemplate.t4
		Modelling\Templates\CreateCommandTemplate.t4 = Modelling\Templates\CreateCommandTemplate.t4
		Modelling\Templates\CreatedEventHandlerPartialTemplate.t4 = Modelling\Templates\CreatedEventHandlerPartialTemplate.t4
		Modelling\Templates\CreatedEventHandlerTemplate.t4 = Modelling\Templates\CreatedEventHandlerTemplate.t4
		Modelling\Templates\CreatedEventTemplate.t4 = Modelling\Templates\CreatedEventTemplate.t4
		Modelling\Templates\CSharpCommentHelpers.t4 = Modelling\Templates\CSharpCommentHelpers.t4
		Modelling\Templates\CSharpHelpers.t4 = Modelling\Templates\CSharpHelpers.t4
		Modelling\Templates\CSharpStereotypeHelpers.t4 = Modelling\Templates\CSharpStereotypeHelpers.t4
		Modelling\Templates\DeeperIntoTheDecisionTree.t4 = Modelling\Templates\DeeperIntoTheDecisionTree.t4
		Modelling\Templates\DeleteCommandHandlerTemplate.t4 = Modelling\Templates\DeleteCommandHandlerTemplate.t4
		Modelling\Templates\DeleteCommandTemplate.t4 = Modelling\Templates\DeleteCommandTemplate.t4
		Modelling\Templates\DeletedEventHandlerPartialTemplate.t4 = Modelling\Templates\DeletedEventHandlerPartialTemplate.t4
		Modelling\Templates\DeletedEventHandlerTemplate.t4 = Modelling\Templates\DeletedEventHandlerTemplate.t4
		Modelling\Templates\DeletedEventTemplate.t4 = Modelling\Templates\DeletedEventTemplate.t4
		Modelling\Templates\DomainDataStoreFactoryInterfaceTemplate.t4 = Modelling\Templates\DomainDataStoreFactoryInterfaceTemplate.t4
		Modelling\Templates\DomainNinjectModuleTemplate.t4 = Modelling\Templates\DomainNinjectModuleTemplate.t4
		Modelling\Templates\EntityEventHandlerTemplate.t4 = Modelling\Templates\EntityEventHandlerTemplate.t4
		Modelling\Templates\EntityInterfaceTemplate.t4 = Modelling\Templates\EntityInterfaceTemplate.t4
		Modelling\Templates\EntityRepositoryInterfaceTemplate.t4 = Modelling\Templates\EntityRepositoryInterfaceTemplate.t4
		Modelling\Templates\EntityRepositoryTemplate.t4 = Modelling\Templates\EntityRepositoryTemplate.t4
		Modelling\Templates\EntityTemplate.t4 = Modelling\Templates\EntityTemplate.t4
		Modelling\Templates\EventAutoHandlerPartialTemplate.t4 = Modelling\Templates\EventAutoHandlerPartialTemplate.t4
		Modelling\Templates\EventAutoHandlerTemplate.t4 = Modelling\Templates\EventAutoHandlerTemplate.t4
		Modelling\Templates\EventHandlerPartialTemplate.t4 = Modelling\Templates\EventHandlerPartialTemplate.t4
		Modelling\Templates\EventHandlerTemplate.t4 = Modelling\Templates\EventHandlerTemplate.t4
		Modelling\Templates\EventTemplate.t4 = Modelling\Templates\EventTemplate.t4
		Modelling\Templates\EventToHubProxyTemplate.t4 = Modelling\Templates\EventToHubProxyTemplate.t4
		Modelling\Templates\HostTemplate.t4 = Modelling\Templates\HostTemplate.t4
		Modelling\Templates\InProcessDomainDataStoreFactoryTemplate.t4 = Modelling\Templates\InProcessDomainDataStoreFactoryTemplate.t4
		Modelling\Templates\ModelHelper.t4 = Modelling\Templates\ModelHelper.t4
		Modelling\Templates\MongoDomainDataStoreFactoryTemplate.t4 = Modelling\Templates\MongoDomainDataStoreFactoryTemplate.t4
		Modelling\Templates\QueryBuilderInterfaceTemplate.t4 = Modelling\Templates\QueryBuilderInterfaceTemplate.t4
		Modelling\Templates\QueryBuilderPartialTemplate.t4 = Modelling\Templates\QueryBuilderPartialTemplate.t4
		Modelling\Templates\QueryBuilderTemplate.t4 = Modelling\Templates\QueryBuilderTemplate.t4
		Modelling\Templates\QueryStrategyInterfaceTemplate.t4 = Modelling\Templates\QueryStrategyInterfaceTemplate.t4
		Modelling\Templates\QueryStrategyTemplate.t4 = Modelling\Templates\QueryStrategyTemplate.t4
		Modelling\Templates\ServiceChannelFactoryTemplate.t4 = Modelling\Templates\ServiceChannelFactoryTemplate.t4
		Modelling\Templates\ServiceContractResolversPartialTemplate.t4 = Modelling\Templates\ServiceContractResolversPartialTemplate.t4
		Modelling\Templates\ServiceContractResolversTemplate.t4 = Modelling\Templates\ServiceContractResolversTemplate.t4
		Modelling\Templates\ServiceHostFactoryTemplate.t4 = Modelling\Templates\ServiceHostFactoryTemplate.t4
		Modelling\Templates\ServiceHostNinjectApplicationConfigurationTemplate.t4 = Modelling\Templates\ServiceHostNinjectApplicationConfigurationTemplate.t4
		Modelling\Templates\ServiceHostNinjectServiceApplicationConfigurationTemplate.t4 = Modelling\Templates\ServiceHostNinjectServiceApplicationConfigurationTemplate.t4
		Modelling\Templates\ServiceHostNinjectServiceHostingEnvironmentApplicationConfigurationTemplate.t4 = Modelling\Templates\ServiceHostNinjectServiceHostingEnvironmentApplicationConfigurationTemplate.t4
		Modelling\Templates\ServiceHostTemplate.t4 = Modelling\Templates\ServiceHostTemplate.t4
		Modelling\Templates\ServiceInterfaceTemplate.t4 = Modelling\Templates\ServiceInterfaceTemplate.t4
		Modelling\Templates\ServicePartialTemplate.t4 = Modelling\Templates\ServicePartialTemplate.t4
		Modelling\Templates\ServiceTemplate.t4 = Modelling\Templates\ServiceTemplate.t4
		Modelling\Templates\Silence.t4 = Modelling\Templates\Silence.t4
		Modelling\Templates\SimplifiedSqlDomainDataStoreFactoryTemplate.t4 = Modelling\Templates\SimplifiedSqlDomainDataStoreFactoryTemplate.t4
		Modelling\Templates\SqlDomainDataStoreFactoryTemplate.t4 = Modelling\Templates\SqlDomainDataStoreFactoryTemplate.t4
		Modelling\Templates\TemplateHeader.t4 = Modelling\Templates\TemplateHeader.t4
		Modelling\Templates\UpdateCommandHandlerTemplate.t4 = Modelling\Templates\UpdateCommandHandlerTemplate.t4
		Modelling\Templates\UpdateCommandTemplate.t4 = Modelling\Templates\UpdateCommandTemplate.t4
		Modelling\Templates\UpdatedEventHandlerPartialTemplate.t4 = Modelling\Templates\UpdatedEventHandlerPartialTemplate.t4
		Modelling\Templates\UpdatedEventHandlerTemplate.t4 = Modelling\Templates\UpdatedEventHandlerTemplate.t4
		Modelling\Templates\UpdatedEventTemplate.t4 = Modelling\Templates\UpdatedEventTemplate.t4
		Modelling\Templates\ValidationHelper.t4 = Modelling\Templates\ValidationHelper.t4
		Modelling\Templates\WebApiControllerTemplate.t4 = Modelling\Templates\WebApiControllerTemplate.t4
	EndProjectSection
EndProject
Project("{FAE04EC0-301F-11D3-BF4B-00C04F79EFBC}") = "Cqrs.WebApi", "Framework\Cqrs.WebApi\Cqrs.WebApi.csproj", "{12722F99-9BF9-41E4-A171-29E18CE5E521}"
EndProject
Project("{FAE04EC0-301F-11D3-BF4B-00C04F79EFBC}") = "Cqrs.SolutionTemplate", "Modelling\SolutionTemplate\Cqrs.SolutionTemplate.csproj", "{861A200E-DAEC-44B3-856B-B552BFE855B1}"
EndProject
Project("{FAE04EC0-301F-11D3-BF4B-00C04F79EFBC}") = "Cqrs.MongoDB", "Framework\Cqrs.MongoDB\Cqrs.MongoDB.csproj", "{F9E3F022-6F37-4EAE-BD58-F4F805BE8243}"
EndProject
Project("{FAE04EC0-301F-11D3-BF4B-00C04F79EFBC}") = "Cqrs.Ninject.MongoDB", "Framework\Ninject\Cqrs.Ninject.MongoDB\Cqrs.Ninject.MongoDB.csproj", "{A3E58931-724C-4628-AF03-A7011894957D}"
EndProject
Project("{FAE04EC0-301F-11D3-BF4B-00C04F79EFBC}") = "Cqrs.Azure.EventHub", "Framework\Azure\Cqrs.Azure.EventHub\Cqrs.Azure.EventHub.csproj", "{066A57F0-460B-4DBC-A793-59FB8E1DAA52}"
EndProject
Project("{FAE04EC0-301F-11D3-BF4B-00C04F79EFBC}") = "Cqrs.Ninject.Azure.EventHub.CommandBus", "Framework\Ninject\Azure\Cqrs.Ninject.Azure.EventHub.CommandBus\Cqrs.Ninject.Azure.EventHub.CommandBus.csproj", "{26E3B2B9-CFF1-41ED-889B-26FDE9F19A42}"
EndProject
Project("{FAE04EC0-301F-11D3-BF4B-00C04F79EFBC}") = "Cqrs.Ninject.Azure.EventHub.EventBus", "Framework\Ninject\Azure\Cqrs.Ninject.Azure.EventHub.EventBus\Cqrs.Ninject.Azure.EventHub.EventBus.csproj", "{9EC7298C-0D22-484C-87D1-BC7F9EB8FB9B}"
EndProject
Project("{2150E333-8FDC-42A3-9474-1A3956D46DE8}") = "MongoDB", "MongoDB", "{D8B82A96-5D1B-4517-90F1-F66616B72E38}"
EndProject
Project("{FAE04EC0-301F-11D3-BF4B-00C04F79EFBC}") = "Cqrs.MongoDB.Tests.Integration", "Framework\Cqrs.MongoDB.Tests.Integration\Cqrs.MongoDB.Tests.Integration.csproj", "{3AFDB11C-8A2B-4B73-8C88-79E5AAF17902}"
EndProject
Project("{FAE04EC0-301F-11D3-BF4B-00C04F79EFBC}") = "Cqrs.Akka.Tests.Unit", "Framework\Akka.Net\Cqrs.Akka.Tests.Unit\Cqrs.Akka.Tests.Unit.csproj", "{5F526064-251B-414A-B35A-769753B0FBF5}"
EndProject
Global
	GlobalSection(SolutionConfigurationPlatforms) = preSolution
		Debug|Any CPU = Debug|Any CPU
		Release|Any CPU = Release|Any CPU
		VSIX|Any CPU = VSIX|Any CPU
	EndGlobalSection
	GlobalSection(ProjectConfigurationPlatforms) = postSolution
		{C4A16144-2266-49FF-BE2A-35C49B659E1D}.Debug|Any CPU.ActiveCfg = Debug|Any CPU
		{C4A16144-2266-49FF-BE2A-35C49B659E1D}.Debug|Any CPU.Build.0 = Debug|Any CPU
		{C4A16144-2266-49FF-BE2A-35C49B659E1D}.Release|Any CPU.ActiveCfg = Release|Any CPU
		{C4A16144-2266-49FF-BE2A-35C49B659E1D}.Release|Any CPU.Build.0 = Release|Any CPU
		{C4A16144-2266-49FF-BE2A-35C49B659E1D}.VSIX|Any CPU.ActiveCfg = Release|Any CPU
		{DAFD2A8A-D6B0-4433-8DDF-B98460C64EC6}.Debug|Any CPU.ActiveCfg = Debug|Any CPU
		{DAFD2A8A-D6B0-4433-8DDF-B98460C64EC6}.Debug|Any CPU.Build.0 = Debug|Any CPU
		{DAFD2A8A-D6B0-4433-8DDF-B98460C64EC6}.Release|Any CPU.ActiveCfg = Release|Any CPU
		{DAFD2A8A-D6B0-4433-8DDF-B98460C64EC6}.Release|Any CPU.Build.0 = Release|Any CPU
		{DAFD2A8A-D6B0-4433-8DDF-B98460C64EC6}.VSIX|Any CPU.ActiveCfg = Release|Any CPU
		{FDB4BFE8-4B7F-430D-9D6B-52B0C20D75C5}.Debug|Any CPU.ActiveCfg = Debug|Any CPU
		{FDB4BFE8-4B7F-430D-9D6B-52B0C20D75C5}.Debug|Any CPU.Build.0 = Debug|Any CPU
		{FDB4BFE8-4B7F-430D-9D6B-52B0C20D75C5}.Release|Any CPU.ActiveCfg = Release|Any CPU
		{FDB4BFE8-4B7F-430D-9D6B-52B0C20D75C5}.Release|Any CPU.Build.0 = Release|Any CPU
		{FDB4BFE8-4B7F-430D-9D6B-52B0C20D75C5}.VSIX|Any CPU.ActiveCfg = Release|Any CPU
		{628594CA-A097-4E6B-8DBD-00DBF2D9F19B}.Debug|Any CPU.ActiveCfg = Debug|Any CPU
		{628594CA-A097-4E6B-8DBD-00DBF2D9F19B}.Debug|Any CPU.Build.0 = Debug|Any CPU
		{628594CA-A097-4E6B-8DBD-00DBF2D9F19B}.Release|Any CPU.ActiveCfg = Release|Any CPU
		{628594CA-A097-4E6B-8DBD-00DBF2D9F19B}.Release|Any CPU.Build.0 = Release|Any CPU
		{628594CA-A097-4E6B-8DBD-00DBF2D9F19B}.VSIX|Any CPU.ActiveCfg = Release|Any CPU
		{9CB07796-8032-4273-B289-E82E84499C5F}.Debug|Any CPU.ActiveCfg = Debug|Any CPU
		{9CB07796-8032-4273-B289-E82E84499C5F}.Debug|Any CPU.Build.0 = Debug|Any CPU
		{9CB07796-8032-4273-B289-E82E84499C5F}.Release|Any CPU.ActiveCfg = Release|Any CPU
		{9CB07796-8032-4273-B289-E82E84499C5F}.Release|Any CPU.Build.0 = Release|Any CPU
		{9CB07796-8032-4273-B289-E82E84499C5F}.VSIX|Any CPU.ActiveCfg = Release|Any CPU
		{60EC45F8-7B46-49F0-B8E9-E7A15FE23850}.Debug|Any CPU.ActiveCfg = Debug|Any CPU
		{60EC45F8-7B46-49F0-B8E9-E7A15FE23850}.Debug|Any CPU.Build.0 = Debug|Any CPU
		{60EC45F8-7B46-49F0-B8E9-E7A15FE23850}.Release|Any CPU.ActiveCfg = Release|Any CPU
		{60EC45F8-7B46-49F0-B8E9-E7A15FE23850}.Release|Any CPU.Build.0 = Release|Any CPU
		{60EC45F8-7B46-49F0-B8E9-E7A15FE23850}.VSIX|Any CPU.ActiveCfg = Release|Any CPU
		{359BDD3F-785D-4A4A-861F-4951E6E71321}.Debug|Any CPU.ActiveCfg = Debug|Any CPU
		{359BDD3F-785D-4A4A-861F-4951E6E71321}.Debug|Any CPU.Build.0 = Debug|Any CPU
		{359BDD3F-785D-4A4A-861F-4951E6E71321}.Release|Any CPU.ActiveCfg = Release|Any CPU
		{359BDD3F-785D-4A4A-861F-4951E6E71321}.Release|Any CPU.Build.0 = Release|Any CPU
		{359BDD3F-785D-4A4A-861F-4951E6E71321}.VSIX|Any CPU.ActiveCfg = Release|Any CPU
		{8FD2DA5B-C413-418E-AB24-4170E69E4005}.Debug|Any CPU.ActiveCfg = Debug|Any CPU
		{8FD2DA5B-C413-418E-AB24-4170E69E4005}.Debug|Any CPU.Build.0 = Debug|Any CPU
		{8FD2DA5B-C413-418E-AB24-4170E69E4005}.Release|Any CPU.ActiveCfg = Release|Any CPU
		{8FD2DA5B-C413-418E-AB24-4170E69E4005}.Release|Any CPU.Build.0 = Release|Any CPU
		{8FD2DA5B-C413-418E-AB24-4170E69E4005}.VSIX|Any CPU.ActiveCfg = Release|Any CPU
		{6DFE1B83-DB0B-414B-83D0-AFB81D9D6397}.Debug|Any CPU.ActiveCfg = Debug|Any CPU
		{6DFE1B83-DB0B-414B-83D0-AFB81D9D6397}.Debug|Any CPU.Build.0 = Debug|Any CPU
		{6DFE1B83-DB0B-414B-83D0-AFB81D9D6397}.Release|Any CPU.ActiveCfg = Release|Any CPU
		{6DFE1B83-DB0B-414B-83D0-AFB81D9D6397}.Release|Any CPU.Build.0 = Release|Any CPU
		{6DFE1B83-DB0B-414B-83D0-AFB81D9D6397}.VSIX|Any CPU.ActiveCfg = Release|Any CPU
		{1886B47D-9119-4BCF-992F-B56C37CEA7AE}.Debug|Any CPU.ActiveCfg = Debug|Any CPU
		{1886B47D-9119-4BCF-992F-B56C37CEA7AE}.Debug|Any CPU.Build.0 = Debug|Any CPU
		{1886B47D-9119-4BCF-992F-B56C37CEA7AE}.Release|Any CPU.ActiveCfg = Release|Any CPU
		{1886B47D-9119-4BCF-992F-B56C37CEA7AE}.Release|Any CPU.Build.0 = Release|Any CPU
		{1886B47D-9119-4BCF-992F-B56C37CEA7AE}.VSIX|Any CPU.ActiveCfg = Release|Any CPU
		{AAB88438-0140-4336-B6F6-15015B50D324}.Debug|Any CPU.ActiveCfg = Debug|Any CPU
		{AAB88438-0140-4336-B6F6-15015B50D324}.Debug|Any CPU.Build.0 = Debug|Any CPU
		{AAB88438-0140-4336-B6F6-15015B50D324}.Release|Any CPU.ActiveCfg = Release|Any CPU
		{AAB88438-0140-4336-B6F6-15015B50D324}.VSIX|Any CPU.ActiveCfg = VSIX|Any CPU
		{AAB88438-0140-4336-B6F6-15015B50D324}.VSIX|Any CPU.Build.0 = VSIX|Any CPU
		{CB137555-C62F-4A8D-9CA8-2D4A334D90FF}.Debug|Any CPU.ActiveCfg = Debug|Any CPU
		{CB137555-C62F-4A8D-9CA8-2D4A334D90FF}.Debug|Any CPU.Build.0 = Debug|Any CPU
		{CB137555-C62F-4A8D-9CA8-2D4A334D90FF}.Release|Any CPU.ActiveCfg = Release|Any CPU
		{CB137555-C62F-4A8D-9CA8-2D4A334D90FF}.VSIX|Any CPU.ActiveCfg = VSIX|Any CPU
		{CB137555-C62F-4A8D-9CA8-2D4A334D90FF}.VSIX|Any CPU.Build.0 = VSIX|Any CPU
		{908B20D0-24A4-407B-9CB8-DC9BD01758EA}.Debug|Any CPU.ActiveCfg = Debug|Any CPU
		{908B20D0-24A4-407B-9CB8-DC9BD01758EA}.Debug|Any CPU.Build.0 = Debug|Any CPU
		{908B20D0-24A4-407B-9CB8-DC9BD01758EA}.Release|Any CPU.ActiveCfg = Release|Any CPU
		{908B20D0-24A4-407B-9CB8-DC9BD01758EA}.VSIX|Any CPU.ActiveCfg = VSIX|Any CPU
		{908B20D0-24A4-407B-9CB8-DC9BD01758EA}.VSIX|Any CPU.Build.0 = VSIX|Any CPU
		{12722F99-9BF9-41E4-A171-29E18CE5E521}.Debug|Any CPU.ActiveCfg = Debug|Any CPU
		{12722F99-9BF9-41E4-A171-29E18CE5E521}.Debug|Any CPU.Build.0 = Debug|Any CPU
		{12722F99-9BF9-41E4-A171-29E18CE5E521}.Release|Any CPU.ActiveCfg = Release|Any CPU
		{12722F99-9BF9-41E4-A171-29E18CE5E521}.Release|Any CPU.Build.0 = Release|Any CPU
		{12722F99-9BF9-41E4-A171-29E18CE5E521}.VSIX|Any CPU.ActiveCfg = Release|Any CPU
		{861A200E-DAEC-44B3-856B-B552BFE855B1}.Debug|Any CPU.ActiveCfg = Debug|Any CPU
		{861A200E-DAEC-44B3-856B-B552BFE855B1}.Debug|Any CPU.Build.0 = Debug|Any CPU
		{861A200E-DAEC-44B3-856B-B552BFE855B1}.Release|Any CPU.ActiveCfg = Release|Any CPU
		{861A200E-DAEC-44B3-856B-B552BFE855B1}.Release|Any CPU.Build.0 = Release|Any CPU
		{861A200E-DAEC-44B3-856B-B552BFE855B1}.VSIX|Any CPU.ActiveCfg = VSIX|Any CPU
		{861A200E-DAEC-44B3-856B-B552BFE855B1}.VSIX|Any CPU.Build.0 = VSIX|Any CPU
		{F9E3F022-6F37-4EAE-BD58-F4F805BE8243}.Debug|Any CPU.ActiveCfg = Debug|Any CPU
		{F9E3F022-6F37-4EAE-BD58-F4F805BE8243}.Debug|Any CPU.Build.0 = Debug|Any CPU
		{F9E3F022-6F37-4EAE-BD58-F4F805BE8243}.Release|Any CPU.ActiveCfg = Release|Any CPU
		{F9E3F022-6F37-4EAE-BD58-F4F805BE8243}.Release|Any CPU.Build.0 = Release|Any CPU
		{F9E3F022-6F37-4EAE-BD58-F4F805BE8243}.VSIX|Any CPU.ActiveCfg = Release|Any CPU
		{F9E3F022-6F37-4EAE-BD58-F4F805BE8243}.VSIX|Any CPU.Build.0 = Release|Any CPU
		{A3E58931-724C-4628-AF03-A7011894957D}.Debug|Any CPU.ActiveCfg = Debug|Any CPU
		{A3E58931-724C-4628-AF03-A7011894957D}.Debug|Any CPU.Build.0 = Debug|Any CPU
		{A3E58931-724C-4628-AF03-A7011894957D}.Release|Any CPU.ActiveCfg = Release|Any CPU
		{A3E58931-724C-4628-AF03-A7011894957D}.Release|Any CPU.Build.0 = Release|Any CPU
		{A3E58931-724C-4628-AF03-A7011894957D}.VSIX|Any CPU.ActiveCfg = Release|Any CPU
		{A3E58931-724C-4628-AF03-A7011894957D}.VSIX|Any CPU.Build.0 = Release|Any CPU
		{066A57F0-460B-4DBC-A793-59FB8E1DAA52}.Debug|Any CPU.ActiveCfg = Debug|Any CPU
		{066A57F0-460B-4DBC-A793-59FB8E1DAA52}.Debug|Any CPU.Build.0 = Debug|Any CPU
		{066A57F0-460B-4DBC-A793-59FB8E1DAA52}.Release|Any CPU.ActiveCfg = Release|Any CPU
		{066A57F0-460B-4DBC-A793-59FB8E1DAA52}.Release|Any CPU.Build.0 = Release|Any CPU
		{066A57F0-460B-4DBC-A793-59FB8E1DAA52}.VSIX|Any CPU.ActiveCfg = Release|Any CPU
		{066A57F0-460B-4DBC-A793-59FB8E1DAA52}.VSIX|Any CPU.Build.0 = Release|Any CPU
		{26E3B2B9-CFF1-41ED-889B-26FDE9F19A42}.Debug|Any CPU.ActiveCfg = Debug|Any CPU
		{26E3B2B9-CFF1-41ED-889B-26FDE9F19A42}.Debug|Any CPU.Build.0 = Debug|Any CPU
		{26E3B2B9-CFF1-41ED-889B-26FDE9F19A42}.Release|Any CPU.ActiveCfg = Release|Any CPU
		{26E3B2B9-CFF1-41ED-889B-26FDE9F19A42}.Release|Any CPU.Build.0 = Release|Any CPU
		{26E3B2B9-CFF1-41ED-889B-26FDE9F19A42}.VSIX|Any CPU.ActiveCfg = Release|Any CPU
		{26E3B2B9-CFF1-41ED-889B-26FDE9F19A42}.VSIX|Any CPU.Build.0 = Release|Any CPU
		{9EC7298C-0D22-484C-87D1-BC7F9EB8FB9B}.Debug|Any CPU.ActiveCfg = Debug|Any CPU
		{9EC7298C-0D22-484C-87D1-BC7F9EB8FB9B}.Debug|Any CPU.Build.0 = Debug|Any CPU
		{9EC7298C-0D22-484C-87D1-BC7F9EB8FB9B}.Release|Any CPU.ActiveCfg = Release|Any CPU
		{9EC7298C-0D22-484C-87D1-BC7F9EB8FB9B}.Release|Any CPU.Build.0 = Release|Any CPU
		{9EC7298C-0D22-484C-87D1-BC7F9EB8FB9B}.VSIX|Any CPU.ActiveCfg = Release|Any CPU
		{9EC7298C-0D22-484C-87D1-BC7F9EB8FB9B}.VSIX|Any CPU.Build.0 = Release|Any CPU
		{3AFDB11C-8A2B-4B73-8C88-79E5AAF17902}.Debug|Any CPU.ActiveCfg = Debug|Any CPU
		{3AFDB11C-8A2B-4B73-8C88-79E5AAF17902}.Debug|Any CPU.Build.0 = Debug|Any CPU
		{3AFDB11C-8A2B-4B73-8C88-79E5AAF17902}.Release|Any CPU.ActiveCfg = Release|Any CPU
		{3AFDB11C-8A2B-4B73-8C88-79E5AAF17902}.Release|Any CPU.Build.0 = Release|Any CPU
		{3AFDB11C-8A2B-4B73-8C88-79E5AAF17902}.VSIX|Any CPU.ActiveCfg = Release|Any CPU
		{3AFDB11C-8A2B-4B73-8C88-79E5AAF17902}.VSIX|Any CPU.Build.0 = Release|Any CPU
		{5F526064-251B-414A-B35A-769753B0FBF5}.Debug|Any CPU.ActiveCfg = Debug|Any CPU
		{5F526064-251B-414A-B35A-769753B0FBF5}.Debug|Any CPU.Build.0 = Debug|Any CPU
		{5F526064-251B-414A-B35A-769753B0FBF5}.Release|Any CPU.ActiveCfg = Release|Any CPU
		{5F526064-251B-414A-B35A-769753B0FBF5}.Release|Any CPU.Build.0 = Release|Any CPU
		{5F526064-251B-414A-B35A-769753B0FBF5}.VSIX|Any CPU.ActiveCfg = Release|Any CPU
		{5F526064-251B-414A-B35A-769753B0FBF5}.VSIX|Any CPU.Build.0 = Release|Any CPU
	EndGlobalSection
	GlobalSection(SolutionProperties) = preSolution
		HideSolutionNode = FALSE
	EndGlobalSection
	GlobalSection(NestedProjects) = preSolution
		{C4A16144-2266-49FF-BE2A-35C49B659E1D} = {B43C9744-348F-4998-ABDD-439D51877D4C}
		{DAFD2A8A-D6B0-4433-8DDF-B98460C64EC6} = {2D2585B3-9047-41C0-BB5E-13342F1A6549}
		{FDB4BFE8-4B7F-430D-9D6B-52B0C20D75C5} = {C4EE28F4-63D1-4869-906C-4F3671A35304}
		{954F475E-DC84-4ED0-BE8F-AD3C070F5478} = {2D2585B3-9047-41C0-BB5E-13342F1A6549}
		{628594CA-A097-4E6B-8DBD-00DBF2D9F19B} = {B43C9744-348F-4998-ABDD-439D51877D4C}
		{9CB07796-8032-4273-B289-E82E84499C5F} = {B43C9744-348F-4998-ABDD-439D51877D4C}
		{B43C9744-348F-4998-ABDD-439D51877D4C} = {2D2585B3-9047-41C0-BB5E-13342F1A6549}
		{C4EE28F4-63D1-4869-906C-4F3671A35304} = {954F475E-DC84-4ED0-BE8F-AD3C070F5478}
		{60EC45F8-7B46-49F0-B8E9-E7A15FE23850} = {C1F7841C-0ACE-4039-B068-2C0310A4C56A}
		{C1F7841C-0ACE-4039-B068-2C0310A4C56A} = {2D2585B3-9047-41C0-BB5E-13342F1A6549}
		{B3DAA4AD-C475-49B1-86E5-FC8331B937E4} = {954F475E-DC84-4ED0-BE8F-AD3C070F5478}
		{359BDD3F-785D-4A4A-861F-4951E6E71321} = {954F475E-DC84-4ED0-BE8F-AD3C070F5478}
		{8FD2DA5B-C413-418E-AB24-4170E69E4005} = {B3DAA4AD-C475-49B1-86E5-FC8331B937E4}
		{6DFE1B83-DB0B-414B-83D0-AFB81D9D6397} = {C4EE28F4-63D1-4869-906C-4F3671A35304}
		{1886B47D-9119-4BCF-992F-B56C37CEA7AE} = {C4EE28F4-63D1-4869-906C-4F3671A35304}
		{AAB88438-0140-4336-B6F6-15015B50D324} = {BC369383-69AE-4DB5-A9A3-69B39420AA87}
		{CB137555-C62F-4A8D-9CA8-2D4A334D90FF} = {BC369383-69AE-4DB5-A9A3-69B39420AA87}
		{908B20D0-24A4-407B-9CB8-DC9BD01758EA} = {BC369383-69AE-4DB5-A9A3-69B39420AA87}
		{68E7C900-9043-4E25-9AF6-3D205AC484B5} = {BC369383-69AE-4DB5-A9A3-69B39420AA87}
		{12722F99-9BF9-41E4-A171-29E18CE5E521} = {2D2585B3-9047-41C0-BB5E-13342F1A6549}
		{861A200E-DAEC-44B3-856B-B552BFE855B1} = {BC369383-69AE-4DB5-A9A3-69B39420AA87}
		{F9E3F022-6F37-4EAE-BD58-F4F805BE8243} = {D8B82A96-5D1B-4517-90F1-F66616B72E38}
		{A3E58931-724C-4628-AF03-A7011894957D} = {954F475E-DC84-4ED0-BE8F-AD3C070F5478}
		{066A57F0-460B-4DBC-A793-59FB8E1DAA52} = {B43C9744-348F-4998-ABDD-439D51877D4C}
		{26E3B2B9-CFF1-41ED-889B-26FDE9F19A42} = {C4EE28F4-63D1-4869-906C-4F3671A35304}
		{9EC7298C-0D22-484C-87D1-BC7F9EB8FB9B} = {C4EE28F4-63D1-4869-906C-4F3671A35304}
		{D8B82A96-5D1B-4517-90F1-F66616B72E38} = {2D2585B3-9047-41C0-BB5E-13342F1A6549}
		{3AFDB11C-8A2B-4B73-8C88-79E5AAF17902} = {D8B82A96-5D1B-4517-90F1-F66616B72E38}
		{5F526064-251B-414A-B35A-769753B0FBF5} = {C1F7841C-0ACE-4039-B068-2C0310A4C56A}
	EndGlobalSection
	GlobalSection(ExtensibilityGlobals) = postSolution
		EnterpriseLibraryConfigurationToolBinariesPathV6 = packages\EnterpriseLibrary.TransientFaultHandling.6.0.1304.0\lib\portable-net45+win+wp8
		EnterpriseLibraryConfigurationToolBinariesPath = packages\TransientFaultHandling.Core.5.1.1209.1\lib\NET4;packages\Unity.Interception.2.1.505.2\lib\NET35;packages\Unity.2.1.505.0\lib\NET35;packages\Unity.Interception.2.1.505.0\lib\NET35;packages\EnterpriseLibrary.Common.5.0.505.0\lib\NET35;packages\EnterpriseLibrary.WindowsAzure.TransientFaultHandling.5.1.1212.0\lib\NET4;packages\EnterpriseLibrary.WindowsAzure.TransientFaultHandling.5.1.1212.0\DesignTime
	EndGlobalSection
	GlobalSection(MonoDevelopProperties) = preSolution
		StartupItem = Sample\CQRSWeb\CQRSWeb.csproj
	EndGlobalSection
EndGlobal
