
Microsoft Visual Studio Solution File, Format Version 12.00
# Visual Studio 2013
VisualStudioVersion = 12.0.31101.0
MinimumVisualStudioVersion = 10.0.40219.1
Project("{2150E333-8FDC-42A3-9474-1A3956D46DE8}") = "Framework", "Framework", "{2D2585B3-9047-41C0-BB5E-13342F1A6549}"
EndProject
Project("{2150E333-8FDC-42A3-9474-1A3956D46DE8}") = ".nuget", ".nuget", "{5DAF4767-2F4D-45C0-AE0D-16834C0CD8F7}"
	ProjectSection(SolutionItems) = preProject
		.nuget\NuGet.Config = .nuget\NuGet.Config
		.nuget\NuGet.exe = .nuget\NuGet.exe
		.nuget\NuGet.targets = .nuget\NuGet.targets
	EndProjectSection
EndProject
Project("{FAE04EC0-301F-11D3-BF4B-00C04F79EFBC}") = "Cqrs.Azure.DocumentDb", "Framework\Azure\Cqrs.Azure.DocumentDb\Cqrs.Azure.DocumentDb.csproj", "{C4A16144-2266-49FF-BE2A-35C49B659E1D}"
EndProject
Project("{FAE04EC0-301F-11D3-BF4B-00C04F79EFBC}") = "Cqrs", "Framework\Cqrs\Cqrs.csproj", "{DAFD2A8A-D6B0-4433-8DDF-B98460C64EC6}"
EndProject
Project("{FAE04EC0-301F-11D3-BF4B-00C04F79EFBC}") = "Cqrs.Ninject.Azure.DocumentDb", "Framework\Ninject\Cqrs.Ninject.Azure.DocumentDb\Cqrs.Ninject.Azure.DocumentDb.csproj", "{FDB4BFE8-4B7F-430D-9D6B-52B0C20D75C5}"
EndProject
Project("{2150E333-8FDC-42A3-9474-1A3956D46DE8}") = "Ninject", "Ninject", "{954F475E-DC84-4ED0-BE8F-AD3C070F5478}"
EndProject
Project("{FAE04EC0-301F-11D3-BF4B-00C04F79EFBC}") = "Cqrs.Azure.ConfigurationManager", "Framework\Azure\Cqrs.Azure.ConfigurationManager\Cqrs.Azure.ConfigurationManager.csproj", "{628594CA-A097-4E6B-8DBD-00DBF2D9F19B}"
EndProject
Project("{FAE04EC0-301F-11D3-BF4B-00C04F79EFBC}") = "Cqrs.Azure.ServiceBus", "Framework\Azure\Cqrs.Azure.ServiceBus\Cqrs.Azure.ServiceBus.csproj", "{9CB07796-8032-4273-B289-E82E84499C5F}"
EndProject
Project("{2150E333-8FDC-42A3-9474-1A3956D46DE8}") = "Azure", "Azure", "{B43C9744-348F-4998-ABDD-439D51877D4C}"
EndProject
Project("{2150E333-8FDC-42A3-9474-1A3956D46DE8}") = "Azure", "Azure", "{C4EE28F4-63D1-4869-906C-4F3671A35304}"
EndProject
Project("{FAE04EC0-301F-11D3-BF4B-00C04F79EFBC}") = "Cqrs.Akka", "Framework\Akka.Net\Cqrs.Akka\Cqrs.Akka.csproj", "{60EC45F8-7B46-49F0-B8E9-E7A15FE23850}"
EndProject
Project("{2150E333-8FDC-42A3-9474-1A3956D46DE8}") = "Akka.Net", "Akka.Net", "{C1F7841C-0ACE-4039-B068-2C0310A4C56A}"
EndProject
Project("{2150E333-8FDC-42A3-9474-1A3956D46DE8}") = "Akka.Net", "Akka.Net", "{B3DAA4AD-C475-49B1-86E5-FC8331B937E4}"
EndProject
Project("{FAE04EC0-301F-11D3-BF4B-00C04F79EFBC}") = "Cqrs.Ninject", "Framework\Ninject\Cqrs.Ninject\Cqrs.Ninject.csproj", "{359BDD3F-785D-4A4A-861F-4951E6E71321}"
EndProject
Project("{FAE04EC0-301F-11D3-BF4B-00C04F79EFBC}") = "Cqrs.Ninject.Akka", "Framework\Ninject\Cqrs.Ninject.Akka\Cqrs.Ninject.Akka.csproj", "{8FD2DA5B-C413-418E-AB24-4170E69E4005}"
EndProject
Global
	GlobalSection(SolutionConfigurationPlatforms) = preSolution
		Debug|Any CPU = Debug|Any CPU
		Release|Any CPU = Release|Any CPU
	EndGlobalSection
	GlobalSection(ProjectConfigurationPlatforms) = postSolution
		{C4A16144-2266-49FF-BE2A-35C49B659E1D}.Debug|Any CPU.ActiveCfg = Debug|Any CPU
		{C4A16144-2266-49FF-BE2A-35C49B659E1D}.Debug|Any CPU.Build.0 = Debug|Any CPU
		{C4A16144-2266-49FF-BE2A-35C49B659E1D}.Release|Any CPU.ActiveCfg = Release|Any CPU
		{C4A16144-2266-49FF-BE2A-35C49B659E1D}.Release|Any CPU.Build.0 = Release|Any CPU
		{DAFD2A8A-D6B0-4433-8DDF-B98460C64EC6}.Debug|Any CPU.ActiveCfg = Debug|Any CPU
		{DAFD2A8A-D6B0-4433-8DDF-B98460C64EC6}.Debug|Any CPU.Build.0 = Debug|Any CPU
		{DAFD2A8A-D6B0-4433-8DDF-B98460C64EC6}.Release|Any CPU.ActiveCfg = Release|Any CPU
		{DAFD2A8A-D6B0-4433-8DDF-B98460C64EC6}.Release|Any CPU.Build.0 = Release|Any CPU
		{FDB4BFE8-4B7F-430D-9D6B-52B0C20D75C5}.Debug|Any CPU.ActiveCfg = Debug|Any CPU
		{FDB4BFE8-4B7F-430D-9D6B-52B0C20D75C5}.Debug|Any CPU.Build.0 = Debug|Any CPU
		{FDB4BFE8-4B7F-430D-9D6B-52B0C20D75C5}.Release|Any CPU.ActiveCfg = Release|Any CPU
		{FDB4BFE8-4B7F-430D-9D6B-52B0C20D75C5}.Release|Any CPU.Build.0 = Release|Any CPU
		{628594CA-A097-4E6B-8DBD-00DBF2D9F19B}.Debug|Any CPU.ActiveCfg = Debug|Any CPU
		{628594CA-A097-4E6B-8DBD-00DBF2D9F19B}.Debug|Any CPU.Build.0 = Debug|Any CPU
		{628594CA-A097-4E6B-8DBD-00DBF2D9F19B}.Release|Any CPU.ActiveCfg = Release|Any CPU
		{628594CA-A097-4E6B-8DBD-00DBF2D9F19B}.Release|Any CPU.Build.0 = Release|Any CPU
		{9CB07796-8032-4273-B289-E82E84499C5F}.Debug|Any CPU.ActiveCfg = Debug|Any CPU
		{9CB07796-8032-4273-B289-E82E84499C5F}.Debug|Any CPU.Build.0 = Debug|Any CPU
		{9CB07796-8032-4273-B289-E82E84499C5F}.Release|Any CPU.ActiveCfg = Release|Any CPU
		{9CB07796-8032-4273-B289-E82E84499C5F}.Release|Any CPU.Build.0 = Release|Any CPU
		{60EC45F8-7B46-49F0-B8E9-E7A15FE23850}.Debug|Any CPU.ActiveCfg = Debug|Any CPU
		{60EC45F8-7B46-49F0-B8E9-E7A15FE23850}.Debug|Any CPU.Build.0 = Debug|Any CPU
		{60EC45F8-7B46-49F0-B8E9-E7A15FE23850}.Release|Any CPU.ActiveCfg = Release|Any CPU
		{60EC45F8-7B46-49F0-B8E9-E7A15FE23850}.Release|Any CPU.Build.0 = Release|Any CPU
		{359BDD3F-785D-4A4A-861F-4951E6E71321}.Debug|Any CPU.ActiveCfg = Debug|Any CPU
		{359BDD3F-785D-4A4A-861F-4951E6E71321}.Debug|Any CPU.Build.0 = Debug|Any CPU
		{359BDD3F-785D-4A4A-861F-4951E6E71321}.Release|Any CPU.ActiveCfg = Release|Any CPU
		{359BDD3F-785D-4A4A-861F-4951E6E71321}.Release|Any CPU.Build.0 = Release|Any CPU
		{8FD2DA5B-C413-418E-AB24-4170E69E4005}.Debug|Any CPU.ActiveCfg = Debug|Any CPU
		{8FD2DA5B-C413-418E-AB24-4170E69E4005}.Debug|Any CPU.Build.0 = Debug|Any CPU
		{8FD2DA5B-C413-418E-AB24-4170E69E4005}.Release|Any CPU.ActiveCfg = Release|Any CPU
		{8FD2DA5B-C413-418E-AB24-4170E69E4005}.Release|Any CPU.Build.0 = Release|Any CPU
	EndGlobalSection
	GlobalSection(SolutionProperties) = preSolution
		HideSolutionNode = FALSE
	EndGlobalSection
	GlobalSection(NestedProjects) = preSolution
		{C4A16144-2266-49FF-BE2A-35C49B659E1D} = {B43C9744-348F-4998-ABDD-439D51877D4C}
		{DAFD2A8A-D6B0-4433-8DDF-B98460C64EC6} = {2D2585B3-9047-41C0-BB5E-13342F1A6549}
		{FDB4BFE8-4B7F-430D-9D6B-52B0C20D75C5} = {C4EE28F4-63D1-4869-906C-4F3671A35304}
		{954F475E-DC84-4ED0-BE8F-AD3C070F5478} = {2D2585B3-9047-41C0-BB5E-13342F1A6549}
		{628594CA-A097-4E6B-8DBD-00DBF2D9F19B} = {B43C9744-348F-4998-ABDD-439D51877D4C}
		{9CB07796-8032-4273-B289-E82E84499C5F} = {B43C9744-348F-4998-ABDD-439D51877D4C}
		{B43C9744-348F-4998-ABDD-439D51877D4C} = {2D2585B3-9047-41C0-BB5E-13342F1A6549}
		{C4EE28F4-63D1-4869-906C-4F3671A35304} = {954F475E-DC84-4ED0-BE8F-AD3C070F5478}
		{60EC45F8-7B46-49F0-B8E9-E7A15FE23850} = {C1F7841C-0ACE-4039-B068-2C0310A4C56A}
		{C1F7841C-0ACE-4039-B068-2C0310A4C56A} = {2D2585B3-9047-41C0-BB5E-13342F1A6549}
		{B3DAA4AD-C475-49B1-86E5-FC8331B937E4} = {954F475E-DC84-4ED0-BE8F-AD3C070F5478}
		{359BDD3F-785D-4A4A-861F-4951E6E71321} = {954F475E-DC84-4ED0-BE8F-AD3C070F5478}
		{8FD2DA5B-C413-418E-AB24-4170E69E4005} = {B3DAA4AD-C475-49B1-86E5-FC8331B937E4}
	EndGlobalSection
	GlobalSection(ExtensibilityGlobals) = postSolution
		EnterpriseLibraryConfigurationToolBinariesPathV6 = packages\EnterpriseLibrary.TransientFaultHandling.6.0.1304.0\lib\portable-net45+win+wp8
	EndGlobalSection
	GlobalSection(MonoDevelopProperties) = preSolution
		StartupItem = Sample\CQRSWeb\CQRSWeb.csproj
	EndGlobalSection
EndGlobal
