
Microsoft Visual Studio Solution File, Format Version 12.00
# Visual Studio Version 17
VisualStudioVersion = 17.3.32901.215
MinimumVisualStudioVersion = 10.0.40219.1
Project("{2150E333-8FDC-42A3-9474-1A3956D46DE8}") = "Framework", "Framework", "{2D2585B3-9047-41C0-BB5E-13342F1A6549}"
EndProject
Project("{2150E333-8FDC-42A3-9474-1A3956D46DE8}") = ".nuget", ".nuget", "{5DAF4767-2F4D-45C0-AE0D-16834C0CD8F7}"
	ProjectSection(SolutionItems) = preProject
		.nuget\NuGet.Config = .nuget\NuGet.Config
		.nuget\NuGet.exe = .nuget\NuGet.exe
		.nuget\NuGet.targets = .nuget\NuGet.targets
		.nuget\packages.config = .nuget\packages.config
	EndProjectSection
EndProject
Project("{2150E333-8FDC-42A3-9474-1A3956D46DE8}") = "Ninject", "Ninject", "{954F475E-DC84-4ED0-BE8F-AD3C070F5478}"
EndProject
Project("{2150E333-8FDC-42A3-9474-1A3956D46DE8}") = "Azure", "Azure", "{B43C9744-348F-4998-ABDD-439D51877D4C}"
EndProject
Project("{2150E333-8FDC-42A3-9474-1A3956D46DE8}") = "Azure", "Azure", "{C4EE28F4-63D1-4869-906C-4F3671A35304}"
EndProject
Project("{2150E333-8FDC-42A3-9474-1A3956D46DE8}") = "Akka.Net", "Akka.Net", "{C1F7841C-0ACE-4039-B068-2C0310A4C56A}"
EndProject
Project("{2150E333-8FDC-42A3-9474-1A3956D46DE8}") = "Akka.Net", "Akka.Net", "{B3DAA4AD-C475-49B1-86E5-FC8331B937E4}"
EndProject
Project("{2150E333-8FDC-42A3-9474-1A3956D46DE8}") = "Solution Items", "Solution Items", "{C154BF92-2B45-46C4-ADDD-1E6D2AFBAD86}"
	ProjectSection(SolutionItems) = preProject
		Code\Cqrs.Azure.BlobStorage.Test.Integration.app.config = Code\Cqrs.Azure.BlobStorage.Test.Integration.app.config
		Code\Cqrs.Azure.ServiceBus.Tests.Integration.App.config = Code\Cqrs.Azure.ServiceBus.Tests.Integration.App.config
		Code\Cqrs.Azure.Storage.Test.Integration.app.config = Code\Cqrs.Azure.Storage.Test.Integration.app.config
		Cqrs.vsmdi = Cqrs.vsmdi
		Local.testsettings = Local.testsettings
		README.md = README.md
		TraceAndTestImpact.testsettings = TraceAndTestImpact.testsettings
	EndProjectSection
EndProject
Project("{2150E333-8FDC-42A3-9474-1A3956D46DE8}") = "MongoDB", "MongoDB", "{D8B82A96-5D1B-4517-90F1-F66616B72E38}"
EndProject
Project("{2150E333-8FDC-42A3-9474-1A3956D46DE8}") = "Tests", "Tests", "{016DAD01-ADF1-4B9D-9EBF-6A119ADC835D}"
	ProjectSection(SolutionItems) = preProject
		Code\Cqrs.Azure.BlobStorage.Test.Integration.app.config = Code\Cqrs.Azure.BlobStorage.Test.Integration.app.config
		Code\Cqrs.Azure.ServiceBus.Tests.Integration.App.config = Code\Cqrs.Azure.ServiceBus.Tests.Integration.App.config
		Code\Cqrs.Azure.Storage.Test.Integration.app.config = Code\Cqrs.Azure.Storage.Test.Integration.app.config
	EndProjectSection
EndProject
Project("{2150E333-8FDC-42A3-9474-1A3956D46DE8}") = "InProcess", "InProcess", "{FFAB5B13-7FBA-4964-AA30-D24E38468CFB}"
EndProject
Project("{2150E333-8FDC-42A3-9474-1A3956D46DE8}") = "Sample", "Sample", "{3A2BBC96-9AEE-4E71-B97F-4E78F3D446E3}"
EndProject
Project("{2150E333-8FDC-42A3-9474-1A3956D46DE8}") = "Diagnostics", "Diagnostics", "{BC2F9089-95DF-4164-BC03-EE28136D66D7}"
EndProject
Project("{2150E333-8FDC-42A3-9474-1A3956D46DE8}") = "Web", "Web", "{525B2B55-3576-4E15-AB08-34C069A994BE}"
EndProject
Project("{9A19103F-16F7-4668-BE54-9A1E7A4F7556}") = "Cqrs.Azure.DocumentDb", "Framework\Azure\Cqrs.Azure.DocumentDb\Cqrs.Azure.DocumentDb.csproj", "{C4A16144-2266-49FF-BE2A-35C49B659E1D}"
EndProject
Project("{9A19103F-16F7-4668-BE54-9A1E7A4F7556}") = "Cqrs", "Framework\Cqrs\Cqrs.csproj", "{DAFD2A8A-D6B0-4433-8DDF-B98460C64EC6}"
EndProject
Project("{9A19103F-16F7-4668-BE54-9A1E7A4F7556}") = "Cqrs.Ninject.Azure.DocumentDb", "Framework\Ninject\Azure\Cqrs.Ninject.Azure.DocumentDb\Cqrs.Ninject.Azure.DocumentDb.csproj", "{FDB4BFE8-4B7F-430D-9D6B-52B0C20D75C5}"
EndProject
Project("{9A19103F-16F7-4668-BE54-9A1E7A4F7556}") = "Cqrs.Azure.ConfigurationManager", "Framework\Azure\Cqrs.Azure.ConfigurationManager\Cqrs.Azure.ConfigurationManager.csproj", "{628594CA-A097-4E6B-8DBD-00DBF2D9F19B}"
EndProject
Project("{9A19103F-16F7-4668-BE54-9A1E7A4F7556}") = "Cqrs.Azure.ServiceBus", "Framework\Azure\Cqrs.Azure.ServiceBus\Cqrs.Azure.ServiceBus.csproj", "{9CB07796-8032-4273-B289-E82E84499C5F}"
EndProject
Project("{9A19103F-16F7-4668-BE54-9A1E7A4F7556}") = "Cqrs.Akka", "Framework\Akka.Net\Cqrs.Akka\Cqrs.Akka.csproj", "{60EC45F8-7B46-49F0-B8E9-E7A15FE23850}"
EndProject
Project("{9A19103F-16F7-4668-BE54-9A1E7A4F7556}") = "Cqrs.Ninject", "Framework\Ninject\Cqrs.Ninject\Cqrs.Ninject.csproj", "{359BDD3F-785D-4A4A-861F-4951E6E71321}"
EndProject
Project("{9A19103F-16F7-4668-BE54-9A1E7A4F7556}") = "Cqrs.Ninject.Akka", "Framework\Ninject\Cqrs.Ninject.Akka\Cqrs.Ninject.Akka.csproj", "{8FD2DA5B-C413-418E-AB24-4170E69E4005}"
EndProject
Project("{9A19103F-16F7-4668-BE54-9A1E7A4F7556}") = "Cqrs.Ninject.Azure.ServiceBus.CommandBus", "Framework\Ninject\Azure\Cqrs.Ninject.Azure.ServiceBus.CommandBus\Cqrs.Ninject.Azure.ServiceBus.CommandBus.csproj", "{6DFE1B83-DB0B-414B-83D0-AFB81D9D6397}"
EndProject
Project("{9A19103F-16F7-4668-BE54-9A1E7A4F7556}") = "Cqrs.Ninject.Azure.ServiceBus.EventBus", "Framework\Ninject\Azure\Cqrs.Ninject.Azure.ServiceBus.EventBus\Cqrs.Ninject.Azure.ServiceBus.EventBus.csproj", "{1886B47D-9119-4BCF-992F-B56C37CEA7AE}"
EndProject
Project("{9A19103F-16F7-4668-BE54-9A1E7A4F7556}") = "Cqrs.WebApi", "Framework\Cqrs.WebApi\Cqrs.WebApi.csproj", "{12722F99-9BF9-41E4-A171-29E18CE5E521}"
EndProject
Project("{9A19103F-16F7-4668-BE54-9A1E7A4F7556}") = "Cqrs.MongoDB", "Framework\Cqrs.MongoDB\Cqrs.MongoDB.csproj", "{F9E3F022-6F37-4EAE-BD58-F4F805BE8243}"
EndProject
Project("{9A19103F-16F7-4668-BE54-9A1E7A4F7556}") = "Cqrs.Ninject.MongoDB", "Framework\Ninject\Cqrs.Ninject.MongoDB\Cqrs.Ninject.MongoDB.csproj", "{A3E58931-724C-4628-AF03-A7011894957D}"
EndProject
Project("{9A19103F-16F7-4668-BE54-9A1E7A4F7556}") = "Cqrs.Azure.EventHub", "Framework\Azure\Cqrs.Azure.EventHub\Cqrs.Azure.EventHub.csproj", "{066A57F0-460B-4DBC-A793-59FB8E1DAA52}"
EndProject
Project("{9A19103F-16F7-4668-BE54-9A1E7A4F7556}") = "Cqrs.Ninject.Azure.EventHub.CommandBus", "Framework\Ninject\Azure\Cqrs.Ninject.Azure.EventHub.CommandBus\Cqrs.Ninject.Azure.EventHub.CommandBus.csproj", "{26E3B2B9-CFF1-41ED-889B-26FDE9F19A42}"
EndProject
Project("{9A19103F-16F7-4668-BE54-9A1E7A4F7556}") = "Cqrs.Ninject.Azure.EventHub.EventBus", "Framework\Ninject\Azure\Cqrs.Ninject.Azure.EventHub.EventBus\Cqrs.Ninject.Azure.EventHub.EventBus.csproj", "{9EC7298C-0D22-484C-87D1-BC7F9EB8FB9B}"
EndProject
Project("{9A19103F-16F7-4668-BE54-9A1E7A4F7556}") = "Cqrs.MongoDB.Tests.Integration", "Framework\Cqrs.MongoDB.Tests.Integration\Cqrs.MongoDB.Tests.Integration.csproj", "{3AFDB11C-8A2B-4B73-8C88-79E5AAF17902}"
EndProject
Project("{9A19103F-16F7-4668-BE54-9A1E7A4F7556}") = "Cqrs.Akka.Tests.Unit", "Framework\Akka.Net\Cqrs.Akka.Tests.Unit\Cqrs.Akka.Tests.Unit.csproj", "{5F526064-251B-414A-B35A-769753B0FBF5}"
EndProject
Project("{9A19103F-16F7-4668-BE54-9A1E7A4F7556}") = "Cqrs.Sql", "Framework\Cqrs.Sql\Cqrs.Sql.csproj", "{3655E093-3C05-4588-A8A5-D1C0DCBF29DA}"
EndProject
Project("{9A19103F-16F7-4668-BE54-9A1E7A4F7556}") = "Cqrs.Azure.Storage", "Framework\Azure\Cqrs.Azure.Storage\Cqrs.Azure.Storage.csproj", "{B3038401-C5C4-46E7-A4B2-8D5D7D732ACD}"
EndProject
Project("{9A19103F-16F7-4668-BE54-9A1E7A4F7556}") = "Cqrs.Azure.BlobStorage", "Framework\Azure\Cqrs.Azure.BlobStorage\Cqrs.Azure.BlobStorage.csproj", "{FC3716B9-AF51-4DBF-8BC5-CDB36D1A8881}"
EndProject
Project("{9A19103F-16F7-4668-BE54-9A1E7A4F7556}") = "Cqrs.Azure.Storage.Test.Integration", "Framework\Azure\Tests\Cqrs.Azure.Storage.Test.Integration\Cqrs.Azure.Storage.Test.Integration.csproj", "{1A967221-1703-4858-A82B-DA4751078C97}"
EndProject
Project("{9A19103F-16F7-4668-BE54-9A1E7A4F7556}") = "Cqrs.Azure.BlobStorage.Test.Integration", "Framework\Azure\Tests\Cqrs.Azure.BlobStorage.Test.Integration\Cqrs.Azure.BlobStorage.Test.Integration.csproj", "{28DB6FB1-0A58-40C9-86F0-F46800F83E1E}"
EndProject
Project("{9A19103F-16F7-4668-BE54-9A1E7A4F7556}") = "Cqrs.Azure.ServiceBus.Tests.Integration", "Framework\Azure\Tests\Cqrs.Azure.ServiceBus.Tests.Integration\Cqrs.Azure.ServiceBus.Tests.Integration.csproj", "{D36692FE-0F0D-46B5-9F99-AD128AF3189C}"
EndProject
Project("{9A19103F-16F7-4668-BE54-9A1E7A4F7556}") = "Cqrs.Azure.ServiceBus.Tests.Unit", "Framework\Azure\Tests\Cqrs.Azure.ServiceBus.Tests.Unit\Cqrs.Azure.ServiceBus.Tests.Unit.csproj", "{73BEB86B-811F-49A4-93BA-BA95E4E31579}"
EndProject
Project("{9A19103F-16F7-4668-BE54-9A1E7A4F7556}") = "Cqrs.Mongo", "Framework\Cqrs.Mongo\Cqrs.Mongo.csproj", "{82A23F49-C3B6-4CC6-B7BC-C929FD932744}"
EndProject
Project("{FAE04EC0-301F-11D3-BF4B-00C04F79EFBC}") = "Cqrs.EventStore", "Framework\Cqrs.EventStore\Cqrs.EventStore.csproj", "{99423D39-2537-4C59-844D-6FDA5E3307BA}"
EndProject
Project("{9A19103F-16F7-4668-BE54-9A1E7A4F7556}") = "Cqrs.Tests", "Framework\Cqrs.Tests\Cqrs.Tests.csproj", "{420F0A58-CB69-4517-9251-6F92911C3A61}"
EndProject
Project("{9A19103F-16F7-4668-BE54-9A1E7A4F7556}") = "Cqrs.Tests.Extensions", "Framework\Cqrs.Tests.Extensions\Cqrs.Tests.Extensions.csproj", "{8E96F332-4D60-42E5-A264-5707A68A297A}"
EndProject
Project("{FAE04EC0-301F-11D3-BF4B-00C04F79EFBC}") = "Cqrs.Ninject.Azure.BlobStorage", "Framework\Ninject\Azure\Cqrs.Ninject.Azure.BlobStorage\Cqrs.Ninject.Azure.BlobStorage.csproj", "{917510D4-2090-4E61-B0AD-208C0CECA240}"
EndProject
Project("{FAE04EC0-301F-11D3-BF4B-00C04F79EFBC}") = "Cqrs.Ninject.InProcess.CommandBus", "Framework\Ninject\Cqrs.Ninject.InProcess.CommandBus\Cqrs.Ninject.InProcess.CommandBus.csproj", "{615E43CA-5A6B-40D9-BBDB-92620BF75220}"
EndProject
Project("{FAE04EC0-301F-11D3-BF4B-00C04F79EFBC}") = "Cqrs.Ninject.InProcess.EventBus", "Framework\Ninject\Cqrs.Ninject.InProcess.EventBus\Cqrs.Ninject.InProcess.EventBus.csproj", "{B0193B00-528B-4862-95D8-9F235659BFBA}"
EndProject
Project("{FAE04EC0-301F-11D3-BF4B-00C04F79EFBC}") = "Cqrs.Ninject.InProcess.EventStore", "Framework\Ninject\Cqrs.Ninject.InProcess.EventStore\Cqrs.Ninject.InProcess.EventStore.csproj", "{65C19CDA-71F1-4494-816F-57F7F5AF0541}"
EndProject
Project("{FAE04EC0-301F-11D3-BF4B-00C04F79EFBC}") = "Cqrs.Ninject.EventStore", "Framework\Ninject\Cqrs.Ninject.EventStore\Cqrs.Ninject.EventStore.csproj", "{D75F8EF9-012B-4AA3-9675-3E367E54B352}"
EndProject
Project("{9A19103F-16F7-4668-BE54-9A1E7A4F7556}") = "Cqrs.Ninject.Mongo", "Framework\Ninject\Cqrs.Ninject.Mongo\Cqrs.Ninject.Mongo.csproj", "{0955D57A-5B86-4145-92A6-84CEFFA8EC2C}"
EndProject
Project("{9A19103F-16F7-4668-BE54-9A1E7A4F7556}") = "Cqrs.Ninject.ServiceHost", "Framework\Ninject\Cqrs.Ninject.ServiceHost\Cqrs.Ninject.ServiceHost.csproj", "{C2FE26B7-EA82-43C8-ADAC-ED409D50CCF6}"
EndProject
Project("{9A19103F-16F7-4668-BE54-9A1E7A4F7556}") = "CqrsCode", "Sample\CQRSCode\CqrsCode.csproj", "{34E7DC24-8080-4E47-90E6-3BCDA44955E5}"
EndProject
Project("{9A19103F-16F7-4668-BE54-9A1E7A4F7556}") = "CqrsCodeTests", "Sample\CQRSTests\CqrsCodeTests.csproj", "{ADBFA246-319B-4555-98BE-09726B7E6B89}"
EndProject
Project("{9A19103F-16F7-4668-BE54-9A1E7A4F7556}") = "CqrsWeb", "Sample\CQRSWeb\CqrsWeb.csproj", "{7D917143-64CF-4492-A2F6-B1D5B95136F6}"
EndProject
Project("{9A19103F-16F7-4668-BE54-9A1E7A4F7556}") = "Cqrs.Ninject.WebApi", "Framework\Ninject\Cqrs.Ninject.WebApi\Cqrs.Ninject.WebApi.csproj", "{3DEF9DB9-00F9-42CA-B642-FB357FE93B47}"
EndProject
Project("{9A19103F-16F7-4668-BE54-9A1E7A4F7556}") = "Cqrs.Web.Mvc", "Framework\Cqrs.Web.Mvc\Cqrs.Web.Mvc.csproj", "{9BE8FE38-1344-4CFF-9DA0-F6293B88AABA}"
EndProject
Project("{9A19103F-16F7-4668-BE54-9A1E7A4F7556}") = "Cqrs.Diagnostics.EventStoreToEventBusReplay", "Diagnostics\Cqrs.Diagnostics.EventStoreToEventBusReplay\Cqrs.Diagnostics.EventStoreToEventBusReplay.csproj", "{09575FF7-9928-4587-B29D-DD7F39668204}"
EndProject
Project("{9A19103F-16F7-4668-BE54-9A1E7A4F7556}") = "Cqrs.Azure.WebJobs", "Framework\Azure\Cqrs.Azure.WebJobs\Cqrs.Azure.WebJobs.csproj", "{0AD8F4EF-43E8-4E25-B36A-F0C4E01FE584}"
EndProject
Project("{9A19103F-16F7-4668-BE54-9A1E7A4F7556}") = "Cqrs.Ninject.Azure.WebJobs", "Framework\Ninject\Azure\Cqrs.Ninject.Azure.WebJobs\Cqrs.Ninject.Azure.WebJobs.csproj", "{E2C4019B-F6AA-4A9D-86CD-FB940F13B7B6}"
EndProject
Project("{9A19103F-16F7-4668-BE54-9A1E7A4F7556}") = "Cqrs.Ninject.Azure.Wcf", "Framework\Ninject\Azure\Cqrs.Ninject.Azure.Wcf\Cqrs.Ninject.Azure.Wcf.csproj", "{791DED7F-608C-41C3-9CF5-4495520A40BD}"
EndProject
Project("{9A19103F-16F7-4668-BE54-9A1E7A4F7556}") = "Cqrs.Tests.Integrations", "Framework\Cqrs.Tests.Integrations\Cqrs.Tests.Integrations.csproj", "{C9650021-67D1-4C13-A697-18C3BEB80D10}"
EndProject
Project("{9A19103F-16F7-4668-BE54-9A1E7A4F7556}") = "_EnterpriseLibrary.Azure.TransientFaultHandling.ServiceBus.NetCore", "Framework\Azure\EnterpriseLibrary.Azure.TransientFaultHandling.ServiceBus.NetCore\_EnterpriseLibrary.Azure.TransientFaultHandling.ServiceBus.NetCore.csproj", "{4445C588-9B2A-45DC-96D0-B72367800BD8}"
EndProject
Project("{9A19103F-16F7-4668-BE54-9A1E7A4F7556}") = "Cqrs.Azure.ConfigurationManager.Tests.Unit", "Framework\Azure\Tests\Cqrs.Azure.ConfigurationManager.Tests.Unit\Cqrs.Azure.ConfigurationManager.Tests.Unit.csproj", "{B75FBD44-C339-4576-A37E-53E922200A0C}"
EndProject
Project("{2150E333-8FDC-42A3-9474-1A3956D46DE8}") = ".github", ".github", "{B32CBBD1-9E11-466E-904A-E9721D4B6C85}"
	ProjectSection(SolutionItems) = preProject
		.github\workflows\codeql-analysis.yml = .github\workflows\codeql-analysis.yml
		.github\workflows\dotnetcore.yml = .github\workflows\dotnetcore.yml
		.github\workflows\publish.yml = .github\workflows\publish.yml
	EndProjectSection
EndProject
Project("{2150E333-8FDC-42A3-9474-1A3956D46DE8}") = "Scheduler", "Scheduler", "{2FA81B03-DEEA-4025-9552-804347C4185B}"
EndProject
Project("{9A19103F-16F7-4668-BE54-9A1E7A4F7556}") = "Cqrs.Scheduler.Commands", "Scheduler\Cqrs.Scheduler.Commands\Cqrs.Scheduler.Commands.csproj", "{4B9BCEF3-D6C1-4949-B78D-47C480CE6140}"
EndProject
Project("{9A19103F-16F7-4668-BE54-9A1E7A4F7556}") = "Cqrs.Scheduler.Events", "Scheduler\Cqrs.Scheduler.Events\Cqrs.Scheduler.Events.csproj", "{1506A202-BB9E-4941-A1B5-A2981CC43013}"
EndProject
Project("{9A19103F-16F7-4668-BE54-9A1E7A4F7556}") = "Cqrs.Azure.KeyVault", "Framework\Azure\Cqrs.Azure.KeyVault\Cqrs.Azure.KeyVault.csproj", "{3B7E84F9-D950-44A8-8902-EA88F2C513CB}"
EndProject
Project("{9A19103F-16F7-4668-BE54-9A1E7A4F7556}") = "Cqrs.Ninject.Azure.WebJobs.Tests.Integration", "Framework\Ninject\Azure\Tests\Cqrs.Ninject.Azure.WebJobs.Tests.Integration\Cqrs.Ninject.Azure.WebJobs.Tests.Integration.csproj", "{100BD8AC-74F2-409D-AC4C-70F154A7FFD9}"
EndProject
Project("{2150E333-8FDC-42A3-9474-1A3956D46DE8}") = "Tests", "Tests", "{47519AB9-F1A5-48EC-8423-972E53831701}"
EndProject
Project("{9A19103F-16F7-4668-BE54-9A1E7A4F7556}") = "Cqrs.Azure.Functions", "Framework\Azure\Cqrs.Azure.Functions\Cqrs.Azure.Functions.csproj", "{4B777CC1-FBA4-4270-954D-89AFBF281C33}"
EndProject
Project("{9A19103F-16F7-4668-BE54-9A1E7A4F7556}") = "Cqrs.Azure.Functions.Isolated", "Framework\Azure\Cqrs.Azure.Functions.Isolated\Cqrs.Azure.Functions.Isolated.csproj", "{3B1D91B0-E00D-4F0A-A43B-C1162E49E0E1}"
EndProject
Project("{9A19103F-16F7-4668-BE54-9A1E7A4F7556}") = "Cqrs.Azure.Functions.ServiceBus", "Framework\Azure\Cqrs.Azure.Functions.ServiceBus\Cqrs.Azure.Functions.ServiceBus.csproj", "{0414E46D-4DC1-44B3-95AB-D588B9DC76A8}"
EndProject
Global
	GlobalSection(SolutionConfigurationPlatforms) = preSolution
		Debug|Any CPU = Debug|Any CPU
		Release|Any CPU = Release|Any CPU
		VSIX|Any CPU = VSIX|Any CPU
	EndGlobalSection
	GlobalSection(ProjectConfigurationPlatforms) = postSolution
		{C4A16144-2266-49FF-BE2A-35C49B659E1D}.Debug|Any CPU.ActiveCfg = Debug|Any CPU
		{C4A16144-2266-49FF-BE2A-35C49B659E1D}.Debug|Any CPU.Build.0 = Debug|Any CPU
		{C4A16144-2266-49FF-BE2A-35C49B659E1D}.Release|Any CPU.ActiveCfg = Release|Any CPU
		{C4A16144-2266-49FF-BE2A-35C49B659E1D}.Release|Any CPU.Build.0 = Release|Any CPU
		{C4A16144-2266-49FF-BE2A-35C49B659E1D}.VSIX|Any CPU.ActiveCfg = Release|Any CPU
		{DAFD2A8A-D6B0-4433-8DDF-B98460C64EC6}.Debug|Any CPU.ActiveCfg = Debug|Any CPU
		{DAFD2A8A-D6B0-4433-8DDF-B98460C64EC6}.Debug|Any CPU.Build.0 = Debug|Any CPU
		{DAFD2A8A-D6B0-4433-8DDF-B98460C64EC6}.Release|Any CPU.ActiveCfg = Release|Any CPU
		{DAFD2A8A-D6B0-4433-8DDF-B98460C64EC6}.Release|Any CPU.Build.0 = Release|Any CPU
		{DAFD2A8A-D6B0-4433-8DDF-B98460C64EC6}.VSIX|Any CPU.ActiveCfg = Release|Any CPU
		{FDB4BFE8-4B7F-430D-9D6B-52B0C20D75C5}.Debug|Any CPU.ActiveCfg = Debug|Any CPU
		{FDB4BFE8-4B7F-430D-9D6B-52B0C20D75C5}.Debug|Any CPU.Build.0 = Debug|Any CPU
		{FDB4BFE8-4B7F-430D-9D6B-52B0C20D75C5}.Release|Any CPU.ActiveCfg = Release|Any CPU
		{FDB4BFE8-4B7F-430D-9D6B-52B0C20D75C5}.Release|Any CPU.Build.0 = Release|Any CPU
		{FDB4BFE8-4B7F-430D-9D6B-52B0C20D75C5}.VSIX|Any CPU.ActiveCfg = Release|Any CPU
		{628594CA-A097-4E6B-8DBD-00DBF2D9F19B}.Debug|Any CPU.ActiveCfg = Debug|Any CPU
		{628594CA-A097-4E6B-8DBD-00DBF2D9F19B}.Debug|Any CPU.Build.0 = Debug|Any CPU
		{628594CA-A097-4E6B-8DBD-00DBF2D9F19B}.Release|Any CPU.ActiveCfg = Release|Any CPU
		{628594CA-A097-4E6B-8DBD-00DBF2D9F19B}.Release|Any CPU.Build.0 = Release|Any CPU
		{628594CA-A097-4E6B-8DBD-00DBF2D9F19B}.VSIX|Any CPU.ActiveCfg = Release|Any CPU
		{9CB07796-8032-4273-B289-E82E84499C5F}.Debug|Any CPU.ActiveCfg = Debug|Any CPU
		{9CB07796-8032-4273-B289-E82E84499C5F}.Debug|Any CPU.Build.0 = Debug|Any CPU
		{9CB07796-8032-4273-B289-E82E84499C5F}.Release|Any CPU.ActiveCfg = Release|Any CPU
		{9CB07796-8032-4273-B289-E82E84499C5F}.Release|Any CPU.Build.0 = Release|Any CPU
		{9CB07796-8032-4273-B289-E82E84499C5F}.VSIX|Any CPU.ActiveCfg = Release|Any CPU
		{60EC45F8-7B46-49F0-B8E9-E7A15FE23850}.Debug|Any CPU.ActiveCfg = Debug|Any CPU
		{60EC45F8-7B46-49F0-B8E9-E7A15FE23850}.Debug|Any CPU.Build.0 = Debug|Any CPU
		{60EC45F8-7B46-49F0-B8E9-E7A15FE23850}.Release|Any CPU.ActiveCfg = Release|Any CPU
		{60EC45F8-7B46-49F0-B8E9-E7A15FE23850}.Release|Any CPU.Build.0 = Release|Any CPU
		{60EC45F8-7B46-49F0-B8E9-E7A15FE23850}.VSIX|Any CPU.ActiveCfg = Release|Any CPU
		{359BDD3F-785D-4A4A-861F-4951E6E71321}.Debug|Any CPU.ActiveCfg = Debug|Any CPU
		{359BDD3F-785D-4A4A-861F-4951E6E71321}.Debug|Any CPU.Build.0 = Debug|Any CPU
		{359BDD3F-785D-4A4A-861F-4951E6E71321}.Release|Any CPU.ActiveCfg = Release|Any CPU
		{359BDD3F-785D-4A4A-861F-4951E6E71321}.Release|Any CPU.Build.0 = Release|Any CPU
		{359BDD3F-785D-4A4A-861F-4951E6E71321}.VSIX|Any CPU.ActiveCfg = Release|Any CPU
		{8FD2DA5B-C413-418E-AB24-4170E69E4005}.Debug|Any CPU.ActiveCfg = Debug|Any CPU
		{8FD2DA5B-C413-418E-AB24-4170E69E4005}.Debug|Any CPU.Build.0 = Debug|Any CPU
		{8FD2DA5B-C413-418E-AB24-4170E69E4005}.Release|Any CPU.ActiveCfg = Release|Any CPU
		{8FD2DA5B-C413-418E-AB24-4170E69E4005}.Release|Any CPU.Build.0 = Release|Any CPU
		{8FD2DA5B-C413-418E-AB24-4170E69E4005}.VSIX|Any CPU.ActiveCfg = Release|Any CPU
		{6DFE1B83-DB0B-414B-83D0-AFB81D9D6397}.Debug|Any CPU.ActiveCfg = Debug|Any CPU
		{6DFE1B83-DB0B-414B-83D0-AFB81D9D6397}.Debug|Any CPU.Build.0 = Debug|Any CPU
		{6DFE1B83-DB0B-414B-83D0-AFB81D9D6397}.Release|Any CPU.ActiveCfg = Release|Any CPU
		{6DFE1B83-DB0B-414B-83D0-AFB81D9D6397}.Release|Any CPU.Build.0 = Release|Any CPU
		{6DFE1B83-DB0B-414B-83D0-AFB81D9D6397}.VSIX|Any CPU.ActiveCfg = Release|Any CPU
		{1886B47D-9119-4BCF-992F-B56C37CEA7AE}.Debug|Any CPU.ActiveCfg = Debug|Any CPU
		{1886B47D-9119-4BCF-992F-B56C37CEA7AE}.Debug|Any CPU.Build.0 = Debug|Any CPU
		{1886B47D-9119-4BCF-992F-B56C37CEA7AE}.Release|Any CPU.ActiveCfg = Release|Any CPU
		{1886B47D-9119-4BCF-992F-B56C37CEA7AE}.Release|Any CPU.Build.0 = Release|Any CPU
		{1886B47D-9119-4BCF-992F-B56C37CEA7AE}.VSIX|Any CPU.ActiveCfg = Release|Any CPU
		{12722F99-9BF9-41E4-A171-29E18CE5E521}.Debug|Any CPU.ActiveCfg = Debug|Any CPU
		{12722F99-9BF9-41E4-A171-29E18CE5E521}.Debug|Any CPU.Build.0 = Debug|Any CPU
		{12722F99-9BF9-41E4-A171-29E18CE5E521}.Release|Any CPU.ActiveCfg = Release|Any CPU
		{12722F99-9BF9-41E4-A171-29E18CE5E521}.Release|Any CPU.Build.0 = Release|Any CPU
		{12722F99-9BF9-41E4-A171-29E18CE5E521}.VSIX|Any CPU.ActiveCfg = Release|Any CPU
		{F9E3F022-6F37-4EAE-BD58-F4F805BE8243}.Debug|Any CPU.ActiveCfg = Debug|Any CPU
		{F9E3F022-6F37-4EAE-BD58-F4F805BE8243}.Debug|Any CPU.Build.0 = Debug|Any CPU
		{F9E3F022-6F37-4EAE-BD58-F4F805BE8243}.Release|Any CPU.ActiveCfg = Release|Any CPU
		{F9E3F022-6F37-4EAE-BD58-F4F805BE8243}.Release|Any CPU.Build.0 = Release|Any CPU
		{F9E3F022-6F37-4EAE-BD58-F4F805BE8243}.VSIX|Any CPU.ActiveCfg = Release|Any CPU
		{F9E3F022-6F37-4EAE-BD58-F4F805BE8243}.VSIX|Any CPU.Build.0 = Release|Any CPU
		{A3E58931-724C-4628-AF03-A7011894957D}.Debug|Any CPU.ActiveCfg = Debug|Any CPU
		{A3E58931-724C-4628-AF03-A7011894957D}.Debug|Any CPU.Build.0 = Debug|Any CPU
		{A3E58931-724C-4628-AF03-A7011894957D}.Release|Any CPU.ActiveCfg = Release|Any CPU
		{A3E58931-724C-4628-AF03-A7011894957D}.Release|Any CPU.Build.0 = Release|Any CPU
		{A3E58931-724C-4628-AF03-A7011894957D}.VSIX|Any CPU.ActiveCfg = Release|Any CPU
		{A3E58931-724C-4628-AF03-A7011894957D}.VSIX|Any CPU.Build.0 = Release|Any CPU
		{066A57F0-460B-4DBC-A793-59FB8E1DAA52}.Debug|Any CPU.ActiveCfg = Debug|Any CPU
		{066A57F0-460B-4DBC-A793-59FB8E1DAA52}.Debug|Any CPU.Build.0 = Debug|Any CPU
		{066A57F0-460B-4DBC-A793-59FB8E1DAA52}.Release|Any CPU.ActiveCfg = Release|Any CPU
		{066A57F0-460B-4DBC-A793-59FB8E1DAA52}.Release|Any CPU.Build.0 = Release|Any CPU
		{066A57F0-460B-4DBC-A793-59FB8E1DAA52}.VSIX|Any CPU.ActiveCfg = Release|Any CPU
		{066A57F0-460B-4DBC-A793-59FB8E1DAA52}.VSIX|Any CPU.Build.0 = Release|Any CPU
		{26E3B2B9-CFF1-41ED-889B-26FDE9F19A42}.Debug|Any CPU.ActiveCfg = Debug|Any CPU
		{26E3B2B9-CFF1-41ED-889B-26FDE9F19A42}.Debug|Any CPU.Build.0 = Debug|Any CPU
		{26E3B2B9-CFF1-41ED-889B-26FDE9F19A42}.Release|Any CPU.ActiveCfg = Release|Any CPU
		{26E3B2B9-CFF1-41ED-889B-26FDE9F19A42}.Release|Any CPU.Build.0 = Release|Any CPU
		{26E3B2B9-CFF1-41ED-889B-26FDE9F19A42}.VSIX|Any CPU.ActiveCfg = Release|Any CPU
		{26E3B2B9-CFF1-41ED-889B-26FDE9F19A42}.VSIX|Any CPU.Build.0 = Release|Any CPU
		{9EC7298C-0D22-484C-87D1-BC7F9EB8FB9B}.Debug|Any CPU.ActiveCfg = Debug|Any CPU
		{9EC7298C-0D22-484C-87D1-BC7F9EB8FB9B}.Debug|Any CPU.Build.0 = Debug|Any CPU
		{9EC7298C-0D22-484C-87D1-BC7F9EB8FB9B}.Release|Any CPU.ActiveCfg = Release|Any CPU
		{9EC7298C-0D22-484C-87D1-BC7F9EB8FB9B}.Release|Any CPU.Build.0 = Release|Any CPU
		{9EC7298C-0D22-484C-87D1-BC7F9EB8FB9B}.VSIX|Any CPU.ActiveCfg = Release|Any CPU
		{9EC7298C-0D22-484C-87D1-BC7F9EB8FB9B}.VSIX|Any CPU.Build.0 = Release|Any CPU
		{3AFDB11C-8A2B-4B73-8C88-79E5AAF17902}.Debug|Any CPU.ActiveCfg = Debug|Any CPU
		{3AFDB11C-8A2B-4B73-8C88-79E5AAF17902}.Debug|Any CPU.Build.0 = Debug|Any CPU
		{3AFDB11C-8A2B-4B73-8C88-79E5AAF17902}.Release|Any CPU.ActiveCfg = Release|Any CPU
		{3AFDB11C-8A2B-4B73-8C88-79E5AAF17902}.Release|Any CPU.Build.0 = Release|Any CPU
		{3AFDB11C-8A2B-4B73-8C88-79E5AAF17902}.VSIX|Any CPU.ActiveCfg = Release|Any CPU
		{3AFDB11C-8A2B-4B73-8C88-79E5AAF17902}.VSIX|Any CPU.Build.0 = Release|Any CPU
		{5F526064-251B-414A-B35A-769753B0FBF5}.Debug|Any CPU.ActiveCfg = Debug|Any CPU
		{5F526064-251B-414A-B35A-769753B0FBF5}.Debug|Any CPU.Build.0 = Debug|Any CPU
		{5F526064-251B-414A-B35A-769753B0FBF5}.Release|Any CPU.ActiveCfg = Release|Any CPU
		{5F526064-251B-414A-B35A-769753B0FBF5}.Release|Any CPU.Build.0 = Release|Any CPU
		{5F526064-251B-414A-B35A-769753B0FBF5}.VSIX|Any CPU.ActiveCfg = Release|Any CPU
		{5F526064-251B-414A-B35A-769753B0FBF5}.VSIX|Any CPU.Build.0 = Release|Any CPU
		{3655E093-3C05-4588-A8A5-D1C0DCBF29DA}.Debug|Any CPU.ActiveCfg = Debug|Any CPU
		{3655E093-3C05-4588-A8A5-D1C0DCBF29DA}.Debug|Any CPU.Build.0 = Debug|Any CPU
		{3655E093-3C05-4588-A8A5-D1C0DCBF29DA}.Release|Any CPU.ActiveCfg = Release|Any CPU
		{3655E093-3C05-4588-A8A5-D1C0DCBF29DA}.Release|Any CPU.Build.0 = Release|Any CPU
		{3655E093-3C05-4588-A8A5-D1C0DCBF29DA}.VSIX|Any CPU.ActiveCfg = Release|Any CPU
		{3655E093-3C05-4588-A8A5-D1C0DCBF29DA}.VSIX|Any CPU.Build.0 = Release|Any CPU
		{B3038401-C5C4-46E7-A4B2-8D5D7D732ACD}.Debug|Any CPU.ActiveCfg = Debug|Any CPU
		{B3038401-C5C4-46E7-A4B2-8D5D7D732ACD}.Debug|Any CPU.Build.0 = Debug|Any CPU
		{B3038401-C5C4-46E7-A4B2-8D5D7D732ACD}.Release|Any CPU.ActiveCfg = Release|Any CPU
		{B3038401-C5C4-46E7-A4B2-8D5D7D732ACD}.Release|Any CPU.Build.0 = Release|Any CPU
		{B3038401-C5C4-46E7-A4B2-8D5D7D732ACD}.VSIX|Any CPU.ActiveCfg = Release|Any CPU
		{B3038401-C5C4-46E7-A4B2-8D5D7D732ACD}.VSIX|Any CPU.Build.0 = Release|Any CPU
		{FC3716B9-AF51-4DBF-8BC5-CDB36D1A8881}.Debug|Any CPU.ActiveCfg = Debug|Any CPU
		{FC3716B9-AF51-4DBF-8BC5-CDB36D1A8881}.Debug|Any CPU.Build.0 = Debug|Any CPU
		{FC3716B9-AF51-4DBF-8BC5-CDB36D1A8881}.Release|Any CPU.ActiveCfg = Release|Any CPU
		{FC3716B9-AF51-4DBF-8BC5-CDB36D1A8881}.Release|Any CPU.Build.0 = Release|Any CPU
		{FC3716B9-AF51-4DBF-8BC5-CDB36D1A8881}.VSIX|Any CPU.ActiveCfg = Release|Any CPU
		{FC3716B9-AF51-4DBF-8BC5-CDB36D1A8881}.VSIX|Any CPU.Build.0 = Release|Any CPU
		{1A967221-1703-4858-A82B-DA4751078C97}.Debug|Any CPU.ActiveCfg = Debug|Any CPU
		{1A967221-1703-4858-A82B-DA4751078C97}.Debug|Any CPU.Build.0 = Debug|Any CPU
		{1A967221-1703-4858-A82B-DA4751078C97}.Release|Any CPU.ActiveCfg = Release|Any CPU
		{1A967221-1703-4858-A82B-DA4751078C97}.Release|Any CPU.Build.0 = Release|Any CPU
		{1A967221-1703-4858-A82B-DA4751078C97}.VSIX|Any CPU.ActiveCfg = Release|Any CPU
		{1A967221-1703-4858-A82B-DA4751078C97}.VSIX|Any CPU.Build.0 = Release|Any CPU
		{28DB6FB1-0A58-40C9-86F0-F46800F83E1E}.Debug|Any CPU.ActiveCfg = Debug|Any CPU
		{28DB6FB1-0A58-40C9-86F0-F46800F83E1E}.Debug|Any CPU.Build.0 = Debug|Any CPU
		{28DB6FB1-0A58-40C9-86F0-F46800F83E1E}.Release|Any CPU.ActiveCfg = Release|Any CPU
		{28DB6FB1-0A58-40C9-86F0-F46800F83E1E}.Release|Any CPU.Build.0 = Release|Any CPU
		{28DB6FB1-0A58-40C9-86F0-F46800F83E1E}.VSIX|Any CPU.ActiveCfg = Release|Any CPU
		{28DB6FB1-0A58-40C9-86F0-F46800F83E1E}.VSIX|Any CPU.Build.0 = Release|Any CPU
		{D36692FE-0F0D-46B5-9F99-AD128AF3189C}.Debug|Any CPU.ActiveCfg = Debug|Any CPU
		{D36692FE-0F0D-46B5-9F99-AD128AF3189C}.Debug|Any CPU.Build.0 = Debug|Any CPU
		{D36692FE-0F0D-46B5-9F99-AD128AF3189C}.Release|Any CPU.ActiveCfg = Release|Any CPU
		{D36692FE-0F0D-46B5-9F99-AD128AF3189C}.Release|Any CPU.Build.0 = Release|Any CPU
		{D36692FE-0F0D-46B5-9F99-AD128AF3189C}.VSIX|Any CPU.ActiveCfg = Release|Any CPU
		{D36692FE-0F0D-46B5-9F99-AD128AF3189C}.VSIX|Any CPU.Build.0 = Release|Any CPU
		{73BEB86B-811F-49A4-93BA-BA95E4E31579}.Debug|Any CPU.ActiveCfg = Debug|Any CPU
		{73BEB86B-811F-49A4-93BA-BA95E4E31579}.Debug|Any CPU.Build.0 = Debug|Any CPU
		{73BEB86B-811F-49A4-93BA-BA95E4E31579}.Release|Any CPU.ActiveCfg = Release|Any CPU
		{73BEB86B-811F-49A4-93BA-BA95E4E31579}.Release|Any CPU.Build.0 = Release|Any CPU
		{73BEB86B-811F-49A4-93BA-BA95E4E31579}.VSIX|Any CPU.ActiveCfg = Release|Any CPU
		{73BEB86B-811F-49A4-93BA-BA95E4E31579}.VSIX|Any CPU.Build.0 = Release|Any CPU
		{82A23F49-C3B6-4CC6-B7BC-C929FD932744}.Debug|Any CPU.ActiveCfg = Debug|Any CPU
		{82A23F49-C3B6-4CC6-B7BC-C929FD932744}.Debug|Any CPU.Build.0 = Debug|Any CPU
		{82A23F49-C3B6-4CC6-B7BC-C929FD932744}.Release|Any CPU.ActiveCfg = Release|Any CPU
		{82A23F49-C3B6-4CC6-B7BC-C929FD932744}.Release|Any CPU.Build.0 = Release|Any CPU
		{82A23F49-C3B6-4CC6-B7BC-C929FD932744}.VSIX|Any CPU.ActiveCfg = Release|Any CPU
		{82A23F49-C3B6-4CC6-B7BC-C929FD932744}.VSIX|Any CPU.Build.0 = Release|Any CPU
		{99423D39-2537-4C59-844D-6FDA5E3307BA}.Debug|Any CPU.ActiveCfg = Debug|Any CPU
		{99423D39-2537-4C59-844D-6FDA5E3307BA}.Debug|Any CPU.Build.0 = Debug|Any CPU
		{99423D39-2537-4C59-844D-6FDA5E3307BA}.Release|Any CPU.ActiveCfg = Release|Any CPU
		{99423D39-2537-4C59-844D-6FDA5E3307BA}.Release|Any CPU.Build.0 = Release|Any CPU
		{99423D39-2537-4C59-844D-6FDA5E3307BA}.VSIX|Any CPU.ActiveCfg = Release|Any CPU
		{99423D39-2537-4C59-844D-6FDA5E3307BA}.VSIX|Any CPU.Build.0 = Release|Any CPU
		{420F0A58-CB69-4517-9251-6F92911C3A61}.Debug|Any CPU.ActiveCfg = Debug|Any CPU
		{420F0A58-CB69-4517-9251-6F92911C3A61}.Debug|Any CPU.Build.0 = Debug|Any CPU
		{420F0A58-CB69-4517-9251-6F92911C3A61}.Release|Any CPU.ActiveCfg = Release|Any CPU
		{420F0A58-CB69-4517-9251-6F92911C3A61}.Release|Any CPU.Build.0 = Release|Any CPU
		{420F0A58-CB69-4517-9251-6F92911C3A61}.VSIX|Any CPU.ActiveCfg = Release|Any CPU
		{420F0A58-CB69-4517-9251-6F92911C3A61}.VSIX|Any CPU.Build.0 = Release|Any CPU
		{8E96F332-4D60-42E5-A264-5707A68A297A}.Debug|Any CPU.ActiveCfg = Debug|Any CPU
		{8E96F332-4D60-42E5-A264-5707A68A297A}.Debug|Any CPU.Build.0 = Debug|Any CPU
		{8E96F332-4D60-42E5-A264-5707A68A297A}.Release|Any CPU.ActiveCfg = Release|Any CPU
		{8E96F332-4D60-42E5-A264-5707A68A297A}.Release|Any CPU.Build.0 = Release|Any CPU
		{8E96F332-4D60-42E5-A264-5707A68A297A}.VSIX|Any CPU.ActiveCfg = Release|Any CPU
		{8E96F332-4D60-42E5-A264-5707A68A297A}.VSIX|Any CPU.Build.0 = Release|Any CPU
		{917510D4-2090-4E61-B0AD-208C0CECA240}.Debug|Any CPU.ActiveCfg = Debug|Any CPU
		{917510D4-2090-4E61-B0AD-208C0CECA240}.Debug|Any CPU.Build.0 = Debug|Any CPU
		{917510D4-2090-4E61-B0AD-208C0CECA240}.Release|Any CPU.ActiveCfg = Release|Any CPU
		{917510D4-2090-4E61-B0AD-208C0CECA240}.Release|Any CPU.Build.0 = Release|Any CPU
		{917510D4-2090-4E61-B0AD-208C0CECA240}.VSIX|Any CPU.ActiveCfg = Release|Any CPU
		{917510D4-2090-4E61-B0AD-208C0CECA240}.VSIX|Any CPU.Build.0 = Release|Any CPU
		{615E43CA-5A6B-40D9-BBDB-92620BF75220}.Debug|Any CPU.ActiveCfg = Debug|Any CPU
		{615E43CA-5A6B-40D9-BBDB-92620BF75220}.Debug|Any CPU.Build.0 = Debug|Any CPU
		{615E43CA-5A6B-40D9-BBDB-92620BF75220}.Release|Any CPU.ActiveCfg = Release|Any CPU
		{615E43CA-5A6B-40D9-BBDB-92620BF75220}.Release|Any CPU.Build.0 = Release|Any CPU
		{615E43CA-5A6B-40D9-BBDB-92620BF75220}.VSIX|Any CPU.ActiveCfg = Release|Any CPU
		{615E43CA-5A6B-40D9-BBDB-92620BF75220}.VSIX|Any CPU.Build.0 = Release|Any CPU
		{B0193B00-528B-4862-95D8-9F235659BFBA}.Debug|Any CPU.ActiveCfg = Debug|Any CPU
		{B0193B00-528B-4862-95D8-9F235659BFBA}.Debug|Any CPU.Build.0 = Debug|Any CPU
		{B0193B00-528B-4862-95D8-9F235659BFBA}.Release|Any CPU.ActiveCfg = Release|Any CPU
		{B0193B00-528B-4862-95D8-9F235659BFBA}.Release|Any CPU.Build.0 = Release|Any CPU
		{B0193B00-528B-4862-95D8-9F235659BFBA}.VSIX|Any CPU.ActiveCfg = Release|Any CPU
		{B0193B00-528B-4862-95D8-9F235659BFBA}.VSIX|Any CPU.Build.0 = Release|Any CPU
		{65C19CDA-71F1-4494-816F-57F7F5AF0541}.Debug|Any CPU.ActiveCfg = Debug|Any CPU
		{65C19CDA-71F1-4494-816F-57F7F5AF0541}.Debug|Any CPU.Build.0 = Debug|Any CPU
		{65C19CDA-71F1-4494-816F-57F7F5AF0541}.Release|Any CPU.ActiveCfg = Release|Any CPU
		{65C19CDA-71F1-4494-816F-57F7F5AF0541}.Release|Any CPU.Build.0 = Release|Any CPU
		{65C19CDA-71F1-4494-816F-57F7F5AF0541}.VSIX|Any CPU.ActiveCfg = Release|Any CPU
		{65C19CDA-71F1-4494-816F-57F7F5AF0541}.VSIX|Any CPU.Build.0 = Release|Any CPU
		{D75F8EF9-012B-4AA3-9675-3E367E54B352}.Debug|Any CPU.ActiveCfg = Debug|Any CPU
		{D75F8EF9-012B-4AA3-9675-3E367E54B352}.Debug|Any CPU.Build.0 = Debug|Any CPU
		{D75F8EF9-012B-4AA3-9675-3E367E54B352}.Release|Any CPU.ActiveCfg = Release|Any CPU
		{D75F8EF9-012B-4AA3-9675-3E367E54B352}.Release|Any CPU.Build.0 = Release|Any CPU
		{D75F8EF9-012B-4AA3-9675-3E367E54B352}.VSIX|Any CPU.ActiveCfg = Release|Any CPU
		{D75F8EF9-012B-4AA3-9675-3E367E54B352}.VSIX|Any CPU.Build.0 = Release|Any CPU
		{0955D57A-5B86-4145-92A6-84CEFFA8EC2C}.Debug|Any CPU.ActiveCfg = Debug|Any CPU
		{0955D57A-5B86-4145-92A6-84CEFFA8EC2C}.Debug|Any CPU.Build.0 = Debug|Any CPU
		{0955D57A-5B86-4145-92A6-84CEFFA8EC2C}.Release|Any CPU.ActiveCfg = Release|Any CPU
		{0955D57A-5B86-4145-92A6-84CEFFA8EC2C}.Release|Any CPU.Build.0 = Release|Any CPU
		{0955D57A-5B86-4145-92A6-84CEFFA8EC2C}.VSIX|Any CPU.ActiveCfg = Release|Any CPU
		{0955D57A-5B86-4145-92A6-84CEFFA8EC2C}.VSIX|Any CPU.Build.0 = Release|Any CPU
		{C2FE26B7-EA82-43C8-ADAC-ED409D50CCF6}.Debug|Any CPU.ActiveCfg = Debug|Any CPU
		{C2FE26B7-EA82-43C8-ADAC-ED409D50CCF6}.Debug|Any CPU.Build.0 = Debug|Any CPU
		{C2FE26B7-EA82-43C8-ADAC-ED409D50CCF6}.Release|Any CPU.ActiveCfg = Release|Any CPU
		{C2FE26B7-EA82-43C8-ADAC-ED409D50CCF6}.Release|Any CPU.Build.0 = Release|Any CPU
		{C2FE26B7-EA82-43C8-ADAC-ED409D50CCF6}.VSIX|Any CPU.ActiveCfg = Release|Any CPU
		{C2FE26B7-EA82-43C8-ADAC-ED409D50CCF6}.VSIX|Any CPU.Build.0 = Release|Any CPU
		{34E7DC24-8080-4E47-90E6-3BCDA44955E5}.Debug|Any CPU.ActiveCfg = Debug|Any CPU
		{34E7DC24-8080-4E47-90E6-3BCDA44955E5}.Debug|Any CPU.Build.0 = Debug|Any CPU
		{34E7DC24-8080-4E47-90E6-3BCDA44955E5}.Release|Any CPU.ActiveCfg = Release|Any CPU
		{34E7DC24-8080-4E47-90E6-3BCDA44955E5}.Release|Any CPU.Build.0 = Release|Any CPU
		{34E7DC24-8080-4E47-90E6-3BCDA44955E5}.VSIX|Any CPU.ActiveCfg = Release|Any CPU
		{34E7DC24-8080-4E47-90E6-3BCDA44955E5}.VSIX|Any CPU.Build.0 = Release|Any CPU
		{ADBFA246-319B-4555-98BE-09726B7E6B89}.Debug|Any CPU.ActiveCfg = Debug|Any CPU
		{ADBFA246-319B-4555-98BE-09726B7E6B89}.Debug|Any CPU.Build.0 = Debug|Any CPU
		{ADBFA246-319B-4555-98BE-09726B7E6B89}.Release|Any CPU.ActiveCfg = Release|Any CPU
		{ADBFA246-319B-4555-98BE-09726B7E6B89}.Release|Any CPU.Build.0 = Release|Any CPU
		{ADBFA246-319B-4555-98BE-09726B7E6B89}.VSIX|Any CPU.ActiveCfg = Release|Any CPU
		{ADBFA246-319B-4555-98BE-09726B7E6B89}.VSIX|Any CPU.Build.0 = Release|Any CPU
		{7D917143-64CF-4492-A2F6-B1D5B95136F6}.Debug|Any CPU.ActiveCfg = Debug|Any CPU
		{7D917143-64CF-4492-A2F6-B1D5B95136F6}.Debug|Any CPU.Build.0 = Debug|Any CPU
		{7D917143-64CF-4492-A2F6-B1D5B95136F6}.Release|Any CPU.ActiveCfg = Release|Any CPU
		{7D917143-64CF-4492-A2F6-B1D5B95136F6}.Release|Any CPU.Build.0 = Release|Any CPU
		{7D917143-64CF-4492-A2F6-B1D5B95136F6}.VSIX|Any CPU.ActiveCfg = Release|Any CPU
		{7D917143-64CF-4492-A2F6-B1D5B95136F6}.VSIX|Any CPU.Build.0 = Release|Any CPU
		{3DEF9DB9-00F9-42CA-B642-FB357FE93B47}.Debug|Any CPU.ActiveCfg = Debug|Any CPU
		{3DEF9DB9-00F9-42CA-B642-FB357FE93B47}.Debug|Any CPU.Build.0 = Debug|Any CPU
		{3DEF9DB9-00F9-42CA-B642-FB357FE93B47}.Release|Any CPU.ActiveCfg = Release|Any CPU
		{3DEF9DB9-00F9-42CA-B642-FB357FE93B47}.Release|Any CPU.Build.0 = Release|Any CPU
		{3DEF9DB9-00F9-42CA-B642-FB357FE93B47}.VSIX|Any CPU.ActiveCfg = Release|Any CPU
		{3DEF9DB9-00F9-42CA-B642-FB357FE93B47}.VSIX|Any CPU.Build.0 = Release|Any CPU
		{9BE8FE38-1344-4CFF-9DA0-F6293B88AABA}.Debug|Any CPU.ActiveCfg = Debug|Any CPU
		{9BE8FE38-1344-4CFF-9DA0-F6293B88AABA}.Debug|Any CPU.Build.0 = Debug|Any CPU
		{9BE8FE38-1344-4CFF-9DA0-F6293B88AABA}.Release|Any CPU.ActiveCfg = Release|Any CPU
		{9BE8FE38-1344-4CFF-9DA0-F6293B88AABA}.Release|Any CPU.Build.0 = Release|Any CPU
		{9BE8FE38-1344-4CFF-9DA0-F6293B88AABA}.VSIX|Any CPU.ActiveCfg = Release|Any CPU
		{9BE8FE38-1344-4CFF-9DA0-F6293B88AABA}.VSIX|Any CPU.Build.0 = Release|Any CPU
		{09575FF7-9928-4587-B29D-DD7F39668204}.Debug|Any CPU.ActiveCfg = Debug|Any CPU
		{09575FF7-9928-4587-B29D-DD7F39668204}.Debug|Any CPU.Build.0 = Debug|Any CPU
		{09575FF7-9928-4587-B29D-DD7F39668204}.Release|Any CPU.ActiveCfg = Release|Any CPU
		{09575FF7-9928-4587-B29D-DD7F39668204}.Release|Any CPU.Build.0 = Release|Any CPU
		{09575FF7-9928-4587-B29D-DD7F39668204}.VSIX|Any CPU.ActiveCfg = Release|Any CPU
		{09575FF7-9928-4587-B29D-DD7F39668204}.VSIX|Any CPU.Build.0 = Release|Any CPU
		{0AD8F4EF-43E8-4E25-B36A-F0C4E01FE584}.Debug|Any CPU.ActiveCfg = Debug|Any CPU
		{0AD8F4EF-43E8-4E25-B36A-F0C4E01FE584}.Debug|Any CPU.Build.0 = Debug|Any CPU
		{0AD8F4EF-43E8-4E25-B36A-F0C4E01FE584}.Release|Any CPU.ActiveCfg = Release|Any CPU
		{0AD8F4EF-43E8-4E25-B36A-F0C4E01FE584}.Release|Any CPU.Build.0 = Release|Any CPU
		{0AD8F4EF-43E8-4E25-B36A-F0C4E01FE584}.VSIX|Any CPU.ActiveCfg = Release|Any CPU
		{0AD8F4EF-43E8-4E25-B36A-F0C4E01FE584}.VSIX|Any CPU.Build.0 = Release|Any CPU
		{E2C4019B-F6AA-4A9D-86CD-FB940F13B7B6}.Debug|Any CPU.ActiveCfg = Debug|Any CPU
		{E2C4019B-F6AA-4A9D-86CD-FB940F13B7B6}.Debug|Any CPU.Build.0 = Debug|Any CPU
		{E2C4019B-F6AA-4A9D-86CD-FB940F13B7B6}.Release|Any CPU.ActiveCfg = Release|Any CPU
		{E2C4019B-F6AA-4A9D-86CD-FB940F13B7B6}.Release|Any CPU.Build.0 = Release|Any CPU
		{E2C4019B-F6AA-4A9D-86CD-FB940F13B7B6}.VSIX|Any CPU.ActiveCfg = Release|Any CPU
		{E2C4019B-F6AA-4A9D-86CD-FB940F13B7B6}.VSIX|Any CPU.Build.0 = Release|Any CPU
		{791DED7F-608C-41C3-9CF5-4495520A40BD}.Debug|Any CPU.ActiveCfg = Debug|Any CPU
		{791DED7F-608C-41C3-9CF5-4495520A40BD}.Debug|Any CPU.Build.0 = Debug|Any CPU
		{791DED7F-608C-41C3-9CF5-4495520A40BD}.Release|Any CPU.ActiveCfg = Release|Any CPU
		{791DED7F-608C-41C3-9CF5-4495520A40BD}.Release|Any CPU.Build.0 = Release|Any CPU
		{791DED7F-608C-41C3-9CF5-4495520A40BD}.VSIX|Any CPU.ActiveCfg = Release|Any CPU
		{791DED7F-608C-41C3-9CF5-4495520A40BD}.VSIX|Any CPU.Build.0 = Release|Any CPU
		{C9650021-67D1-4C13-A697-18C3BEB80D10}.Debug|Any CPU.ActiveCfg = Debug|Any CPU
		{C9650021-67D1-4C13-A697-18C3BEB80D10}.Debug|Any CPU.Build.0 = Debug|Any CPU
		{C9650021-67D1-4C13-A697-18C3BEB80D10}.Release|Any CPU.ActiveCfg = Release|Any CPU
		{C9650021-67D1-4C13-A697-18C3BEB80D10}.Release|Any CPU.Build.0 = Release|Any CPU
		{C9650021-67D1-4C13-A697-18C3BEB80D10}.VSIX|Any CPU.ActiveCfg = Release|Any CPU
		{C9650021-67D1-4C13-A697-18C3BEB80D10}.VSIX|Any CPU.Build.0 = Release|Any CPU
		{4445C588-9B2A-45DC-96D0-B72367800BD8}.Debug|Any CPU.ActiveCfg = Debug|Any CPU
		{4445C588-9B2A-45DC-96D0-B72367800BD8}.Debug|Any CPU.Build.0 = Debug|Any CPU
		{4445C588-9B2A-45DC-96D0-B72367800BD8}.Release|Any CPU.ActiveCfg = Release|Any CPU
		{4445C588-9B2A-45DC-96D0-B72367800BD8}.Release|Any CPU.Build.0 = Release|Any CPU
		{4445C588-9B2A-45DC-96D0-B72367800BD8}.VSIX|Any CPU.ActiveCfg = Debug|Any CPU
		{4445C588-9B2A-45DC-96D0-B72367800BD8}.VSIX|Any CPU.Build.0 = Debug|Any CPU
		{B75FBD44-C339-4576-A37E-53E922200A0C}.Debug|Any CPU.ActiveCfg = Debug|Any CPU
		{B75FBD44-C339-4576-A37E-53E922200A0C}.Debug|Any CPU.Build.0 = Debug|Any CPU
		{B75FBD44-C339-4576-A37E-53E922200A0C}.Release|Any CPU.ActiveCfg = Release|Any CPU
		{B75FBD44-C339-4576-A37E-53E922200A0C}.Release|Any CPU.Build.0 = Release|Any CPU
		{B75FBD44-C339-4576-A37E-53E922200A0C}.VSIX|Any CPU.ActiveCfg = Debug|Any CPU
		{B75FBD44-C339-4576-A37E-53E922200A0C}.VSIX|Any CPU.Build.0 = Debug|Any CPU
		{4B9BCEF3-D6C1-4949-B78D-47C480CE6140}.Debug|Any CPU.ActiveCfg = Debug|Any CPU
		{4B9BCEF3-D6C1-4949-B78D-47C480CE6140}.Debug|Any CPU.Build.0 = Debug|Any CPU
		{4B9BCEF3-D6C1-4949-B78D-47C480CE6140}.Release|Any CPU.ActiveCfg = Release|Any CPU
		{4B9BCEF3-D6C1-4949-B78D-47C480CE6140}.Release|Any CPU.Build.0 = Release|Any CPU
		{4B9BCEF3-D6C1-4949-B78D-47C480CE6140}.VSIX|Any CPU.ActiveCfg = Debug|Any CPU
		{4B9BCEF3-D6C1-4949-B78D-47C480CE6140}.VSIX|Any CPU.Build.0 = Debug|Any CPU
		{1506A202-BB9E-4941-A1B5-A2981CC43013}.Debug|Any CPU.ActiveCfg = Debug|Any CPU
		{1506A202-BB9E-4941-A1B5-A2981CC43013}.Debug|Any CPU.Build.0 = Debug|Any CPU
		{1506A202-BB9E-4941-A1B5-A2981CC43013}.Release|Any CPU.ActiveCfg = Release|Any CPU
		{1506A202-BB9E-4941-A1B5-A2981CC43013}.Release|Any CPU.Build.0 = Release|Any CPU
		{1506A202-BB9E-4941-A1B5-A2981CC43013}.VSIX|Any CPU.ActiveCfg = Debug|Any CPU
		{1506A202-BB9E-4941-A1B5-A2981CC43013}.VSIX|Any CPU.Build.0 = Debug|Any CPU
		{3B7E84F9-D950-44A8-8902-EA88F2C513CB}.Debug|Any CPU.ActiveCfg = Debug|Any CPU
		{3B7E84F9-D950-44A8-8902-EA88F2C513CB}.Debug|Any CPU.Build.0 = Debug|Any CPU
		{3B7E84F9-D950-44A8-8902-EA88F2C513CB}.Release|Any CPU.ActiveCfg = Release|Any CPU
		{3B7E84F9-D950-44A8-8902-EA88F2C513CB}.Release|Any CPU.Build.0 = Release|Any CPU
		{3B7E84F9-D950-44A8-8902-EA88F2C513CB}.VSIX|Any CPU.ActiveCfg = Debug|Any CPU
		{3B7E84F9-D950-44A8-8902-EA88F2C513CB}.VSIX|Any CPU.Build.0 = Debug|Any CPU
		{100BD8AC-74F2-409D-AC4C-70F154A7FFD9}.Debug|Any CPU.ActiveCfg = Debug|Any CPU
		{100BD8AC-74F2-409D-AC4C-70F154A7FFD9}.Debug|Any CPU.Build.0 = Debug|Any CPU
		{100BD8AC-74F2-409D-AC4C-70F154A7FFD9}.Release|Any CPU.ActiveCfg = Release|Any CPU
		{100BD8AC-74F2-409D-AC4C-70F154A7FFD9}.Release|Any CPU.Build.0 = Release|Any CPU
		{100BD8AC-74F2-409D-AC4C-70F154A7FFD9}.VSIX|Any CPU.ActiveCfg = Debug|Any CPU
		{100BD8AC-74F2-409D-AC4C-70F154A7FFD9}.VSIX|Any CPU.Build.0 = Debug|Any CPU
		{4B777CC1-FBA4-4270-954D-89AFBF281C33}.Debug|Any CPU.ActiveCfg = Debug|Any CPU
		{4B777CC1-FBA4-4270-954D-89AFBF281C33}.Debug|Any CPU.Build.0 = Debug|Any CPU
		{4B777CC1-FBA4-4270-954D-89AFBF281C33}.Release|Any CPU.ActiveCfg = Release|Any CPU
		{4B777CC1-FBA4-4270-954D-89AFBF281C33}.Release|Any CPU.Build.0 = Release|Any CPU
		{4B777CC1-FBA4-4270-954D-89AFBF281C33}.VSIX|Any CPU.ActiveCfg = Debug|Any CPU
		{4B777CC1-FBA4-4270-954D-89AFBF281C33}.VSIX|Any CPU.Build.0 = Debug|Any CPU
		{3B1D91B0-E00D-4F0A-A43B-C1162E49E0E1}.Debug|Any CPU.ActiveCfg = Debug|Any CPU
		{3B1D91B0-E00D-4F0A-A43B-C1162E49E0E1}.Debug|Any CPU.Build.0 = Debug|Any CPU
		{3B1D91B0-E00D-4F0A-A43B-C1162E49E0E1}.Release|Any CPU.ActiveCfg = Release|Any CPU
		{3B1D91B0-E00D-4F0A-A43B-C1162E49E0E1}.Release|Any CPU.Build.0 = Release|Any CPU
		{3B1D91B0-E00D-4F0A-A43B-C1162E49E0E1}.VSIX|Any CPU.ActiveCfg = Debug|Any CPU
		{3B1D91B0-E00D-4F0A-A43B-C1162E49E0E1}.VSIX|Any CPU.Build.0 = Debug|Any CPU
		{0414E46D-4DC1-44B3-95AB-D588B9DC76A8}.Debug|Any CPU.ActiveCfg = Debug|Any CPU
		{0414E46D-4DC1-44B3-95AB-D588B9DC76A8}.Debug|Any CPU.Build.0 = Debug|Any CPU
		{0414E46D-4DC1-44B3-95AB-D588B9DC76A8}.Release|Any CPU.ActiveCfg = Release|Any CPU
		{0414E46D-4DC1-44B3-95AB-D588B9DC76A8}.Release|Any CPU.Build.0 = Release|Any CPU
		{0414E46D-4DC1-44B3-95AB-D588B9DC76A8}.VSIX|Any CPU.ActiveCfg = Debug|Any CPU
		{0414E46D-4DC1-44B3-95AB-D588B9DC76A8}.VSIX|Any CPU.Build.0 = Debug|Any CPU
	EndGlobalSection
	GlobalSection(SolutionProperties) = preSolution
		HideSolutionNode = FALSE
	EndGlobalSection
	GlobalSection(NestedProjects) = preSolution
		{954F475E-DC84-4ED0-BE8F-AD3C070F5478} = {2D2585B3-9047-41C0-BB5E-13342F1A6549}
		{B43C9744-348F-4998-ABDD-439D51877D4C} = {2D2585B3-9047-41C0-BB5E-13342F1A6549}
		{C4EE28F4-63D1-4869-906C-4F3671A35304} = {954F475E-DC84-4ED0-BE8F-AD3C070F5478}
		{C1F7841C-0ACE-4039-B068-2C0310A4C56A} = {2D2585B3-9047-41C0-BB5E-13342F1A6549}
		{B3DAA4AD-C475-49B1-86E5-FC8331B937E4} = {954F475E-DC84-4ED0-BE8F-AD3C070F5478}
		{D8B82A96-5D1B-4517-90F1-F66616B72E38} = {2D2585B3-9047-41C0-BB5E-13342F1A6549}
		{016DAD01-ADF1-4B9D-9EBF-6A119ADC835D} = {B43C9744-348F-4998-ABDD-439D51877D4C}
		{FFAB5B13-7FBA-4964-AA30-D24E38468CFB} = {954F475E-DC84-4ED0-BE8F-AD3C070F5478}
		{525B2B55-3576-4E15-AB08-34C069A994BE} = {2D2585B3-9047-41C0-BB5E-13342F1A6549}
		{C4A16144-2266-49FF-BE2A-35C49B659E1D} = {B43C9744-348F-4998-ABDD-439D51877D4C}
		{DAFD2A8A-D6B0-4433-8DDF-B98460C64EC6} = {2D2585B3-9047-41C0-BB5E-13342F1A6549}
		{FDB4BFE8-4B7F-430D-9D6B-52B0C20D75C5} = {C4EE28F4-63D1-4869-906C-4F3671A35304}
		{628594CA-A097-4E6B-8DBD-00DBF2D9F19B} = {B43C9744-348F-4998-ABDD-439D51877D4C}
		{9CB07796-8032-4273-B289-E82E84499C5F} = {B43C9744-348F-4998-ABDD-439D51877D4C}
		{60EC45F8-7B46-49F0-B8E9-E7A15FE23850} = {C1F7841C-0ACE-4039-B068-2C0310A4C56A}
		{359BDD3F-785D-4A4A-861F-4951E6E71321} = {954F475E-DC84-4ED0-BE8F-AD3C070F5478}
		{8FD2DA5B-C413-418E-AB24-4170E69E4005} = {B3DAA4AD-C475-49B1-86E5-FC8331B937E4}
		{6DFE1B83-DB0B-414B-83D0-AFB81D9D6397} = {C4EE28F4-63D1-4869-906C-4F3671A35304}
		{1886B47D-9119-4BCF-992F-B56C37CEA7AE} = {C4EE28F4-63D1-4869-906C-4F3671A35304}
		{12722F99-9BF9-41E4-A171-29E18CE5E521} = {525B2B55-3576-4E15-AB08-34C069A994BE}
		{F9E3F022-6F37-4EAE-BD58-F4F805BE8243} = {D8B82A96-5D1B-4517-90F1-F66616B72E38}
		{A3E58931-724C-4628-AF03-A7011894957D} = {954F475E-DC84-4ED0-BE8F-AD3C070F5478}
		{066A57F0-460B-4DBC-A793-59FB8E1DAA52} = {B43C9744-348F-4998-ABDD-439D51877D4C}
		{26E3B2B9-CFF1-41ED-889B-26FDE9F19A42} = {C4EE28F4-63D1-4869-906C-4F3671A35304}
		{9EC7298C-0D22-484C-87D1-BC7F9EB8FB9B} = {C4EE28F4-63D1-4869-906C-4F3671A35304}
		{3AFDB11C-8A2B-4B73-8C88-79E5AAF17902} = {D8B82A96-5D1B-4517-90F1-F66616B72E38}
		{5F526064-251B-414A-B35A-769753B0FBF5} = {C1F7841C-0ACE-4039-B068-2C0310A4C56A}
		{3655E093-3C05-4588-A8A5-D1C0DCBF29DA} = {2D2585B3-9047-41C0-BB5E-13342F1A6549}
		{B3038401-C5C4-46E7-A4B2-8D5D7D732ACD} = {B43C9744-348F-4998-ABDD-439D51877D4C}
		{FC3716B9-AF51-4DBF-8BC5-CDB36D1A8881} = {B43C9744-348F-4998-ABDD-439D51877D4C}
		{1A967221-1703-4858-A82B-DA4751078C97} = {016DAD01-ADF1-4B9D-9EBF-6A119ADC835D}
		{28DB6FB1-0A58-40C9-86F0-F46800F83E1E} = {016DAD01-ADF1-4B9D-9EBF-6A119ADC835D}
		{D36692FE-0F0D-46B5-9F99-AD128AF3189C} = {016DAD01-ADF1-4B9D-9EBF-6A119ADC835D}
		{73BEB86B-811F-49A4-93BA-BA95E4E31579} = {016DAD01-ADF1-4B9D-9EBF-6A119ADC835D}
		{82A23F49-C3B6-4CC6-B7BC-C929FD932744} = {D8B82A96-5D1B-4517-90F1-F66616B72E38}
		{99423D39-2537-4C59-844D-6FDA5E3307BA} = {2D2585B3-9047-41C0-BB5E-13342F1A6549}
		{420F0A58-CB69-4517-9251-6F92911C3A61} = {2D2585B3-9047-41C0-BB5E-13342F1A6549}
		{8E96F332-4D60-42E5-A264-5707A68A297A} = {2D2585B3-9047-41C0-BB5E-13342F1A6549}
		{917510D4-2090-4E61-B0AD-208C0CECA240} = {C4EE28F4-63D1-4869-906C-4F3671A35304}
		{615E43CA-5A6B-40D9-BBDB-92620BF75220} = {FFAB5B13-7FBA-4964-AA30-D24E38468CFB}
		{B0193B00-528B-4862-95D8-9F235659BFBA} = {FFAB5B13-7FBA-4964-AA30-D24E38468CFB}
		{65C19CDA-71F1-4494-816F-57F7F5AF0541} = {FFAB5B13-7FBA-4964-AA30-D24E38468CFB}
		{D75F8EF9-012B-4AA3-9675-3E367E54B352} = {954F475E-DC84-4ED0-BE8F-AD3C070F5478}
		{0955D57A-5B86-4145-92A6-84CEFFA8EC2C} = {954F475E-DC84-4ED0-BE8F-AD3C070F5478}
		{C2FE26B7-EA82-43C8-ADAC-ED409D50CCF6} = {954F475E-DC84-4ED0-BE8F-AD3C070F5478}
		{34E7DC24-8080-4E47-90E6-3BCDA44955E5} = {3A2BBC96-9AEE-4E71-B97F-4E78F3D446E3}
		{ADBFA246-319B-4555-98BE-09726B7E6B89} = {3A2BBC96-9AEE-4E71-B97F-4E78F3D446E3}
		{7D917143-64CF-4492-A2F6-B1D5B95136F6} = {3A2BBC96-9AEE-4E71-B97F-4E78F3D446E3}
		{3DEF9DB9-00F9-42CA-B642-FB357FE93B47} = {954F475E-DC84-4ED0-BE8F-AD3C070F5478}
		{9BE8FE38-1344-4CFF-9DA0-F6293B88AABA} = {525B2B55-3576-4E15-AB08-34C069A994BE}
		{09575FF7-9928-4587-B29D-DD7F39668204} = {BC2F9089-95DF-4164-BC03-EE28136D66D7}
		{0AD8F4EF-43E8-4E25-B36A-F0C4E01FE584} = {B43C9744-348F-4998-ABDD-439D51877D4C}
		{E2C4019B-F6AA-4A9D-86CD-FB940F13B7B6} = {C4EE28F4-63D1-4869-906C-4F3671A35304}
		{791DED7F-608C-41C3-9CF5-4495520A40BD} = {C4EE28F4-63D1-4869-906C-4F3671A35304}
		{C9650021-67D1-4C13-A697-18C3BEB80D10} = {2D2585B3-9047-41C0-BB5E-13342F1A6549}
		{4445C588-9B2A-45DC-96D0-B72367800BD8} = {B43C9744-348F-4998-ABDD-439D51877D4C}
		{B75FBD44-C339-4576-A37E-53E922200A0C} = {016DAD01-ADF1-4B9D-9EBF-6A119ADC835D}
		{4B9BCEF3-D6C1-4949-B78D-47C480CE6140} = {2FA81B03-DEEA-4025-9552-804347C4185B}
		{1506A202-BB9E-4941-A1B5-A2981CC43013} = {2FA81B03-DEEA-4025-9552-804347C4185B}
		{3B7E84F9-D950-44A8-8902-EA88F2C513CB} = {B43C9744-348F-4998-ABDD-439D51877D4C}
		{100BD8AC-74F2-409D-AC4C-70F154A7FFD9} = {47519AB9-F1A5-48EC-8423-972E53831701}
		{47519AB9-F1A5-48EC-8423-972E53831701} = {C4EE28F4-63D1-4869-906C-4F3671A35304}
		{4B777CC1-FBA4-4270-954D-89AFBF281C33} = {B43C9744-348F-4998-ABDD-439D51877D4C}
		{3B1D91B0-E00D-4F0A-A43B-C1162E49E0E1} = {B43C9744-348F-4998-ABDD-439D51877D4C}
		{0414E46D-4DC1-44B3-95AB-D588B9DC76A8} = {B43C9744-348F-4998-ABDD-439D51877D4C}
	EndGlobalSection
	GlobalSection(ExtensibilityGlobals) = postSolution
		EnterpriseLibraryConfigurationToolBinariesPath = packages\TransientFaultHandling.Core.5.1.1209.1\lib\NET4;packages\Unity.Interception.2.1.505.2\lib\NET35;packages\Unity.2.1.505.0\lib\NET35;packages\Unity.Interception.2.1.505.0\lib\NET35;packages\EnterpriseLibrary.Common.5.0.505.0\lib\NET35;packages\EnterpriseLibrary.WindowsAzure.TransientFaultHandling.5.1.1212.0\lib\NET4;packages\EnterpriseLibrary.WindowsAzure.TransientFaultHandling.5.1.1212.0\DesignTime
		EnterpriseLibraryConfigurationToolBinariesPathV6 = packages\EnterpriseLibrary.TransientFaultHandling.6.0.1304.0\lib\portable-net45+win+wp8
		SolutionGuid = {657FC3AE-4AFA-447D-B22B-D53587D334D1}
	EndGlobalSection
	GlobalSection(MonoDevelopProperties) = preSolution
		StartupItem = Sample\CQRSWeb\CQRSWeb.csproj
	EndGlobalSection
EndGlobal
