
Microsoft Visual Studio Solution File, Format Version 12.00
# Visual Studio 2010
Project("{2150E333-8FDC-42A3-9474-1A3956D46DE8}") = "Sample", "Sample", "{B8A193A0-0649-4A91-AD4C-DD87794D5836}"
EndProject
Project("{2150E333-8FDC-42A3-9474-1A3956D46DE8}") = "Framework", "Framework", "{2D2585B3-9047-41C0-BB5E-13342F1A6549}"
EndProject
Project("{FAE04EC0-301F-11D3-BF4B-00C04F79EFBC}") = "CqrsCode", "Sample\CQRSCode\CqrsCode.csproj", "{34E7DC24-8080-4E47-90E6-3BCDA44955E5}"
EndProject
Project("{FAE04EC0-301F-11D3-BF4B-00C04F79EFBC}") = "CqrsCodeTests", "Sample\CQRSTests\CqrsCodeTests.csproj", "{ADBFA246-319B-4555-98BE-09726B7E6B89}"
EndProject
Project("{FAE04EC0-301F-11D3-BF4B-00C04F79EFBC}") = "Cqrs", "Framework\Cqrs\Cqrs.csproj", "{DAFD2A8A-D6B0-4433-8DDF-B98460C64EC6}"
EndProject
Project("{FAE04EC0-301F-11D3-BF4B-00C04F79EFBC}") = "Cqrs.Tests", "Framework\Cqrs.Tests\Cqrs.Tests.csproj", "{420F0A58-CB69-4517-9251-6F92911C3A61}"
EndProject
Project("{FAE04EC0-301F-11D3-BF4B-00C04F79EFBC}") = "Cqrs.Tests.Extensions", "Framework\Cqrs.Tests.Extensions\Cqrs.Tests.Extensions.csproj", "{8E96F332-4D60-42E5-A264-5707A68A297A}"
EndProject
Project("{FAE04EC0-301F-11D3-BF4B-00C04F79EFBC}") = "CqrsWeb", "Sample\CQRSWeb\CqrsWeb.csproj", "{7D917143-64CF-4492-A2F6-B1D5B95136F6}"
EndProject
Project("{2150E333-8FDC-42A3-9474-1A3956D46DE8}") = ".nuget", ".nuget", "{5DAF4767-2F4D-45C0-AE0D-16834C0CD8F7}"
	ProjectSection(SolutionItems) = preProject
		.nuget\NuGet.Config = .nuget\NuGet.Config
		.nuget\NuGet.exe = .nuget\NuGet.exe
		.nuget\NuGet.targets = .nuget\NuGet.targets
		.nuget\packages.config = .nuget\packages.config
	EndProjectSection
EndProject
Project("{FAE04EC0-301F-11D3-BF4B-00C04F79EFBC}") = "Cqrs.EventStore", "Framework\Cqrs.EventStore\Cqrs.EventStore.csproj", "{99423D39-2537-4C59-844D-6FDA5E3307BA}"
EndProject
Project("{2150E333-8FDC-42A3-9474-1A3956D46DE8}") = "Modeling", "Modeling", "{CAEAA083-EAA7-4B46-9110-07948BC6B3CF}"
EndProject
Project("{FAE04EC0-301F-11D3-BF4B-00C04F79EFBC}") = "Cqrs.Modelling.UmlProfiles", "Modelling\UmlProfiles\Cqrs.Modelling.UmlProfiles.csproj", "{AAB88438-0140-4336-B6F6-15015B50D324}"
EndProject
Project("{2150E333-8FDC-42A3-9474-1A3956D46DE8}") = "Templates", "Templates", "{838F7DDC-24A9-41BA-AF2D-4EE0620AE73A}"
	ProjectSection(SolutionItems) = preProject
		Modelling\Templates\AggregateRepositoryInterfaceTemplate.t4 = Modelling\Templates\AggregateRepositoryInterfaceTemplate.t4
		Modelling\Templates\AggregateRepositoryTemplate.t4 = Modelling\Templates\AggregateRepositoryTemplate.t4
		Modelling\Templates\AggregateServiceChannelFactoryTemplate.t4 = Modelling\Templates\AggregateServiceChannelFactoryTemplate.t4
		Modelling\Templates\AggregateServiceContractResolversPartialTemplate.t4 = Modelling\Templates\AggregateServiceContractResolversPartialTemplate.t4
		Modelling\Templates\AggregateServiceContractResolversTemplate.t4 = Modelling\Templates\AggregateServiceContractResolversTemplate.t4
		Modelling\Templates\AggregateServiceHostFactoryTemplate.t4 = Modelling\Templates\AggregateServiceHostFactoryTemplate.t4
		Modelling\Templates\AggregateServiceInterfaceTemplate.t4 = Modelling\Templates\AggregateServiceInterfaceTemplate.t4
		Modelling\Templates\AggregateServiceTemplate.t4 = Modelling\Templates\AggregateServiceTemplate.t4
		Modelling\Templates\AggregateTemplate.t4 = Modelling\Templates\AggregateTemplate.t4
		Modelling\Templates\AzureDocumentDbDomainDataStoreFactoryTemplate.t4 = Modelling\Templates\AzureDocumentDbDomainDataStoreFactoryTemplate.t4
		Modelling\Templates\CommandHandlerPartialTemplate.t4 = Modelling\Templates\CommandHandlerPartialTemplate.t4
		Modelling\Templates\CommandHandlerTemplate.t4 = Modelling\Templates\CommandHandlerTemplate.t4
		Modelling\Templates\CommandTemplate.t4 = Modelling\Templates\CommandTemplate.t4
		Modelling\Templates\CqrsTemplateHelpers.t4 = Modelling\Templates\CqrsTemplateHelpers.t4
		Modelling\Templates\CreateCommandHandlerTemplate.t4 = Modelling\Templates\CreateCommandHandlerTemplate.t4
		Modelling\Templates\CreateCommandTemplate.t4 = Modelling\Templates\CreateCommandTemplate.t4
		Modelling\Templates\CreatedEventHandlerPartialTemplate.t4 = Modelling\Templates\CreatedEventHandlerPartialTemplate.t4
		Modelling\Templates\CreatedEventHandlerTemplate.t4 = Modelling\Templates\CreatedEventHandlerTemplate.t4
		Modelling\Templates\CreatedEventTemplate.t4 = Modelling\Templates\CreatedEventTemplate.t4
		Modelling\Templates\CSharpCommentHelpers.t4 = Modelling\Templates\CSharpCommentHelpers.t4
		Modelling\Templates\CSharpHelpers.t4 = Modelling\Templates\CSharpHelpers.t4
		Modelling\Templates\CSharpStereotypeHelpers.t4 = Modelling\Templates\CSharpStereotypeHelpers.t4
		Modelling\Templates\DeleteCommandHandlerTemplate.t4 = Modelling\Templates\DeleteCommandHandlerTemplate.t4
		Modelling\Templates\DeleteCommandTemplate.t4 = Modelling\Templates\DeleteCommandTemplate.t4
		Modelling\Templates\DeletedEventHandlerPartialTemplate.t4 = Modelling\Templates\DeletedEventHandlerPartialTemplate.t4
		Modelling\Templates\DeletedEventHandlerTemplate.t4 = Modelling\Templates\DeletedEventHandlerTemplate.t4
		Modelling\Templates\DeletedEventTemplate.t4 = Modelling\Templates\DeletedEventTemplate.t4
		Modelling\Templates\DomainDataStoreFactoryInterfaceTemplate.t4 = Modelling\Templates\DomainDataStoreFactoryInterfaceTemplate.t4
		Modelling\Templates\DomainNinjectModuleTemplate.t4 = Modelling\Templates\DomainNinjectModuleTemplate.t4
		Modelling\Templates\EntityInterfaceTemplate.t4 = Modelling\Templates\EntityInterfaceTemplate.t4
		Modelling\Templates\EntityTemplate.t4 = Modelling\Templates\EntityTemplate.t4
		Modelling\Templates\EventHandlerPartialTemplate.t4 = Modelling\Templates\EventHandlerPartialTemplate.t4
		Modelling\Templates\EventHandlerTemplate.t4 = Modelling\Templates\EventHandlerTemplate.t4
		Modelling\Templates\EventTemplate.t4 = Modelling\Templates\EventTemplate.t4
		Modelling\Templates\InProcessDomainDataStoreFactoryTemplate.t4 = Modelling\Templates\InProcessDomainDataStoreFactoryTemplate.t4
		Modelling\Templates\ModelHelper.t4 = Modelling\Templates\ModelHelper.t4
		Modelling\Templates\MongoDomainDataStoreFactoryTemplate.t4 = Modelling\Templates\MongoDomainDataStoreFactoryTemplate.t4
		Modelling\Templates\QueryBuilderInterfaceTemplate.t4 = Modelling\Templates\QueryBuilderInterfaceTemplate.t4
		Modelling\Templates\QueryBuilderPartialTemplate.t4 = Modelling\Templates\QueryBuilderPartialTemplate.t4
		Modelling\Templates\QueryBuilderTemplate.t4 = Modelling\Templates\QueryBuilderTemplate.t4
		Modelling\Templates\QueryStrategyInterfaceTemplate.t4 = Modelling\Templates\QueryStrategyInterfaceTemplate.t4
		Modelling\Templates\QueryStrategyTemplate.t4 = Modelling\Templates\QueryStrategyTemplate.t4
		Modelling\Templates\ServiceChannelFactoryTemplate.t4 = Modelling\Templates\ServiceChannelFactoryTemplate.t4
		Modelling\Templates\ServiceContractResolversPartialTemplate.t4 = Modelling\Templates\ServiceContractResolversPartialTemplate.t4
		Modelling\Templates\ServiceContractResolversTemplate.t4 = Modelling\Templates\ServiceContractResolversTemplate.t4
		Modelling\Templates\ServiceHostFactoryTemplate.t4 = Modelling\Templates\ServiceHostFactoryTemplate.t4
		Modelling\Templates\ServiceHostNinjectApplicationConfigurationTemplate.t4 = Modelling\Templates\ServiceHostNinjectApplicationConfigurationTemplate.t4
		Modelling\Templates\ServiceHostNinjectServiceApplicationConfigurationTemplate.t4 = Modelling\Templates\ServiceHostNinjectServiceApplicationConfigurationTemplate.t4
		Modelling\Templates\ServiceHostNinjectServiceHostingEnvironmentApplicationConfigurationTemplate.t4 = Modelling\Templates\ServiceHostNinjectServiceHostingEnvironmentApplicationConfigurationTemplate.t4
		Modelling\Templates\ServiceInterfaceTemplate.t4 = Modelling\Templates\ServiceInterfaceTemplate.t4
		Modelling\Templates\ServicePartialTemplate.t4 = Modelling\Templates\ServicePartialTemplate.t4
		Modelling\Templates\ServiceTemplate.t4 = Modelling\Templates\ServiceTemplate.t4
		Modelling\Templates\SimplifiedSqlDomainDataStoreFactoryTemplate.t4 = Modelling\Templates\SimplifiedSqlDomainDataStoreFactoryTemplate.t4
		Modelling\Templates\SqlDomainDataStoreFactoryTemplate.t4 = Modelling\Templates\SqlDomainDataStoreFactoryTemplate.t4
		Modelling\Templates\TemplateHeader.t4 = Modelling\Templates\TemplateHeader.t4
		Modelling\Templates\UpdateCommandHandlerTemplate.t4 = Modelling\Templates\UpdateCommandHandlerTemplate.t4
		Modelling\Templates\UpdateCommandTemplate.t4 = Modelling\Templates\UpdateCommandTemplate.t4
		Modelling\Templates\UpdatedEventHandlerPartialTemplate.t4 = Modelling\Templates\UpdatedEventHandlerPartialTemplate.t4
		Modelling\Templates\UpdatedEventHandlerTemplate.t4 = Modelling\Templates\UpdatedEventHandlerTemplate.t4
		Modelling\Templates\UpdatedEventTemplate.t4 = Modelling\Templates\UpdatedEventTemplate.t4
		Modelling\Templates\ValidationHelper.t4 = Modelling\Templates\ValidationHelper.t4
	EndProjectSection
EndProject
Project("{FAE04EC0-301F-11D3-BF4B-00C04F79EFBC}") = "Cqrs.Mongo", "Framework\Cqrs.Mongo\Cqrs.Mongo.csproj", "{82A23F49-C3B6-4CC6-B7BC-C929FD932744}"
EndProject
Project("{FAE04EC0-301F-11D3-BF4B-00C04F79EFBC}") = "Cqrs.Ninject", "Framework\Ninject\Cqrs.Ninject\Cqrs.Ninject.csproj", "{359BDD3F-785D-4A4A-861F-4951E6E71321}"
EndProject
Project("{FAE04EC0-301F-11D3-BF4B-00C04F79EFBC}") = "Cqrs.Ninject.EventStore", "Framework\Ninject\Cqrs.Ninject.EventStore\Cqrs.Ninject.EventStore.csproj", "{D75F8EF9-012B-4AA3-9675-3E367E54B352}"
EndProject
Project("{2150E333-8FDC-42A3-9474-1A3956D46DE8}") = "Ninject", "Ninject", "{1FE738C6-A32F-4D19-86D9-8EA9FBAF0EFF}"
EndProject
Project("{FAE04EC0-301F-11D3-BF4B-00C04F79EFBC}") = "Cqrs.Ninject.Mongo", "Framework\Ninject\Cqrs.Ninject.Mongo\Cqrs.Ninject.Mongo.csproj", "{0955D57A-5B86-4145-92A6-84CEFFA8EC2C}"
EndProject
Project("{2150E333-8FDC-42A3-9474-1A3956D46DE8}") = "Basic", "Basic", "{8E63C388-44F6-4ECD-9798-0CBA2DA62513}"
	ProjectSection(SolutionItems) = preProject
		Modelling\Templates\Basic\EnumTemplate.t4 = Modelling\Templates\Basic\EnumTemplate.t4
		Modelling\Templates\Basic\InterfaceTemplate.t4 = Modelling\Templates\Basic\InterfaceTemplate.t4
		Modelling\Templates\Basic\StructTemplate.t4 = Modelling\Templates\Basic\StructTemplate.t4
		Modelling\Templates\Basic\TemplateHeader.t4 = Modelling\Templates\Basic\TemplateHeader.t4
	EndProjectSection
EndProject
Project("{FAE04EC0-301F-11D3-BF4B-00C04F79EFBC}") = "Cqrs.Ninject.InProcess.EventBus", "Framework\Ninject\Cqrs.Ninject.InProcess.EventBus\Cqrs.Ninject.InProcess.EventBus.csproj", "{B0193B00-528B-4862-95D8-9F235659BFBA}"
EndProject
Project("{FAE04EC0-301F-11D3-BF4B-00C04F79EFBC}") = "Cqrs.Ninject.InProcess.CommandBus", "Framework\Ninject\Cqrs.Ninject.InProcess.CommandBus\Cqrs.Ninject.InProcess.CommandBus.csproj", "{615E43CA-5A6B-40D9-BBDB-92620BF75220}"
EndProject
Project("{FAE04EC0-301F-11D3-BF4B-00C04F79EFBC}") = "Cqrs.Ninject.InProcess.EventStore", "Framework\Ninject\Cqrs.Ninject.InProcess.EventStore\Cqrs.Ninject.InProcess.EventStore.csproj", "{65C19CDA-71F1-4494-816F-57F7F5AF0541}"
EndProject
Project("{FAE04EC0-301F-11D3-BF4B-00C04F79EFBC}") = "Cqrs.Azure.ServiceBus", "Framework\Azure\Cqrs.Azure.ServiceBus\Cqrs.Azure.ServiceBus.csproj", "{9CB07796-8032-4273-B289-E82E84499C5F}"
EndProject
Project("{FAE04EC0-301F-11D3-BF4B-00C04F79EFBC}") = "Cqrs.Azure.ConfigurationManager", "Framework\Azure\Cqrs.Azure.ConfigurationManager\Cqrs.Azure.ConfigurationManager.csproj", "{628594CA-A097-4E6B-8DBD-00DBF2D9F19B}"
EndProject
Project("{2150E333-8FDC-42A3-9474-1A3956D46DE8}") = "Azure", "Azure", "{FF2CFDCF-23ED-45EC-AF82-6D48D86CCEE2}"
EndProject
Project("{2150E333-8FDC-42A3-9474-1A3956D46DE8}") = "Tests", "Tests", "{5B9FE36B-AF83-491B-97D9-E634BFD25A9A}"
EndProject
Project("{FAE04EC0-301F-11D3-BF4B-00C04F79EFBC}") = "Cqrs.Azure.ServiceBus.Tests.Unit", "Framework\Azure\Cqrs.Azure.ServiceBus.Tests.Unit\Cqrs.Azure.ServiceBus.Tests.Unit.csproj", "{73BEB86B-811F-49A4-93BA-BA95E4E31579}"
EndProject
Project("{2150E333-8FDC-42A3-9474-1A3956D46DE8}") = "Solution Items", "Solution Items", "{D111DDF9-E408-4DB9-BBFE-90ACB574BCF5}"
	ProjectSection(SolutionItems) = preProject
		Cqrs.vsmdi = Cqrs.vsmdi
		Local.testsettings = Local.testsettings
		TraceAndTestImpact.testsettings = TraceAndTestImpact.testsettings
	EndProjectSection
EndProject
Project("{FAE04EC0-301F-11D3-BF4B-00C04F79EFBC}") = "Cqrs.Azure.ServiceBus.Tests.Integration", "Framework\Azure\Cqrs.Azure.ServiceBus.Tests.Integration\Cqrs.Azure.ServiceBus.Tests.Integration.csproj", "{D36692FE-0F0D-46B5-9F99-AD128AF3189C}"
EndProject
Project("{2150E333-8FDC-42A3-9474-1A3956D46DE8}") = "InProcess", "InProcess", "{ED31DCA1-208C-42AD-90CF-F9C27FAB9706}"
EndProject
Project("{2150E333-8FDC-42A3-9474-1A3956D46DE8}") = "Azure", "Azure", "{87909EF1-66A5-4E06-877C-F21F92BD6D8D}"
EndProject
Project("{FAE04EC0-301F-11D3-BF4B-00C04F79EFBC}") = "Cqrs.Ninject.Azure.ServiceBus.EventBus", "Framework\Ninject\Cqrs.Ninject.Azure.ServiceBus.EventBus\Cqrs.Ninject.Azure.ServiceBus.EventBus.csproj", "{1886B47D-9119-4BCF-992F-B56C37CEA7AE}"
EndProject
Project("{FAE04EC0-301F-11D3-BF4B-00C04F79EFBC}") = "Cqrs.Ninject.Azure.ServiceBus.CommandBus", "Framework\Ninject\Cqrs.Ninject.Azure.ServiceBus.CommandBus\Cqrs.Ninject.Azure.ServiceBus.CommandBus.csproj", "{6DFE1B83-DB0B-414B-83D0-AFB81D9D6397}"
EndProject
Project("{FAE04EC0-301F-11D3-BF4B-00C04F79EFBC}") = "Cqrs.Sql", "Framework\Cqrs.Sql\Cqrs.Sql.csproj", "{3655E093-3C05-4588-A8A5-D1C0DCBF29DA}"
EndProject
Project("{FAE04EC0-301F-11D3-BF4B-00C04F79EFBC}") = "Cqrs.Ninject.ServiceHost", "Framework\Cqrs.Ninject.ServiceHost\Cqrs.Ninject.ServiceHost.csproj", "{C2FE26B7-EA82-43C8-ADAC-ED409D50CCF6}"
EndProject
Global
	GlobalSection(TestCaseManagementSettings) = postSolution
		CategoryFile = Cqrs.vsmdi
	EndGlobalSection
	GlobalSection(SolutionConfigurationPlatforms) = preSolution
		Debug|Any CPU = Debug|Any CPU
		Release|Any CPU = Release|Any CPU
	EndGlobalSection
	GlobalSection(ProjectConfigurationPlatforms) = postSolution
		{34E7DC24-8080-4E47-90E6-3BCDA44955E5}.Debug|Any CPU.ActiveCfg = Debug|Any CPU
		{34E7DC24-8080-4E47-90E6-3BCDA44955E5}.Debug|Any CPU.Build.0 = Debug|Any CPU
		{34E7DC24-8080-4E47-90E6-3BCDA44955E5}.Release|Any CPU.ActiveCfg = Release|Any CPU
		{34E7DC24-8080-4E47-90E6-3BCDA44955E5}.Release|Any CPU.Build.0 = Release|Any CPU
		{ADBFA246-319B-4555-98BE-09726B7E6B89}.Debug|Any CPU.ActiveCfg = Debug|Any CPU
		{ADBFA246-319B-4555-98BE-09726B7E6B89}.Debug|Any CPU.Build.0 = Debug|Any CPU
		{ADBFA246-319B-4555-98BE-09726B7E6B89}.Release|Any CPU.ActiveCfg = Release|Any CPU
		{ADBFA246-319B-4555-98BE-09726B7E6B89}.Release|Any CPU.Build.0 = Release|Any CPU
		{DAFD2A8A-D6B0-4433-8DDF-B98460C64EC6}.Debug|Any CPU.ActiveCfg = Debug|Any CPU
		{DAFD2A8A-D6B0-4433-8DDF-B98460C64EC6}.Debug|Any CPU.Build.0 = Debug|Any CPU
		{DAFD2A8A-D6B0-4433-8DDF-B98460C64EC6}.Release|Any CPU.ActiveCfg = Release|Any CPU
		{DAFD2A8A-D6B0-4433-8DDF-B98460C64EC6}.Release|Any CPU.Build.0 = Release|Any CPU
		{420F0A58-CB69-4517-9251-6F92911C3A61}.Debug|Any CPU.ActiveCfg = Debug|Any CPU
		{420F0A58-CB69-4517-9251-6F92911C3A61}.Debug|Any CPU.Build.0 = Debug|Any CPU
		{420F0A58-CB69-4517-9251-6F92911C3A61}.Release|Any CPU.ActiveCfg = Release|Any CPU
		{420F0A58-CB69-4517-9251-6F92911C3A61}.Release|Any CPU.Build.0 = Release|Any CPU
		{8E96F332-4D60-42E5-A264-5707A68A297A}.Debug|Any CPU.ActiveCfg = Debug|Any CPU
		{8E96F332-4D60-42E5-A264-5707A68A297A}.Debug|Any CPU.Build.0 = Debug|Any CPU
		{8E96F332-4D60-42E5-A264-5707A68A297A}.Release|Any CPU.ActiveCfg = Release|Any CPU
		{8E96F332-4D60-42E5-A264-5707A68A297A}.Release|Any CPU.Build.0 = Release|Any CPU
		{7D917143-64CF-4492-A2F6-B1D5B95136F6}.Debug|Any CPU.ActiveCfg = Debug|Any CPU
		{7D917143-64CF-4492-A2F6-B1D5B95136F6}.Debug|Any CPU.Build.0 = Debug|Any CPU
		{7D917143-64CF-4492-A2F6-B1D5B95136F6}.Release|Any CPU.ActiveCfg = Release|Any CPU
		{7D917143-64CF-4492-A2F6-B1D5B95136F6}.Release|Any CPU.Build.0 = Release|Any CPU
		{99423D39-2537-4C59-844D-6FDA5E3307BA}.Debug|Any CPU.ActiveCfg = Debug|Any CPU
		{99423D39-2537-4C59-844D-6FDA5E3307BA}.Debug|Any CPU.Build.0 = Debug|Any CPU
		{99423D39-2537-4C59-844D-6FDA5E3307BA}.Release|Any CPU.ActiveCfg = Release|Any CPU
		{99423D39-2537-4C59-844D-6FDA5E3307BA}.Release|Any CPU.Build.0 = Release|Any CPU
		{AAB88438-0140-4336-B6F6-15015B50D324}.Debug|Any CPU.ActiveCfg = Debug|Any CPU
		{AAB88438-0140-4336-B6F6-15015B50D324}.Debug|Any CPU.Build.0 = Debug|Any CPU
		{AAB88438-0140-4336-B6F6-15015B50D324}.Release|Any CPU.ActiveCfg = Release|Any CPU
		{AAB88438-0140-4336-B6F6-15015B50D324}.Release|Any CPU.Build.0 = Release|Any CPU
		{82A23F49-C3B6-4CC6-B7BC-C929FD932744}.Debug|Any CPU.ActiveCfg = Debug|Any CPU
		{82A23F49-C3B6-4CC6-B7BC-C929FD932744}.Debug|Any CPU.Build.0 = Debug|Any CPU
		{82A23F49-C3B6-4CC6-B7BC-C929FD932744}.Release|Any CPU.ActiveCfg = Release|Any CPU
		{82A23F49-C3B6-4CC6-B7BC-C929FD932744}.Release|Any CPU.Build.0 = Release|Any CPU
		{359BDD3F-785D-4A4A-861F-4951E6E71321}.Debug|Any CPU.ActiveCfg = Debug|Any CPU
		{359BDD3F-785D-4A4A-861F-4951E6E71321}.Debug|Any CPU.Build.0 = Debug|Any CPU
		{359BDD3F-785D-4A4A-861F-4951E6E71321}.Release|Any CPU.ActiveCfg = Release|Any CPU
		{359BDD3F-785D-4A4A-861F-4951E6E71321}.Release|Any CPU.Build.0 = Release|Any CPU
		{D75F8EF9-012B-4AA3-9675-3E367E54B352}.Debug|Any CPU.ActiveCfg = Debug|Any CPU
		{D75F8EF9-012B-4AA3-9675-3E367E54B352}.Debug|Any CPU.Build.0 = Debug|Any CPU
		{D75F8EF9-012B-4AA3-9675-3E367E54B352}.Release|Any CPU.ActiveCfg = Release|Any CPU
		{D75F8EF9-012B-4AA3-9675-3E367E54B352}.Release|Any CPU.Build.0 = Release|Any CPU
		{0955D57A-5B86-4145-92A6-84CEFFA8EC2C}.Debug|Any CPU.ActiveCfg = Debug|Any CPU
		{0955D57A-5B86-4145-92A6-84CEFFA8EC2C}.Debug|Any CPU.Build.0 = Debug|Any CPU
		{0955D57A-5B86-4145-92A6-84CEFFA8EC2C}.Release|Any CPU.ActiveCfg = Release|Any CPU
		{0955D57A-5B86-4145-92A6-84CEFFA8EC2C}.Release|Any CPU.Build.0 = Release|Any CPU
		{B0193B00-528B-4862-95D8-9F235659BFBA}.Debug|Any CPU.ActiveCfg = Debug|Any CPU
		{B0193B00-528B-4862-95D8-9F235659BFBA}.Debug|Any CPU.Build.0 = Debug|Any CPU
		{B0193B00-528B-4862-95D8-9F235659BFBA}.Release|Any CPU.ActiveCfg = Release|Any CPU
		{B0193B00-528B-4862-95D8-9F235659BFBA}.Release|Any CPU.Build.0 = Release|Any CPU
		{615E43CA-5A6B-40D9-BBDB-92620BF75220}.Debug|Any CPU.ActiveCfg = Debug|Any CPU
		{615E43CA-5A6B-40D9-BBDB-92620BF75220}.Debug|Any CPU.Build.0 = Debug|Any CPU
		{615E43CA-5A6B-40D9-BBDB-92620BF75220}.Release|Any CPU.ActiveCfg = Release|Any CPU
		{615E43CA-5A6B-40D9-BBDB-92620BF75220}.Release|Any CPU.Build.0 = Release|Any CPU
		{65C19CDA-71F1-4494-816F-57F7F5AF0541}.Debug|Any CPU.ActiveCfg = Debug|Any CPU
		{65C19CDA-71F1-4494-816F-57F7F5AF0541}.Debug|Any CPU.Build.0 = Debug|Any CPU
		{65C19CDA-71F1-4494-816F-57F7F5AF0541}.Release|Any CPU.ActiveCfg = Release|Any CPU
		{65C19CDA-71F1-4494-816F-57F7F5AF0541}.Release|Any CPU.Build.0 = Release|Any CPU
		{9CB07796-8032-4273-B289-E82E84499C5F}.Debug|Any CPU.ActiveCfg = Debug|Any CPU
		{9CB07796-8032-4273-B289-E82E84499C5F}.Debug|Any CPU.Build.0 = Debug|Any CPU
		{9CB07796-8032-4273-B289-E82E84499C5F}.Release|Any CPU.ActiveCfg = Release|Any CPU
		{9CB07796-8032-4273-B289-E82E84499C5F}.Release|Any CPU.Build.0 = Release|Any CPU
		{628594CA-A097-4E6B-8DBD-00DBF2D9F19B}.Debug|Any CPU.ActiveCfg = Debug|Any CPU
		{628594CA-A097-4E6B-8DBD-00DBF2D9F19B}.Debug|Any CPU.Build.0 = Debug|Any CPU
		{628594CA-A097-4E6B-8DBD-00DBF2D9F19B}.Release|Any CPU.ActiveCfg = Release|Any CPU
		{628594CA-A097-4E6B-8DBD-00DBF2D9F19B}.Release|Any CPU.Build.0 = Release|Any CPU
		{73BEB86B-811F-49A4-93BA-BA95E4E31579}.Debug|Any CPU.ActiveCfg = Debug|Any CPU
		{73BEB86B-811F-49A4-93BA-BA95E4E31579}.Debug|Any CPU.Build.0 = Debug|Any CPU
		{73BEB86B-811F-49A4-93BA-BA95E4E31579}.Release|Any CPU.ActiveCfg = Release|Any CPU
		{73BEB86B-811F-49A4-93BA-BA95E4E31579}.Release|Any CPU.Build.0 = Release|Any CPU
		{D36692FE-0F0D-46B5-9F99-AD128AF3189C}.Debug|Any CPU.ActiveCfg = Debug|Any CPU
		{D36692FE-0F0D-46B5-9F99-AD128AF3189C}.Debug|Any CPU.Build.0 = Debug|Any CPU
		{D36692FE-0F0D-46B5-9F99-AD128AF3189C}.Release|Any CPU.ActiveCfg = Release|Any CPU
		{D36692FE-0F0D-46B5-9F99-AD128AF3189C}.Release|Any CPU.Build.0 = Release|Any CPU
		{1886B47D-9119-4BCF-992F-B56C37CEA7AE}.Debug|Any CPU.ActiveCfg = Debug|Any CPU
		{1886B47D-9119-4BCF-992F-B56C37CEA7AE}.Debug|Any CPU.Build.0 = Debug|Any CPU
		{1886B47D-9119-4BCF-992F-B56C37CEA7AE}.Release|Any CPU.ActiveCfg = Release|Any CPU
		{1886B47D-9119-4BCF-992F-B56C37CEA7AE}.Release|Any CPU.Build.0 = Release|Any CPU
		{6DFE1B83-DB0B-414B-83D0-AFB81D9D6397}.Debug|Any CPU.ActiveCfg = Debug|Any CPU
		{6DFE1B83-DB0B-414B-83D0-AFB81D9D6397}.Debug|Any CPU.Build.0 = Debug|Any CPU
		{6DFE1B83-DB0B-414B-83D0-AFB81D9D6397}.Release|Any CPU.ActiveCfg = Release|Any CPU
		{6DFE1B83-DB0B-414B-83D0-AFB81D9D6397}.Release|Any CPU.Build.0 = Release|Any CPU
		{3655E093-3C05-4588-A8A5-D1C0DCBF29DA}.Debug|Any CPU.ActiveCfg = Debug|Any CPU
		{3655E093-3C05-4588-A8A5-D1C0DCBF29DA}.Debug|Any CPU.Build.0 = Debug|Any CPU
		{3655E093-3C05-4588-A8A5-D1C0DCBF29DA}.Release|Any CPU.ActiveCfg = Release|Any CPU
		{3655E093-3C05-4588-A8A5-D1C0DCBF29DA}.Release|Any CPU.Build.0 = Release|Any CPU
		{C2FE26B7-EA82-43C8-ADAC-ED409D50CCF6}.Debug|Any CPU.ActiveCfg = Debug|Any CPU
		{C2FE26B7-EA82-43C8-ADAC-ED409D50CCF6}.Debug|Any CPU.Build.0 = Debug|Any CPU
		{C2FE26B7-EA82-43C8-ADAC-ED409D50CCF6}.Release|Any CPU.ActiveCfg = Release|Any CPU
		{C2FE26B7-EA82-43C8-ADAC-ED409D50CCF6}.Release|Any CPU.Build.0 = Release|Any CPU
	EndGlobalSection
	GlobalSection(SolutionProperties) = preSolution
		HideSolutionNode = FALSE
	EndGlobalSection
	GlobalSection(NestedProjects) = preSolution
		{34E7DC24-8080-4E47-90E6-3BCDA44955E5} = {B8A193A0-0649-4A91-AD4C-DD87794D5836}
		{ADBFA246-319B-4555-98BE-09726B7E6B89} = {B8A193A0-0649-4A91-AD4C-DD87794D5836}
		{7D917143-64CF-4492-A2F6-B1D5B95136F6} = {B8A193A0-0649-4A91-AD4C-DD87794D5836}
		{DAFD2A8A-D6B0-4433-8DDF-B98460C64EC6} = {2D2585B3-9047-41C0-BB5E-13342F1A6549}
		{420F0A58-CB69-4517-9251-6F92911C3A61} = {2D2585B3-9047-41C0-BB5E-13342F1A6549}
		{8E96F332-4D60-42E5-A264-5707A68A297A} = {2D2585B3-9047-41C0-BB5E-13342F1A6549}
		{99423D39-2537-4C59-844D-6FDA5E3307BA} = {2D2585B3-9047-41C0-BB5E-13342F1A6549}
		{82A23F49-C3B6-4CC6-B7BC-C929FD932744} = {2D2585B3-9047-41C0-BB5E-13342F1A6549}
		{1FE738C6-A32F-4D19-86D9-8EA9FBAF0EFF} = {2D2585B3-9047-41C0-BB5E-13342F1A6549}
		{FF2CFDCF-23ED-45EC-AF82-6D48D86CCEE2} = {2D2585B3-9047-41C0-BB5E-13342F1A6549}
		{3655E093-3C05-4588-A8A5-D1C0DCBF29DA} = {2D2585B3-9047-41C0-BB5E-13342F1A6549}
		{AAB88438-0140-4336-B6F6-15015B50D324} = {CAEAA083-EAA7-4B46-9110-07948BC6B3CF}
		{838F7DDC-24A9-41BA-AF2D-4EE0620AE73A} = {CAEAA083-EAA7-4B46-9110-07948BC6B3CF}
		{8E63C388-44F6-4ECD-9798-0CBA2DA62513} = {838F7DDC-24A9-41BA-AF2D-4EE0620AE73A}
		{D75F8EF9-012B-4AA3-9675-3E367E54B352} = {1FE738C6-A32F-4D19-86D9-8EA9FBAF0EFF}
		{359BDD3F-785D-4A4A-861F-4951E6E71321} = {1FE738C6-A32F-4D19-86D9-8EA9FBAF0EFF}
		{0955D57A-5B86-4145-92A6-84CEFFA8EC2C} = {1FE738C6-A32F-4D19-86D9-8EA9FBAF0EFF}
		{ED31DCA1-208C-42AD-90CF-F9C27FAB9706} = {1FE738C6-A32F-4D19-86D9-8EA9FBAF0EFF}
		{87909EF1-66A5-4E06-877C-F21F92BD6D8D} = {1FE738C6-A32F-4D19-86D9-8EA9FBAF0EFF}
		{C2FE26B7-EA82-43C8-ADAC-ED409D50CCF6} = {1FE738C6-A32F-4D19-86D9-8EA9FBAF0EFF}
		{615E43CA-5A6B-40D9-BBDB-92620BF75220} = {ED31DCA1-208C-42AD-90CF-F9C27FAB9706}
		{65C19CDA-71F1-4494-816F-57F7F5AF0541} = {ED31DCA1-208C-42AD-90CF-F9C27FAB9706}
		{B0193B00-528B-4862-95D8-9F235659BFBA} = {ED31DCA1-208C-42AD-90CF-F9C27FAB9706}
		{628594CA-A097-4E6B-8DBD-00DBF2D9F19B} = {FF2CFDCF-23ED-45EC-AF82-6D48D86CCEE2}
		{9CB07796-8032-4273-B289-E82E84499C5F} = {FF2CFDCF-23ED-45EC-AF82-6D48D86CCEE2}
		{5B9FE36B-AF83-491B-97D9-E634BFD25A9A} = {FF2CFDCF-23ED-45EC-AF82-6D48D86CCEE2}
		{73BEB86B-811F-49A4-93BA-BA95E4E31579} = {5B9FE36B-AF83-491B-97D9-E634BFD25A9A}
		{D111DDF9-E408-4DB9-BBFE-90ACB574BCF5} = {5B9FE36B-AF83-491B-97D9-E634BFD25A9A}
		{D36692FE-0F0D-46B5-9F99-AD128AF3189C} = {5B9FE36B-AF83-491B-97D9-E634BFD25A9A}
		{1886B47D-9119-4BCF-992F-B56C37CEA7AE} = {87909EF1-66A5-4E06-877C-F21F92BD6D8D}
		{6DFE1B83-DB0B-414B-83D0-AFB81D9D6397} = {87909EF1-66A5-4E06-877C-F21F92BD6D8D}
	EndGlobalSection
	GlobalSection(ExtensibilityGlobals) = postSolution
		EnterpriseLibraryConfigurationToolBinariesPath = packages\Unity.2.1.505.0\lib\NET35;packages\Unity.Interception.2.1.505.0\lib\NET35;packages\EnterpriseLibrary.Common.5.0.505.0\lib\NET35;packages\TransientFaultHandling.Core.5.1.1209.0\lib\NET4;packages\EnterpriseLibrary.WindowsAzure.TransientFaultHandling.5.1.1212.0\lib\NET4;packages\EnterpriseLibrary.WindowsAzure.TransientFaultHandling.5.1.1212.0\DesignTime
	EndGlobalSection
	GlobalSection(MonoDevelopProperties) = preSolution
		StartupItem = Sample\CQRSWeb\CQRSWeb.csproj
	EndGlobalSection
EndGlobal
