
Microsoft Visual Studio Solution File, Format Version 12.00
# Visual Studio 2013
VisualStudioVersion = 12.0.40629.0
MinimumVisualStudioVersion = 10.0.40219.1
Project("{2150E333-8FDC-42A3-9474-1A3956D46DE8}") = ".nuget", ".nuget", "{399A3745-89B3-43A4-A573-8A2B821B6AA1}"
	ProjectSection(SolutionItems) = preProject
		.nuget\Local.NuGet.exe = .nuget\Local.NuGet.exe
		.nuget\NuGet.Config = .nuget\NuGet.Config
		.nuget\NuGet.targets = .nuget\NuGet.targets
		.nuget\packages.config = .nuget\packages.config
	EndProjectSection
EndProject
Project("{FAE04EC0-301F-11D3-BF4B-00C04F79EFBC}") = "Chat.RestApi", "Chat.Api\Chat.RestApi.csproj", "{786A9F7D-45CD-4831-9024-29087262DAC7}"
EndProject
Project("{FAE04EC0-301F-11D3-BF4B-00C04F79EFBC}") = "Chat.UI", "Chat.UI\Chat.UI.csproj", "{22A9A5C1-91D5-4B21-AEF8-DE15EF149769}"
EndProject
Project("{FAE04EC0-301F-11D3-BF4B-00C04F79EFBC}") = "Chat.WebJob", "Chat.WebJob\Chat.WebJob.csproj", "{AA1A3830-8C39-4EFB-A747-C3CBD76B39EE}"
EndProject
Project("{FAE04EC0-301F-11D3-BF4B-00C04F79EFBC}") = "Chat.MicroServices", "Chat.MicroServices\Chat.MicroServices.csproj", "{DC239FA1-EF2C-4E75-8C5D-10EF1CEBABFA}"
EndProject
Project("{2150E333-8FDC-42A3-9474-1A3956D46DE8}") = "Solution Items", "Solution Items", "{FB708945-95F8-4292-9A5F-10CAB68F615A}"
	ProjectSection(SolutionItems) = preProject
		Gruntfile.js = Gruntfile.js
		LiveReloadOnSuccessfulBuild.targets = LiveReloadOnSuccessfulBuild.targets
		package.json = package.json
	EndProjectSection
EndProject
Global
	GlobalSection(SolutionConfigurationPlatforms) = preSolution
		Debug|Any CPU = Debug|Any CPU
		Release|Any CPU = Release|Any CPU
	EndGlobalSection
	GlobalSection(ProjectConfigurationPlatforms) = postSolution
		{786A9F7D-45CD-4831-9024-29087262DAC7}.Debug|Any CPU.ActiveCfg = Debug|Any CPU
		{786A9F7D-45CD-4831-9024-29087262DAC7}.Debug|Any CPU.Build.0 = Debug|Any CPU
		{786A9F7D-45CD-4831-9024-29087262DAC7}.Release|Any CPU.ActiveCfg = Release|Any CPU
		{786A9F7D-45CD-4831-9024-29087262DAC7}.Release|Any CPU.Build.0 = Release|Any CPU
		{22A9A5C1-91D5-4B21-AEF8-DE15EF149769}.Debug|Any CPU.ActiveCfg = Debug|Any CPU
		{22A9A5C1-91D5-4B21-AEF8-DE15EF149769}.Debug|Any CPU.Build.0 = Debug|Any CPU
		{22A9A5C1-91D5-4B21-AEF8-DE15EF149769}.Release|Any CPU.ActiveCfg = Release|Any CPU
		{22A9A5C1-91D5-4B21-AEF8-DE15EF149769}.Release|Any CPU.Build.0 = Release|Any CPU
		{AA1A3830-8C39-4EFB-A747-C3CBD76B39EE}.Debug|Any CPU.ActiveCfg = Debug|Any CPU
		{AA1A3830-8C39-4EFB-A747-C3CBD76B39EE}.Debug|Any CPU.Build.0 = Debug|Any CPU
		{AA1A3830-8C39-4EFB-A747-C3CBD76B39EE}.Release|Any CPU.ActiveCfg = Release|Any CPU
		{AA1A3830-8C39-4EFB-A747-C3CBD76B39EE}.Release|Any CPU.Build.0 = Release|Any CPU
		{DC239FA1-EF2C-4E75-8C5D-10EF1CEBABFA}.Debug|Any CPU.ActiveCfg = Debug|Any CPU
		{DC239FA1-EF2C-4E75-8C5D-10EF1CEBABFA}.Debug|Any CPU.Build.0 = Debug|Any CPU
		{DC239FA1-EF2C-4E75-8C5D-10EF1CEBABFA}.Release|Any CPU.ActiveCfg = Release|Any CPU
		{DC239FA1-EF2C-4E75-8C5D-10EF1CEBABFA}.Release|Any CPU.Build.0 = Release|Any CPU
	EndGlobalSection
	GlobalSection(SolutionProperties) = preSolution
		HideSolutionNode = FALSE
	EndGlobalSection
	GlobalSection(ExtensibilityGlobals) = postSolution
		EnterpriseLibraryConfigurationToolBinariesPath = packages\Unity.2.1.505.0\lib\NET35;packages\Unity.Interception.2.1.505.0\lib\NET35;packages\EnterpriseLibrary.Common.5.0.505.0\lib\NET35;packages\TransientFaultHandling.Core.5.1.1209.0\lib\NET4;packages\EnterpriseLibrary.WindowsAzure.TransientFaultHandling.5.1.1212.0\lib\NET4;packages\EnterpriseLibrary.WindowsAzure.TransientFaultHandling.5.1.1212.0\DesignTime
	EndGlobalSection
EndGlobal
