
Microsoft Visual Studio Solution File, Format Version 12.00
# Visual Studio 14
VisualStudioVersion = 14.0.24720.0
MinimumVisualStudioVersion = 10.0.40219.1
Project("{2150E333-8FDC-42A3-9474-1A3956D46DE8}") = ".nuget", ".nuget", "{7DFB6820-C1D9-4F58-9C83-71CC13ABE69A}"
	ProjectSection(SolutionItems) = preProject
		.nuget\NuGet.Config = .nuget\NuGet.Config
		.nuget\NuGet.exe = .nuget\NuGet.exe
		.nuget\packages.config = .nuget\packages.config
	EndProjectSection
EndProject
Project("{FAE04EC0-301F-11D3-BF4B-00C04F79EFBC}") = "MyCompany.MyProject", "MyCompany.MyProject\MyCompany.MyProject.csproj", "{79582343-ACAD-43F4-9BB2-DFE0E6A1CB9A}"
EndProject
Project("{FAE04EC0-301F-11D3-BF4B-00C04F79EFBC}") = "MyCompany.MyProject.Domain", "MyCompany.MyProject.Domain\MyCompany.MyProject.Domain.csproj", "{715C4ABB-FE17-455B-A3F7-ECBBB5AD276B}"
EndProject
Project("{F088123C-0E9E-452A-89E6-6BA2F21D5CAC}") = "MyCompany.MyProject.Models", "MyCompany.MyProject.Models\MyCompany.MyProject.Models.modelproj", "{D7D2AF29-9A36-4452-A810-344CBD41483A}"
EndProject
Project("{FAE04EC0-301F-11D3-BF4B-00C04F79EFBC}") = "MyCompany.MyProject.Domain.Ninject", "MyCompany.MyProject.Domain.Ninject\MyCompany.MyProject.Domain.Ninject.csproj", "{6A4ABBF8-AE6B-492D-8E9B-391DBFC60B16}"
EndProject
Project("{FAE04EC0-301F-11D3-BF4B-00C04F79EFBC}") = "MyCompany.MyProject.Domain.Tests.Integration", "MyCompany.MyProject.Domain.Tests.Integration\MyCompany.MyProject.Domain.Tests.Integration.csproj", "{403E622E-ABCA-4B96-BC08-665A35ABEC5F}"
EndProject
Project("{FAE04EC0-301F-11D3-BF4B-00C04F79EFBC}") = "MyCompany.MyProject.Web.Mvc", "MyCompany.MyProject.Web.Mvc\MyCompany.MyProject.Web.Mvc.csproj", "{02585322-0B0C-402F-AF13-34D2F0A43951}"
EndProject
Project("{FAE04EC0-301F-11D3-BF4B-00C04F79EFBC}") = "MyCompany.MyProject.Domain.Host", "MyCompany.MyProject.Domain.Host\MyCompany.MyProject.Domain.Host.csproj", "{C0EC0FCF-2B27-49EF-A5C2-F31FAE694B31}"
EndProject
Project("{FAE04EC0-301F-11D3-BF4B-00C04F79EFBC}") = "MyCompany.MyProject.Domain.Host.Console", "MyCompany.MyProject.Domain.Host.Console\MyCompany.MyProject.Domain.Host.Console.csproj", "{A75D58FA-067A-4B2E-BA3C-4F9F3F2C7C39}"
EndProject
Project("{FAE04EC0-301F-11D3-BF4B-00C04F79EFBC}") = "MyCompany.MyProject.ServiceHost.Ninject", "MyCompany.MyProject.ServiceHost.Ninject\MyCompany.MyProject.ServiceHost.Ninject.csproj", "{D152D02C-DBD9-4C95-9879-8AD412BF8810}"
EndProject
Global
	GlobalSection(SolutionConfigurationPlatforms) = preSolution
		Debug|Any CPU = Debug|Any CPU
		Release|Any CPU = Release|Any CPU
	EndGlobalSection
	GlobalSection(ProjectConfigurationPlatforms) = postSolution
		{79582343-ACAD-43F4-9BB2-DFE0E6A1CB9A}.Debug|Any CPU.ActiveCfg = Debug|Any CPU
		{79582343-ACAD-43F4-9BB2-DFE0E6A1CB9A}.Debug|Any CPU.Build.0 = Debug|Any CPU
		{79582343-ACAD-43F4-9BB2-DFE0E6A1CB9A}.Release|Any CPU.ActiveCfg = Release|Any CPU
		{79582343-ACAD-43F4-9BB2-DFE0E6A1CB9A}.Release|Any CPU.Build.0 = Release|Any CPU
		{715C4ABB-FE17-455B-A3F7-ECBBB5AD276B}.Debug|Any CPU.ActiveCfg = Debug|Any CPU
		{715C4ABB-FE17-455B-A3F7-ECBBB5AD276B}.Debug|Any CPU.Build.0 = Debug|Any CPU
		{715C4ABB-FE17-455B-A3F7-ECBBB5AD276B}.Release|Any CPU.ActiveCfg = Release|Any CPU
		{715C4ABB-FE17-455B-A3F7-ECBBB5AD276B}.Release|Any CPU.Build.0 = Release|Any CPU
		{D7D2AF29-9A36-4452-A810-344CBD41483A}.Debug|Any CPU.ActiveCfg = Debug|Any CPU
		{D7D2AF29-9A36-4452-A810-344CBD41483A}.Debug|Any CPU.Build.0 = Debug|Any CPU
		{D7D2AF29-9A36-4452-A810-344CBD41483A}.Release|Any CPU.ActiveCfg = Release|Any CPU
		{D7D2AF29-9A36-4452-A810-344CBD41483A}.Release|Any CPU.Build.0 = Release|Any CPU
		{6A4ABBF8-AE6B-492D-8E9B-391DBFC60B16}.Debug|Any CPU.ActiveCfg = Debug|Any CPU
		{6A4ABBF8-AE6B-492D-8E9B-391DBFC60B16}.Debug|Any CPU.Build.0 = Debug|Any CPU
		{6A4ABBF8-AE6B-492D-8E9B-391DBFC60B16}.Release|Any CPU.ActiveCfg = Release|Any CPU
		{6A4ABBF8-AE6B-492D-8E9B-391DBFC60B16}.Release|Any CPU.Build.0 = Release|Any CPU
		{403E622E-ABCA-4B96-BC08-665A35ABEC5F}.Debug|Any CPU.ActiveCfg = Debug|Any CPU
		{403E622E-ABCA-4B96-BC08-665A35ABEC5F}.Debug|Any CPU.Build.0 = Debug|Any CPU
		{403E622E-ABCA-4B96-BC08-665A35ABEC5F}.Release|Any CPU.ActiveCfg = Release|Any CPU
		{403E622E-ABCA-4B96-BC08-665A35ABEC5F}.Release|Any CPU.Build.0 = Release|Any CPU
		{02585322-0B0C-402F-AF13-34D2F0A43951}.Debug|Any CPU.ActiveCfg = Debug|Any CPU
		{02585322-0B0C-402F-AF13-34D2F0A43951}.Debug|Any CPU.Build.0 = Debug|Any CPU
		{02585322-0B0C-402F-AF13-34D2F0A43951}.Release|Any CPU.ActiveCfg = Release|Any CPU
		{02585322-0B0C-402F-AF13-34D2F0A43951}.Release|Any CPU.Build.0 = Release|Any CPU
		{C0EC0FCF-2B27-49EF-A5C2-F31FAE694B31}.Debug|Any CPU.ActiveCfg = Debug|Any CPU
		{C0EC0FCF-2B27-49EF-A5C2-F31FAE694B31}.Debug|Any CPU.Build.0 = Debug|Any CPU
		{C0EC0FCF-2B27-49EF-A5C2-F31FAE694B31}.Release|Any CPU.ActiveCfg = Release|Any CPU
		{C0EC0FCF-2B27-49EF-A5C2-F31FAE694B31}.Release|Any CPU.Build.0 = Release|Any CPU
		{A75D58FA-067A-4B2E-BA3C-4F9F3F2C7C39}.Debug|Any CPU.ActiveCfg = Debug|Any CPU
		{A75D58FA-067A-4B2E-BA3C-4F9F3F2C7C39}.Debug|Any CPU.Build.0 = Debug|Any CPU
		{A75D58FA-067A-4B2E-BA3C-4F9F3F2C7C39}.Release|Any CPU.ActiveCfg = Release|Any CPU
		{A75D58FA-067A-4B2E-BA3C-4F9F3F2C7C39}.Release|Any CPU.Build.0 = Release|Any CPU
		{D152D02C-DBD9-4C95-9879-8AD412BF8810}.Debug|Any CPU.ActiveCfg = Debug|Any CPU
		{D152D02C-DBD9-4C95-9879-8AD412BF8810}.Debug|Any CPU.Build.0 = Debug|Any CPU
		{D152D02C-DBD9-4C95-9879-8AD412BF8810}.Release|Any CPU.ActiveCfg = Release|Any CPU
		{D152D02C-DBD9-4C95-9879-8AD412BF8810}.Release|Any CPU.Build.0 = Release|Any CPU
	EndGlobalSection
	GlobalSection(SolutionProperties) = preSolution
		HideSolutionNode = FALSE
	EndGlobalSection
EndGlobal
