
Microsoft Visual Studio Solution File, Format Version 12.00
# Visual Studio 2010
Project("{2150E333-8FDC-42A3-9474-1A3956D46DE8}") = "Sample", "Sample", "{B8A193A0-0649-4A91-AD4C-DD87794D5836}"
EndProject
Project("{2150E333-8FDC-42A3-9474-1A3956D46DE8}") = "Framework", "Framework", "{2D2585B3-9047-41C0-BB5E-13342F1A6549}"
EndProject
Project("{FAE04EC0-301F-11D3-BF4B-00C04F79EFBC}") = "CqrsCode", "Sample\CQRSCode\CqrsCode.csproj", "{34E7DC24-8080-4E47-90E6-3BCDA44955E5}"
EndProject
Project("{FAE04EC0-301F-11D3-BF4B-00C04F79EFBC}") = "CqrsCodeTests", "Sample\CQRSTests\CqrsCodeTests.csproj", "{ADBFA246-319B-4555-98BE-09726B7E6B89}"
EndProject
Project("{FAE04EC0-301F-11D3-BF4B-00C04F79EFBC}") = "Cqrs", "Framework\Cqrs\Cqrs.csproj", "{DAFD2A8A-D6B0-4433-8DDF-B98460C64EC6}"
EndProject
Project("{FAE04EC0-301F-11D3-BF4B-00C04F79EFBC}") = "Cqrs.Tests", "Framework\Cqrs.Tests\Cqrs.Tests.csproj", "{420F0A58-CB69-4517-9251-6F92911C3A61}"
EndProject
Project("{FAE04EC0-301F-11D3-BF4B-00C04F79EFBC}") = "Cqrs.Tests.Extensions", "Framework\Cqrs.Tests.Extensions\Cqrs.Tests.Extensions.csproj", "{8E96F332-4D60-42E5-A264-5707A68A297A}"
EndProject
Project("{FAE04EC0-301F-11D3-BF4B-00C04F79EFBC}") = "CqrsWeb", "Sample\CQRSWeb\CqrsWeb.csproj", "{7D917143-64CF-4492-A2F6-B1D5B95136F6}"
EndProject
Project("{2150E333-8FDC-42A3-9474-1A3956D46DE8}") = ".nuget", ".nuget", "{5DAF4767-2F4D-45C0-AE0D-16834C0CD8F7}"
	ProjectSection(SolutionItems) = preProject
		.nuget\NuGet.Config = .nuget\NuGet.Config
		.nuget\NuGet.exe = .nuget\NuGet.exe
		.nuget\NuGet.targets = .nuget\NuGet.targets
	EndProjectSection
EndProject
Project("{FAE04EC0-301F-11D3-BF4B-00C04F79EFBC}") = "Cqrs.EventStore", "Framework\Cqrs.EventStore\Cqrs.EventStore.csproj", "{99423D39-2537-4C59-844D-6FDA5E3307BA}"
EndProject
Project("{2150E333-8FDC-42A3-9474-1A3956D46DE8}") = "Modeling", "Modeling", "{CAEAA083-EAA7-4B46-9110-07948BC6B3CF}"
EndProject
Project("{FAE04EC0-301F-11D3-BF4B-00C04F79EFBC}") = "Cqrs.Modelling.UmlProfiles", "Modelling\UmlProfiles\Cqrs.Modelling.UmlProfiles.csproj", "{AAB88438-0140-4336-B6F6-15015B50D324}"
EndProject
Project("{2150E333-8FDC-42A3-9474-1A3956D46DE8}") = "Templates", "Templates", "{838F7DDC-24A9-41BA-AF2D-4EE0620AE73A}"
	ProjectSection(SolutionItems) = preProject
		Modelling\Templates\AggregateRepositoryInterfaceTemplate.t4 = Modelling\Templates\AggregateRepositoryInterfaceTemplate.t4
		Modelling\Templates\AggregateRepositoryTemplate.t4 = Modelling\Templates\AggregateRepositoryTemplate.t4
		Modelling\Templates\AggregateServiceInterfaceTemplate.t4 = Modelling\Templates\AggregateServiceInterfaceTemplate.t4
		Modelling\Templates\AggregateServiceTemplate.t4 = Modelling\Templates\AggregateServiceTemplate.t4
		Modelling\Templates\AggregateTemplate.t4 = Modelling\Templates\AggregateTemplate.t4
		Modelling\Templates\CommandHandlerPartialTemplate.t4 = Modelling\Templates\CommandHandlerPartialTemplate.t4
		Modelling\Templates\CommandHandlerTemplate.t4 = Modelling\Templates\CommandHandlerTemplate.t4
		Modelling\Templates\CommandTemplate.t4 = Modelling\Templates\CommandTemplate.t4
		Modelling\Templates\CqrsTemplateHelpers.t4 = Modelling\Templates\CqrsTemplateHelpers.t4
		Modelling\Templates\CreateCommandHandlerTemplate.t4 = Modelling\Templates\CreateCommandHandlerTemplate.t4
		Modelling\Templates\CreateCommandTemplate.t4 = Modelling\Templates\CreateCommandTemplate.t4
		Modelling\Templates\CreatedEventHandlerPartialTemplate.t4 = Modelling\Templates\CreatedEventHandlerPartialTemplate.t4
		Modelling\Templates\CreatedEventHandlerTemplate.t4 = Modelling\Templates\CreatedEventHandlerTemplate.t4
		Modelling\Templates\CreatedEventTemplate.t4 = Modelling\Templates\CreatedEventTemplate.t4
		Modelling\Templates\CSharpCommentHelpers.t4 = Modelling\Templates\CSharpCommentHelpers.t4
		Modelling\Templates\CSharpHelpers.t4 = Modelling\Templates\CSharpHelpers.t4
		Modelling\Templates\CSharpStereotypeHelpers.t4 = Modelling\Templates\CSharpStereotypeHelpers.t4
		Modelling\Templates\DeleteCommandHandlerTemplate.t4 = Modelling\Templates\DeleteCommandHandlerTemplate.t4
		Modelling\Templates\DeleteCommandTemplate.t4 = Modelling\Templates\DeleteCommandTemplate.t4
		Modelling\Templates\DeletedEventHandlerPartialTemplate.t4 = Modelling\Templates\DeletedEventHandlerPartialTemplate.t4
		Modelling\Templates\DeletedEventHandlerTemplate.t4 = Modelling\Templates\DeletedEventHandlerTemplate.t4
		Modelling\Templates\DeletedEventTemplate.t4 = Modelling\Templates\DeletedEventTemplate.t4
		Modelling\Templates\DomainDataStoreFactoryInterfaceTemplate.t4 = Modelling\Templates\DomainDataStoreFactoryInterfaceTemplate.t4
		Modelling\Templates\EntityInterfaceTemplate.t4 = Modelling\Templates\EntityInterfaceTemplate.t4
		Modelling\Templates\EntityTemplate.t4 = Modelling\Templates\EntityTemplate.t4
		Modelling\Templates\EventHandlerPartialTemplate.t4 = Modelling\Templates\EventHandlerPartialTemplate.t4
		Modelling\Templates\EventHandlerTemplate.t4 = Modelling\Templates\EventHandlerTemplate.t4
		Modelling\Templates\EventTemplate.t4 = Modelling\Templates\EventTemplate.t4
		Modelling\Templates\IndexAssemblyProvider.t4 = Modelling\Templates\IndexAssemblyProvider.t4
		Modelling\Templates\ModelHelper.t4 = Modelling\Templates\ModelHelper.t4
		Modelling\Templates\MongoDomainDataStoreFactoryTemplate.t4 = Modelling\Templates\MongoDomainDataStoreFactoryTemplate.t4
		Modelling\Templates\QueryBuilderInterfaceTemplate.t4 = Modelling\Templates\QueryBuilderInterfaceTemplate.t4
		Modelling\Templates\QueryBuilderPartialTemplate.t4 = Modelling\Templates\QueryBuilderPartialTemplate.t4
		Modelling\Templates\QueryBuilderTemplate.t4 = Modelling\Templates\QueryBuilderTemplate.t4
		Modelling\Templates\QueryStrategyInterfaceTemplate.t4 = Modelling\Templates\QueryStrategyInterfaceTemplate.t4
		Modelling\Templates\QueryStrategyTemplate.t4 = Modelling\Templates\QueryStrategyTemplate.t4
		Modelling\Templates\ServiceInterfaceTemplate.t4 = Modelling\Templates\ServiceInterfaceTemplate.t4
		Modelling\Templates\ServicePartialTemplate.t4 = Modelling\Templates\ServicePartialTemplate.t4
		Modelling\Templates\ServiceTemplate.t4 = Modelling\Templates\ServiceTemplate.t4
		Modelling\Templates\TemplateHeader.t4 = Modelling\Templates\TemplateHeader.t4
		Modelling\Templates\UpdateCommandHandlerTemplate.t4 = Modelling\Templates\UpdateCommandHandlerTemplate.t4
		Modelling\Templates\UpdateCommandTemplate.t4 = Modelling\Templates\UpdateCommandTemplate.t4
		Modelling\Templates\UpdatedEventHandlerPartialTemplate.t4 = Modelling\Templates\UpdatedEventHandlerPartialTemplate.t4
		Modelling\Templates\UpdatedEventHandlerTemplate.t4 = Modelling\Templates\UpdatedEventHandlerTemplate.t4
		Modelling\Templates\UpdatedEventTemplate.t4 = Modelling\Templates\UpdatedEventTemplate.t4
		Modelling\Templates\ValidationHelper.t4 = Modelling\Templates\ValidationHelper.t4
	EndProjectSection
EndProject
Project("{FAE04EC0-301F-11D3-BF4B-00C04F79EFBC}") = "Cqrs.Mongo", "Framework\Cqrs.Mongo\Cqrs.Mongo.csproj", "{82A23F49-C3B6-4CC6-B7BC-C929FD932744}"
EndProject
Project("{FAE04EC0-301F-11D3-BF4B-00C04F79EFBC}") = "Cqrs.Ninject", "Framework\Cqrs.Ninject\Cqrs.Ninject.csproj", "{359BDD3F-785D-4A4A-861F-4951E6E71321}"
EndProject
Project("{FAE04EC0-301F-11D3-BF4B-00C04F79EFBC}") = "Cqrs.Ninject.EventStore", "Framework\Cqrs.Ninject.EventStore\Cqrs.Ninject.EventStore.csproj", "{D75F8EF9-012B-4AA3-9675-3E367E54B352}"
EndProject
Project("{2150E333-8FDC-42A3-9474-1A3956D46DE8}") = "Ninject", "Ninject", "{1FE738C6-A32F-4D19-86D9-8EA9FBAF0EFF}"
EndProject
Project("{FAE04EC0-301F-11D3-BF4B-00C04F79EFBC}") = "Cqrs.Ninject.Mongo", "Framework\Cqrs.Ninject.Mongo\Cqrs.Ninject.Mongo.csproj", "{0955D57A-5B86-4145-92A6-84CEFFA8EC2C}"
EndProject
Project("{FAE04EC0-301F-11D3-BF4B-00C04F79EFBC}") = "MyCompany.MyProject.Domain", "Sample\MyCompany.MyProject.Domain\MyCompany.MyProject.Domain.csproj", "{715C4ABB-FE17-455B-A3F7-ECBBB5AD276B}"
EndProject
Project("{FAE04EC0-301F-11D3-BF4B-00C04F79EFBC}") = "MyCompany.MyProject", "Sample\MyCompany.MyProject\MyCompany.MyProject.csproj", "{79582343-ACAD-43F4-9BB2-DFE0E6A1CB9A}"
EndProject
Project("{F088123C-0E9E-452A-89E6-6BA2F21D5CAC}") = "MyCompany.MyProject.Models", "Sample\MyCompany.MyProject.Models\MyCompany.MyProject.Models.modelproj", "{D7D2AF29-9A36-4452-A810-344CBD41483A}"
EndProject
Global
	GlobalSection(SolutionConfigurationPlatforms) = preSolution
		Debug|Any CPU = Debug|Any CPU
		Release|Any CPU = Release|Any CPU
	EndGlobalSection
	GlobalSection(ProjectConfigurationPlatforms) = postSolution
		{34E7DC24-8080-4E47-90E6-3BCDA44955E5}.Debug|Any CPU.ActiveCfg = Debug|Any CPU
		{34E7DC24-8080-4E47-90E6-3BCDA44955E5}.Debug|Any CPU.Build.0 = Debug|Any CPU
		{34E7DC24-8080-4E47-90E6-3BCDA44955E5}.Release|Any CPU.ActiveCfg = Release|Any CPU
		{34E7DC24-8080-4E47-90E6-3BCDA44955E5}.Release|Any CPU.Build.0 = Release|Any CPU
		{ADBFA246-319B-4555-98BE-09726B7E6B89}.Debug|Any CPU.ActiveCfg = Debug|Any CPU
		{ADBFA246-319B-4555-98BE-09726B7E6B89}.Debug|Any CPU.Build.0 = Debug|Any CPU
		{ADBFA246-319B-4555-98BE-09726B7E6B89}.Release|Any CPU.ActiveCfg = Release|Any CPU
		{ADBFA246-319B-4555-98BE-09726B7E6B89}.Release|Any CPU.Build.0 = Release|Any CPU
		{DAFD2A8A-D6B0-4433-8DDF-B98460C64EC6}.Debug|Any CPU.ActiveCfg = Debug|Any CPU
		{DAFD2A8A-D6B0-4433-8DDF-B98460C64EC6}.Debug|Any CPU.Build.0 = Debug|Any CPU
		{DAFD2A8A-D6B0-4433-8DDF-B98460C64EC6}.Release|Any CPU.ActiveCfg = Release|Any CPU
		{DAFD2A8A-D6B0-4433-8DDF-B98460C64EC6}.Release|Any CPU.Build.0 = Release|Any CPU
		{420F0A58-CB69-4517-9251-6F92911C3A61}.Debug|Any CPU.ActiveCfg = Debug|Any CPU
		{420F0A58-CB69-4517-9251-6F92911C3A61}.Debug|Any CPU.Build.0 = Debug|Any CPU
		{420F0A58-CB69-4517-9251-6F92911C3A61}.Release|Any CPU.ActiveCfg = Release|Any CPU
		{420F0A58-CB69-4517-9251-6F92911C3A61}.Release|Any CPU.Build.0 = Release|Any CPU
		{8E96F332-4D60-42E5-A264-5707A68A297A}.Debug|Any CPU.ActiveCfg = Debug|Any CPU
		{8E96F332-4D60-42E5-A264-5707A68A297A}.Debug|Any CPU.Build.0 = Debug|Any CPU
		{8E96F332-4D60-42E5-A264-5707A68A297A}.Release|Any CPU.ActiveCfg = Release|Any CPU
		{8E96F332-4D60-42E5-A264-5707A68A297A}.Release|Any CPU.Build.0 = Release|Any CPU
		{7D917143-64CF-4492-A2F6-B1D5B95136F6}.Debug|Any CPU.ActiveCfg = Debug|Any CPU
		{7D917143-64CF-4492-A2F6-B1D5B95136F6}.Debug|Any CPU.Build.0 = Debug|Any CPU
		{7D917143-64CF-4492-A2F6-B1D5B95136F6}.Release|Any CPU.ActiveCfg = Release|Any CPU
		{7D917143-64CF-4492-A2F6-B1D5B95136F6}.Release|Any CPU.Build.0 = Release|Any CPU
		{99423D39-2537-4C59-844D-6FDA5E3307BA}.Debug|Any CPU.ActiveCfg = Debug|Any CPU
		{99423D39-2537-4C59-844D-6FDA5E3307BA}.Debug|Any CPU.Build.0 = Debug|Any CPU
		{99423D39-2537-4C59-844D-6FDA5E3307BA}.Release|Any CPU.ActiveCfg = Release|Any CPU
		{99423D39-2537-4C59-844D-6FDA5E3307BA}.Release|Any CPU.Build.0 = Release|Any CPU
		{AAB88438-0140-4336-B6F6-15015B50D324}.Debug|Any CPU.ActiveCfg = Debug|Any CPU
		{AAB88438-0140-4336-B6F6-15015B50D324}.Debug|Any CPU.Build.0 = Debug|Any CPU
		{AAB88438-0140-4336-B6F6-15015B50D324}.Release|Any CPU.ActiveCfg = Release|Any CPU
		{82A23F49-C3B6-4CC6-B7BC-C929FD932744}.Debug|Any CPU.ActiveCfg = Debug|Any CPU
		{82A23F49-C3B6-4CC6-B7BC-C929FD932744}.Debug|Any CPU.Build.0 = Debug|Any CPU
		{82A23F49-C3B6-4CC6-B7BC-C929FD932744}.Release|Any CPU.ActiveCfg = Release|Any CPU
		{82A23F49-C3B6-4CC6-B7BC-C929FD932744}.Release|Any CPU.Build.0 = Release|Any CPU
		{359BDD3F-785D-4A4A-861F-4951E6E71321}.Debug|Any CPU.ActiveCfg = Debug|Any CPU
		{359BDD3F-785D-4A4A-861F-4951E6E71321}.Debug|Any CPU.Build.0 = Debug|Any CPU
		{359BDD3F-785D-4A4A-861F-4951E6E71321}.Release|Any CPU.ActiveCfg = Release|Any CPU
		{359BDD3F-785D-4A4A-861F-4951E6E71321}.Release|Any CPU.Build.0 = Release|Any CPU
		{D75F8EF9-012B-4AA3-9675-3E367E54B352}.Debug|Any CPU.ActiveCfg = Debug|Any CPU
		{D75F8EF9-012B-4AA3-9675-3E367E54B352}.Debug|Any CPU.Build.0 = Debug|Any CPU
		{D75F8EF9-012B-4AA3-9675-3E367E54B352}.Release|Any CPU.ActiveCfg = Release|Any CPU
		{D75F8EF9-012B-4AA3-9675-3E367E54B352}.Release|Any CPU.Build.0 = Release|Any CPU
		{0955D57A-5B86-4145-92A6-84CEFFA8EC2C}.Debug|Any CPU.ActiveCfg = Debug|Any CPU
		{0955D57A-5B86-4145-92A6-84CEFFA8EC2C}.Debug|Any CPU.Build.0 = Debug|Any CPU
		{0955D57A-5B86-4145-92A6-84CEFFA8EC2C}.Release|Any CPU.ActiveCfg = Release|Any CPU
		{0955D57A-5B86-4145-92A6-84CEFFA8EC2C}.Release|Any CPU.Build.0 = Release|Any CPU
		{715C4ABB-FE17-455B-A3F7-ECBBB5AD276B}.Debug|Any CPU.ActiveCfg = Debug|Any CPU
		{715C4ABB-FE17-455B-A3F7-ECBBB5AD276B}.Debug|Any CPU.Build.0 = Debug|Any CPU
		{715C4ABB-FE17-455B-A3F7-ECBBB5AD276B}.Release|Any CPU.ActiveCfg = Release|Any CPU
		{715C4ABB-FE17-455B-A3F7-ECBBB5AD276B}.Release|Any CPU.Build.0 = Release|Any CPU
		{79582343-ACAD-43F4-9BB2-DFE0E6A1CB9A}.Debug|Any CPU.ActiveCfg = Debug|Any CPU
		{79582343-ACAD-43F4-9BB2-DFE0E6A1CB9A}.Debug|Any CPU.Build.0 = Debug|Any CPU
		{79582343-ACAD-43F4-9BB2-DFE0E6A1CB9A}.Release|Any CPU.ActiveCfg = Release|Any CPU
		{79582343-ACAD-43F4-9BB2-DFE0E6A1CB9A}.Release|Any CPU.Build.0 = Release|Any CPU
		{D7D2AF29-9A36-4452-A810-344CBD41483A}.Debug|Any CPU.ActiveCfg = Debug|Any CPU
		{D7D2AF29-9A36-4452-A810-344CBD41483A}.Debug|Any CPU.Build.0 = Debug|Any CPU
		{D7D2AF29-9A36-4452-A810-344CBD41483A}.Release|Any CPU.ActiveCfg = Release|Any CPU
		{D7D2AF29-9A36-4452-A810-344CBD41483A}.Release|Any CPU.Build.0 = Release|Any CPU
	EndGlobalSection
	GlobalSection(SolutionProperties) = preSolution
		HideSolutionNode = FALSE
	EndGlobalSection
	GlobalSection(NestedProjects) = preSolution
		{34E7DC24-8080-4E47-90E6-3BCDA44955E5} = {B8A193A0-0649-4A91-AD4C-DD87794D5836}
		{ADBFA246-319B-4555-98BE-09726B7E6B89} = {B8A193A0-0649-4A91-AD4C-DD87794D5836}
		{7D917143-64CF-4492-A2F6-B1D5B95136F6} = {B8A193A0-0649-4A91-AD4C-DD87794D5836}
		{715C4ABB-FE17-455B-A3F7-ECBBB5AD276B} = {B8A193A0-0649-4A91-AD4C-DD87794D5836}
		{79582343-ACAD-43F4-9BB2-DFE0E6A1CB9A} = {B8A193A0-0649-4A91-AD4C-DD87794D5836}
		{D7D2AF29-9A36-4452-A810-344CBD41483A} = {B8A193A0-0649-4A91-AD4C-DD87794D5836}
		{DAFD2A8A-D6B0-4433-8DDF-B98460C64EC6} = {2D2585B3-9047-41C0-BB5E-13342F1A6549}
		{420F0A58-CB69-4517-9251-6F92911C3A61} = {2D2585B3-9047-41C0-BB5E-13342F1A6549}
		{8E96F332-4D60-42E5-A264-5707A68A297A} = {2D2585B3-9047-41C0-BB5E-13342F1A6549}
		{99423D39-2537-4C59-844D-6FDA5E3307BA} = {2D2585B3-9047-41C0-BB5E-13342F1A6549}
		{82A23F49-C3B6-4CC6-B7BC-C929FD932744} = {2D2585B3-9047-41C0-BB5E-13342F1A6549}
		{1FE738C6-A32F-4D19-86D9-8EA9FBAF0EFF} = {2D2585B3-9047-41C0-BB5E-13342F1A6549}
		{AAB88438-0140-4336-B6F6-15015B50D324} = {CAEAA083-EAA7-4B46-9110-07948BC6B3CF}
		{838F7DDC-24A9-41BA-AF2D-4EE0620AE73A} = {CAEAA083-EAA7-4B46-9110-07948BC6B3CF}
		{D75F8EF9-012B-4AA3-9675-3E367E54B352} = {1FE738C6-A32F-4D19-86D9-8EA9FBAF0EFF}
		{359BDD3F-785D-4A4A-861F-4951E6E71321} = {1FE738C6-A32F-4D19-86D9-8EA9FBAF0EFF}
		{0955D57A-5B86-4145-92A6-84CEFFA8EC2C} = {1FE738C6-A32F-4D19-86D9-8EA9FBAF0EFF}
	EndGlobalSection
	GlobalSection(MonoDevelopProperties) = preSolution
		StartupItem = Sample\CQRSWeb\CQRSWeb.csproj
	EndGlobalSection
EndGlobal
