
Microsoft Visual Studio Solution File, Format Version 12.00
# Visual Studio Version 17
VisualStudioVersion = 17.7.34031.279
MinimumVisualStudioVersion = 10.0.40219.1
Project("{9A19103F-16F7-4668-BE54-9A1E7A4F7556}") = "Cqrs.Scheduler.Events", "Cqrs.Scheduler.Events\Cqrs.Scheduler.Events.csproj", "{10126618-090C-43C5-9A32-045FE3B58AF8}"
EndProject
Project("{9A19103F-16F7-4668-BE54-9A1E7A4F7556}") = "Cqrs.Scheduler.SampleReport", "Cqrs.Scheduler.SampleReport\Cqrs.Scheduler.SampleReport.csproj", "{11CA83DC-DB5C-41A4-8F2C-79B04CE9ECD3}"
EndProject
Project("{9A19103F-16F7-4668-BE54-9A1E7A4F7556}") = "Cqrs.Scheduler.Commands", "Cqrs.Scheduler.Commands\Cqrs.Scheduler.Commands.csproj", "{43D01A8A-F1E4-40E8-820E-F9357E39B61D}"
EndProject
Project("{9A19103F-16F7-4668-BE54-9A1E7A4F7556}") = "Cqrs.Scheduler.Trigger", "Cqrs.Scheduler.Trigger\Cqrs.Scheduler.Trigger.csproj", "{8373F647-BC1E-4BA4-8136-1076AD7CB19B}"
EndProject
Project("{2150E333-8FDC-42A3-9474-1A3956D46DE8}") = "Solution Items", "Solution Items", "{9462C6F5-0CB9-48E1-804E-9007B27DFD6A}"
	ProjectSection(SolutionItems) = preProject
		ReadMeFirst.txt = ReadMeFirst.txt
	EndProjectSection
EndProject
Project("{9A19103F-16F7-4668-BE54-9A1E7A4F7556}") = "Cqrs.Scheduler.TimeZones", "Cqrs.Scheduler.TimeZones\Cqrs.Scheduler.TimeZones.csproj", "{59BC549F-FF18-4840-8CD7-EBEAB333E955}"
EndProject
Project("{9A19103F-16F7-4668-BE54-9A1E7A4F7556}") = "Cqrs", "..\Framework\Cqrs\Cqrs.csproj", "{D4BA3899-E846-4596-90DB-1C11D3C58357}"
EndProject
Project("{2150E333-8FDC-42A3-9474-1A3956D46DE8}") = "Framework", "Framework", "{01BE8F52-4852-4445-AC4E-2807A1DB56C6}"
EndProject
Project("{9A19103F-16F7-4668-BE54-9A1E7A4F7556}") = "Cqrs.Ninject.Azure.WebJobs", "..\Framework\Ninject\Azure\Cqrs.Ninject.Azure.WebJobs\Cqrs.Ninject.Azure.WebJobs.csproj", "{01E9A698-D559-458E-BC2F-97B5A80A8A76}"
EndProject
Project("{9A19103F-16F7-4668-BE54-9A1E7A4F7556}") = "Cqrs.Azure.ConfigurationManager", "..\Framework\Azure\Cqrs.Azure.ConfigurationManager\Cqrs.Azure.ConfigurationManager.csproj", "{5616AEF0-AB33-47D0-9C25-716997A9020C}"
EndProject
Project("{9A19103F-16F7-4668-BE54-9A1E7A4F7556}") = "Cqrs.Azure.ServiceBus", "..\Framework\Azure\Cqrs.Azure.ServiceBus\Cqrs.Azure.ServiceBus.csproj", "{52492642-2F35-4CFC-A3B8-6B9BCCE80DCD}"
EndProject
Project("{9A19103F-16F7-4668-BE54-9A1E7A4F7556}") = "Cqrs.Ninject.Azure.Wcf", "..\Framework\Ninject\Azure\Cqrs.Ninject.Azure.Wcf\Cqrs.Ninject.Azure.Wcf.csproj", "{E5B98E42-4969-4810-B1C7-42E22165DC63}"
EndProject
Project("{9A19103F-16F7-4668-BE54-9A1E7A4F7556}") = "Cqrs.Ninject.Azure.ServiceBus.CommandBus", "..\Framework\Ninject\Azure\Cqrs.Ninject.Azure.ServiceBus.CommandBus\Cqrs.Ninject.Azure.ServiceBus.CommandBus.csproj", "{DDE307EA-E03C-40E0-9553-862B323C622B}"
EndProject
Project("{9A19103F-16F7-4668-BE54-9A1E7A4F7556}") = "Cqrs.Ninject.Azure.ServiceBus.EventBus", "..\Framework\Ninject\Azure\Cqrs.Ninject.Azure.ServiceBus.EventBus\Cqrs.Ninject.Azure.ServiceBus.EventBus.csproj", "{2DBE8B22-629E-4E2B-977A-1BC078721AE9}"
EndProject
Project("{2150E333-8FDC-42A3-9474-1A3956D46DE8}") = "Ninject", "Ninject", "{868B5403-0EF2-4EDD-B9CC-32B126760BA9}"
EndProject
Project("{2150E333-8FDC-42A3-9474-1A3956D46DE8}") = "Azure", "Azure", "{7C84E9B3-277C-42A3-B9C7-9F2152997E77}"
EndProject
Project("{9A19103F-16F7-4668-BE54-9A1E7A4F7556}") = "Cqrs.Ninject", "..\Framework\Ninject\Cqrs.Ninject\Cqrs.Ninject.csproj", "{D3851993-E23A-4B1C-9CDB-EC8BBFE4E633}"
EndProject
Project("{2150E333-8FDC-42A3-9474-1A3956D46DE8}") = "Azure", "Azure", "{55245302-EADC-499C-A9E9-407347CF32F9}"
EndProject
Project("{9A19103F-16F7-4668-BE54-9A1E7A4F7556}") = "Cqrs.Azure.WebJobs", "..\Framework\Azure\Cqrs.Azure.WebJobs\Cqrs.Azure.WebJobs.csproj", "{CB8FD439-1677-4C47-8694-6B8B51449E80}"
EndProject
Project("{9A19103F-16F7-4668-BE54-9A1E7A4F7556}") = "Cqrs.Azure.Functions", "..\Framework\Azure\Cqrs.Azure.Functions\Cqrs.Azure.Functions.csproj", "{D72183CE-C1C0-41D7-A7DA-50C3F3B5F2D0}"
EndProject
Project("{9A19103F-16F7-4668-BE54-9A1E7A4F7556}") = "Cqrs.Azure.Functions.Isolated", "..\Framework\Azure\Cqrs.Azure.Functions.Isolated\Cqrs.Azure.Functions.Isolated.csproj", "{295E76E8-7788-4881-ACB6-FEF505F1DDA4}"
EndProject
Project("{9A19103F-16F7-4668-BE54-9A1E7A4F7556}") = "Cqrs.DependencyInjection", "..\Framework\DependencyInjection\Cqrs.DependencyInjection\Cqrs.DependencyInjection.csproj", "{C36EA4F3-81D8-4F2E-BBBD-49871FEA843B}"
EndProject
Project("{9A19103F-16F7-4668-BE54-9A1E7A4F7556}") = "_EnterpriseLibrary.Azure.TransientFaultHandling.ServiceBus.NetCore", "..\Framework\Azure\EnterpriseLibrary.Azure.TransientFaultHandling.ServiceBus.NetCore\_EnterpriseLibrary.Azure.TransientFaultHandling.ServiceBus.NetCore.csproj", "{18964ECE-530E-4A0A-829D-8BAB5ED8BE62}"
EndProject
Project("{9A19103F-16F7-4668-BE54-9A1E7A4F7556}") = "Cqrs.Azure.Functions.ServiceBus", "..\Framework\Azure\Cqrs.Azure.Functions.ServiceBus\Cqrs.Azure.Functions.ServiceBus.csproj", "{A38B52B1-5D6E-4641-9FA0-D4936D6DACFC}"
EndProject
Project("{2150E333-8FDC-42A3-9474-1A3956D46DE8}") = "DependencyInjection", "DependencyInjection", "{3DDD773E-A160-4C59-9FD9-5132511B5060}"
EndProject
Project("{2150E333-8FDC-42A3-9474-1A3956D46DE8}") = "Azure", "Azure", "{1F0AAB57-2B6B-4F63-9C85-3240F1780E95}"
EndProject
Project("{9A19103F-16F7-4668-BE54-9A1E7A4F7556}") = "Cqrs.DependencyInjection.Azure.ServiceBus.CommandBus", "..\Framework\DependencyInjection\Azure\Cqrs.DependencyInjection.Azure.ServiceBus.CommandBus\Cqrs.DependencyInjection.Azure.ServiceBus.CommandBus.csproj", "{7880DA6F-0694-49B1-B8D3-D46EF10BF574}"
EndProject
Project("{9A19103F-16F7-4668-BE54-9A1E7A4F7556}") = "Cqrs.DependencyInjection.Azure.ServiceBus.EventBus", "..\Framework\DependencyInjection\Azure\Cqrs.DependencyInjection.Azure.ServiceBus.EventBus\Cqrs.DependencyInjection.Azure.ServiceBus.EventBus.csproj", "{E815ACE5-EE06-420D-A28F-B725005946C5}"
EndProject
Project("{9A19103F-16F7-4668-BE54-9A1E7A4F7556}") = "Cqrs.Azure.Functions.ServiceBus.Isolated", "..\Framework\Azure\Cqrs.Azure.Functions.ServiceBus.Isolated\Cqrs.Azure.Functions.ServiceBus.Isolated.csproj", "{75A40059-179A-4488-BE81-128D8592ED1F}"
EndProject
Global
	GlobalSection(SolutionConfigurationPlatforms) = preSolution
		Debug|Any CPU = Debug|Any CPU
		Release|Any CPU = Release|Any CPU
	EndGlobalSection
	GlobalSection(ProjectConfigurationPlatforms) = postSolution
		{10126618-090C-43C5-9A32-045FE3B58AF8}.Debug|Any CPU.ActiveCfg = Debug|Any CPU
		{10126618-090C-43C5-9A32-045FE3B58AF8}.Debug|Any CPU.Build.0 = Debug|Any CPU
		{10126618-090C-43C5-9A32-045FE3B58AF8}.Release|Any CPU.ActiveCfg = Release|Any CPU
		{10126618-090C-43C5-9A32-045FE3B58AF8}.Release|Any CPU.Build.0 = Release|Any CPU
		{11CA83DC-DB5C-41A4-8F2C-79B04CE9ECD3}.Debug|Any CPU.ActiveCfg = Debug|Any CPU
		{11CA83DC-DB5C-41A4-8F2C-79B04CE9ECD3}.Debug|Any CPU.Build.0 = Debug|Any CPU
		{11CA83DC-DB5C-41A4-8F2C-79B04CE9ECD3}.Release|Any CPU.ActiveCfg = Release|Any CPU
		{11CA83DC-DB5C-41A4-8F2C-79B04CE9ECD3}.Release|Any CPU.Build.0 = Release|Any CPU
		{43D01A8A-F1E4-40E8-820E-F9357E39B61D}.Debug|Any CPU.ActiveCfg = Debug|Any CPU
		{43D01A8A-F1E4-40E8-820E-F9357E39B61D}.Debug|Any CPU.Build.0 = Debug|Any CPU
		{43D01A8A-F1E4-40E8-820E-F9357E39B61D}.Release|Any CPU.ActiveCfg = Release|Any CPU
		{43D01A8A-F1E4-40E8-820E-F9357E39B61D}.Release|Any CPU.Build.0 = Release|Any CPU
		{8373F647-BC1E-4BA4-8136-1076AD7CB19B}.Debug|Any CPU.ActiveCfg = Debug|Any CPU
		{8373F647-BC1E-4BA4-8136-1076AD7CB19B}.Debug|Any CPU.Build.0 = Debug|Any CPU
		{8373F647-BC1E-4BA4-8136-1076AD7CB19B}.Release|Any CPU.ActiveCfg = Release|Any CPU
		{8373F647-BC1E-4BA4-8136-1076AD7CB19B}.Release|Any CPU.Build.0 = Release|Any CPU
		{59BC549F-FF18-4840-8CD7-EBEAB333E955}.Debug|Any CPU.ActiveCfg = Debug|Any CPU
		{59BC549F-FF18-4840-8CD7-EBEAB333E955}.Debug|Any CPU.Build.0 = Debug|Any CPU
		{59BC549F-FF18-4840-8CD7-EBEAB333E955}.Release|Any CPU.ActiveCfg = Release|Any CPU
		{59BC549F-FF18-4840-8CD7-EBEAB333E955}.Release|Any CPU.Build.0 = Release|Any CPU
		{D4BA3899-E846-4596-90DB-1C11D3C58357}.Debug|Any CPU.ActiveCfg = Debug|Any CPU
		{D4BA3899-E846-4596-90DB-1C11D3C58357}.Debug|Any CPU.Build.0 = Debug|Any CPU
		{D4BA3899-E846-4596-90DB-1C11D3C58357}.Release|Any CPU.ActiveCfg = Release|Any CPU
		{D4BA3899-E846-4596-90DB-1C11D3C58357}.Release|Any CPU.Build.0 = Release|Any CPU
		{01E9A698-D559-458E-BC2F-97B5A80A8A76}.Debug|Any CPU.ActiveCfg = Debug|Any CPU
		{01E9A698-D559-458E-BC2F-97B5A80A8A76}.Debug|Any CPU.Build.0 = Debug|Any CPU
		{01E9A698-D559-458E-BC2F-97B5A80A8A76}.Release|Any CPU.ActiveCfg = Release|Any CPU
		{01E9A698-D559-458E-BC2F-97B5A80A8A76}.Release|Any CPU.Build.0 = Release|Any CPU
		{5616AEF0-AB33-47D0-9C25-716997A9020C}.Debug|Any CPU.ActiveCfg = Debug|Any CPU
		{5616AEF0-AB33-47D0-9C25-716997A9020C}.Debug|Any CPU.Build.0 = Debug|Any CPU
		{5616AEF0-AB33-47D0-9C25-716997A9020C}.Release|Any CPU.ActiveCfg = Release|Any CPU
		{5616AEF0-AB33-47D0-9C25-716997A9020C}.Release|Any CPU.Build.0 = Release|Any CPU
		{52492642-2F35-4CFC-A3B8-6B9BCCE80DCD}.Debug|Any CPU.ActiveCfg = Debug|Any CPU
		{52492642-2F35-4CFC-A3B8-6B9BCCE80DCD}.Debug|Any CPU.Build.0 = Debug|Any CPU
		{52492642-2F35-4CFC-A3B8-6B9BCCE80DCD}.Release|Any CPU.ActiveCfg = Release|Any CPU
		{52492642-2F35-4CFC-A3B8-6B9BCCE80DCD}.Release|Any CPU.Build.0 = Release|Any CPU
		{E5B98E42-4969-4810-B1C7-42E22165DC63}.Debug|Any CPU.ActiveCfg = Debug|Any CPU
		{E5B98E42-4969-4810-B1C7-42E22165DC63}.Debug|Any CPU.Build.0 = Debug|Any CPU
		{E5B98E42-4969-4810-B1C7-42E22165DC63}.Release|Any CPU.ActiveCfg = Release|Any CPU
		{E5B98E42-4969-4810-B1C7-42E22165DC63}.Release|Any CPU.Build.0 = Release|Any CPU
		{DDE307EA-E03C-40E0-9553-862B323C622B}.Debug|Any CPU.ActiveCfg = Debug|Any CPU
		{DDE307EA-E03C-40E0-9553-862B323C622B}.Debug|Any CPU.Build.0 = Debug|Any CPU
		{DDE307EA-E03C-40E0-9553-862B323C622B}.Release|Any CPU.ActiveCfg = Release|Any CPU
		{DDE307EA-E03C-40E0-9553-862B323C622B}.Release|Any CPU.Build.0 = Release|Any CPU
		{2DBE8B22-629E-4E2B-977A-1BC078721AE9}.Debug|Any CPU.ActiveCfg = Debug|Any CPU
		{2DBE8B22-629E-4E2B-977A-1BC078721AE9}.Debug|Any CPU.Build.0 = Debug|Any CPU
		{2DBE8B22-629E-4E2B-977A-1BC078721AE9}.Release|Any CPU.ActiveCfg = Release|Any CPU
		{2DBE8B22-629E-4E2B-977A-1BC078721AE9}.Release|Any CPU.Build.0 = Release|Any CPU
		{D3851993-E23A-4B1C-9CDB-EC8BBFE4E633}.Debug|Any CPU.ActiveCfg = Debug|Any CPU
		{D3851993-E23A-4B1C-9CDB-EC8BBFE4E633}.Debug|Any CPU.Build.0 = Debug|Any CPU
		{D3851993-E23A-4B1C-9CDB-EC8BBFE4E633}.Release|Any CPU.ActiveCfg = Release|Any CPU
		{D3851993-E23A-4B1C-9CDB-EC8BBFE4E633}.Release|Any CPU.Build.0 = Release|Any CPU
		{CB8FD439-1677-4C47-8694-6B8B51449E80}.Debug|Any CPU.ActiveCfg = Debug|Any CPU
		{CB8FD439-1677-4C47-8694-6B8B51449E80}.Debug|Any CPU.Build.0 = Debug|Any CPU
		{CB8FD439-1677-4C47-8694-6B8B51449E80}.Release|Any CPU.ActiveCfg = Release|Any CPU
		{CB8FD439-1677-4C47-8694-6B8B51449E80}.Release|Any CPU.Build.0 = Release|Any CPU
		{D72183CE-C1C0-41D7-A7DA-50C3F3B5F2D0}.Debug|Any CPU.ActiveCfg = Debug|Any CPU
		{D72183CE-C1C0-41D7-A7DA-50C3F3B5F2D0}.Debug|Any CPU.Build.0 = Debug|Any CPU
		{D72183CE-C1C0-41D7-A7DA-50C3F3B5F2D0}.Release|Any CPU.ActiveCfg = Release|Any CPU
		{D72183CE-C1C0-41D7-A7DA-50C3F3B5F2D0}.Release|Any CPU.Build.0 = Release|Any CPU
		{295E76E8-7788-4881-ACB6-FEF505F1DDA4}.Debug|Any CPU.ActiveCfg = Debug|Any CPU
		{295E76E8-7788-4881-ACB6-FEF505F1DDA4}.Debug|Any CPU.Build.0 = Debug|Any CPU
		{295E76E8-7788-4881-ACB6-FEF505F1DDA4}.Release|Any CPU.ActiveCfg = Release|Any CPU
		{295E76E8-7788-4881-ACB6-FEF505F1DDA4}.Release|Any CPU.Build.0 = Release|Any CPU
		{C36EA4F3-81D8-4F2E-BBBD-49871FEA843B}.Debug|Any CPU.ActiveCfg = Debug|Any CPU
		{C36EA4F3-81D8-4F2E-BBBD-49871FEA843B}.Debug|Any CPU.Build.0 = Debug|Any CPU
		{C36EA4F3-81D8-4F2E-BBBD-49871FEA843B}.Release|Any CPU.ActiveCfg = Release|Any CPU
		{C36EA4F3-81D8-4F2E-BBBD-49871FEA843B}.Release|Any CPU.Build.0 = Release|Any CPU
		{18964ECE-530E-4A0A-829D-8BAB5ED8BE62}.Debug|Any CPU.ActiveCfg = Debug|Any CPU
		{18964ECE-530E-4A0A-829D-8BAB5ED8BE62}.Debug|Any CPU.Build.0 = Debug|Any CPU
		{18964ECE-530E-4A0A-829D-8BAB5ED8BE62}.Release|Any CPU.ActiveCfg = Release|Any CPU
		{18964ECE-530E-4A0A-829D-8BAB5ED8BE62}.Release|Any CPU.Build.0 = Release|Any CPU
		{A38B52B1-5D6E-4641-9FA0-D4936D6DACFC}.Debug|Any CPU.ActiveCfg = Debug|Any CPU
		{A38B52B1-5D6E-4641-9FA0-D4936D6DACFC}.Debug|Any CPU.Build.0 = Debug|Any CPU
		{A38B52B1-5D6E-4641-9FA0-D4936D6DACFC}.Release|Any CPU.ActiveCfg = Release|Any CPU
		{A38B52B1-5D6E-4641-9FA0-D4936D6DACFC}.Release|Any CPU.Build.0 = Release|Any CPU
		{7880DA6F-0694-49B1-B8D3-D46EF10BF574}.Debug|Any CPU.ActiveCfg = Debug|Any CPU
		{7880DA6F-0694-49B1-B8D3-D46EF10BF574}.Debug|Any CPU.Build.0 = Debug|Any CPU
		{7880DA6F-0694-49B1-B8D3-D46EF10BF574}.Release|Any CPU.ActiveCfg = Release|Any CPU
		{7880DA6F-0694-49B1-B8D3-D46EF10BF574}.Release|Any CPU.Build.0 = Release|Any CPU
		{E815ACE5-EE06-420D-A28F-B725005946C5}.Debug|Any CPU.ActiveCfg = Debug|Any CPU
		{E815ACE5-EE06-420D-A28F-B725005946C5}.Debug|Any CPU.Build.0 = Debug|Any CPU
		{E815ACE5-EE06-420D-A28F-B725005946C5}.Release|Any CPU.ActiveCfg = Release|Any CPU
		{E815ACE5-EE06-420D-A28F-B725005946C5}.Release|Any CPU.Build.0 = Release|Any CPU
		{75A40059-179A-4488-BE81-128D8592ED1F}.Debug|Any CPU.ActiveCfg = Debug|Any CPU
		{75A40059-179A-4488-BE81-128D8592ED1F}.Debug|Any CPU.Build.0 = Debug|Any CPU
		{75A40059-179A-4488-BE81-128D8592ED1F}.Release|Any CPU.ActiveCfg = Release|Any CPU
		{75A40059-179A-4488-BE81-128D8592ED1F}.Release|Any CPU.Build.0 = Release|Any CPU
	EndGlobalSection
	GlobalSection(SolutionProperties) = preSolution
		HideSolutionNode = FALSE
	EndGlobalSection
	GlobalSection(NestedProjects) = preSolution
		{D4BA3899-E846-4596-90DB-1C11D3C58357} = {01BE8F52-4852-4445-AC4E-2807A1DB56C6}
		{01E9A698-D559-458E-BC2F-97B5A80A8A76} = {7C84E9B3-277C-42A3-B9C7-9F2152997E77}
		{5616AEF0-AB33-47D0-9C25-716997A9020C} = {55245302-EADC-499C-A9E9-407347CF32F9}
		{52492642-2F35-4CFC-A3B8-6B9BCCE80DCD} = {55245302-EADC-499C-A9E9-407347CF32F9}
		{E5B98E42-4969-4810-B1C7-42E22165DC63} = {7C84E9B3-277C-42A3-B9C7-9F2152997E77}
		{DDE307EA-E03C-40E0-9553-862B323C622B} = {7C84E9B3-277C-42A3-B9C7-9F2152997E77}
		{2DBE8B22-629E-4E2B-977A-1BC078721AE9} = {7C84E9B3-277C-42A3-B9C7-9F2152997E77}
		{868B5403-0EF2-4EDD-B9CC-32B126760BA9} = {01BE8F52-4852-4445-AC4E-2807A1DB56C6}
		{7C84E9B3-277C-42A3-B9C7-9F2152997E77} = {868B5403-0EF2-4EDD-B9CC-32B126760BA9}
		{D3851993-E23A-4B1C-9CDB-EC8BBFE4E633} = {868B5403-0EF2-4EDD-B9CC-32B126760BA9}
		{55245302-EADC-499C-A9E9-407347CF32F9} = {01BE8F52-4852-4445-AC4E-2807A1DB56C6}
		{CB8FD439-1677-4C47-8694-6B8B51449E80} = {55245302-EADC-499C-A9E9-407347CF32F9}
		{D72183CE-C1C0-41D7-A7DA-50C3F3B5F2D0} = {55245302-EADC-499C-A9E9-407347CF32F9}
		{295E76E8-7788-4881-ACB6-FEF505F1DDA4} = {55245302-EADC-499C-A9E9-407347CF32F9}
		{C36EA4F3-81D8-4F2E-BBBD-49871FEA843B} = {3DDD773E-A160-4C59-9FD9-5132511B5060}
		{18964ECE-530E-4A0A-829D-8BAB5ED8BE62} = {55245302-EADC-499C-A9E9-407347CF32F9}
		{A38B52B1-5D6E-4641-9FA0-D4936D6DACFC} = {55245302-EADC-499C-A9E9-407347CF32F9}
		{3DDD773E-A160-4C59-9FD9-5132511B5060} = {01BE8F52-4852-4445-AC4E-2807A1DB56C6}
		{1F0AAB57-2B6B-4F63-9C85-3240F1780E95} = {3DDD773E-A160-4C59-9FD9-5132511B5060}
		{7880DA6F-0694-49B1-B8D3-D46EF10BF574} = {1F0AAB57-2B6B-4F63-9C85-3240F1780E95}
		{E815ACE5-EE06-420D-A28F-B725005946C5} = {1F0AAB57-2B6B-4F63-9C85-3240F1780E95}
		{75A40059-179A-4488-BE81-128D8592ED1F} = {55245302-EADC-499C-A9E9-407347CF32F9}
	EndGlobalSection
	GlobalSection(ExtensibilityGlobals) = postSolution
		SolutionGuid = {E9C42B84-A720-48D9-BC80-5350DCD611A0}
		EnterpriseLibraryConfigurationToolBinariesPath = packages\Unity.2.1.505.0\lib\NET35;packages\Unity.Interception.2.1.505.0\lib\NET35;packages\EnterpriseLibrary.Common.5.0.505.0\lib\NET35;packages\TransientFaultHandling.Core.5.1.1209.0\lib\NET4;packages\EnterpriseLibrary.WindowsAzure.TransientFaultHandling.5.1.1212.0\lib\NET4;packages\EnterpriseLibrary.WindowsAzure.TransientFaultHandling.5.1.1212.0\DesignTime
	EndGlobalSection
EndGlobal
