
Microsoft Visual Studio Solution File, Format Version 12.00
# Visual Studio Version 16
VisualStudioVersion = 16.0.30104.148
MinimumVisualStudioVersion = 10.0.40219.1
Project("{9A19103F-16F7-4668-BE54-9A1E7A4F7556}") = "Cqrs.Scheduler.Events", "Cqrs.Scheduler.Events\Cqrs.Scheduler.Events.csproj", "{10126618-090C-43C5-9A32-045FE3B58AF8}"
EndProject
Project("{9A19103F-16F7-4668-BE54-9A1E7A4F7556}") = "Cqrs.Scheduler.SampleReport", "Cqrs.Scheduler.SampleReport\Cqrs.Scheduler.SampleReport.csproj", "{11CA83DC-DB5C-41A4-8F2C-79B04CE9ECD3}"
EndProject
Project("{9A19103F-16F7-4668-BE54-9A1E7A4F7556}") = "Cqrs.Scheduler.Commands", "Cqrs.Scheduler.Commands\Cqrs.Scheduler.Commands.csproj", "{43D01A8A-F1E4-40E8-820E-F9357E39B61D}"
EndProject
Project("{9A19103F-16F7-4668-BE54-9A1E7A4F7556}") = "Cqrs.Scheduler.Trigger", "Cqrs.Scheduler.Trigger\Cqrs.Scheduler.Trigger.csproj", "{8373F647-BC1E-4BA4-8136-1076AD7CB19B}"
EndProject
Project("{2150E333-8FDC-42A3-9474-1A3956D46DE8}") = "Solution Items", "Solution Items", "{9462C6F5-0CB9-48E1-804E-9007B27DFD6A}"
	ProjectSection(SolutionItems) = preProject
		ReadMeFirst.txt = ReadMeFirst.txt
	EndProjectSection
EndProject
Project("{9A19103F-16F7-4668-BE54-9A1E7A4F7556}") = "Cqrs.Scheduler.TimeZones", "Cqrs.Scheduler.TimeZones\Cqrs.Scheduler.TimeZones.csproj", "{59BC549F-FF18-4840-8CD7-EBEAB333E955}"
EndProject
Project("{9A19103F-16F7-4668-BE54-9A1E7A4F7556}") = "Cqrs", "..\Framework\Cqrs\Cqrs.csproj", "{D4BA3899-E846-4596-90DB-1C11D3C58357}"
EndProject
Project("{2150E333-8FDC-42A3-9474-1A3956D46DE8}") = "Framework", "Framework", "{01BE8F52-4852-4445-AC4E-2807A1DB56C6}"
EndProject
Project("{9A19103F-16F7-4668-BE54-9A1E7A4F7556}") = "Cqrs.Ninject.Azure.WebJobs", "..\Framework\Ninject\Azure\Cqrs.Ninject.Azure.WebJobs\Cqrs.Ninject.Azure.WebJobs.csproj", "{01E9A698-D559-458E-BC2F-97B5A80A8A76}"
EndProject
Project("{9A19103F-16F7-4668-BE54-9A1E7A4F7556}") = "Cqrs.Azure.ConfigurationManager", "..\Framework\Azure\Cqrs.Azure.ConfigurationManager\Cqrs.Azure.ConfigurationManager.csproj", "{5616AEF0-AB33-47D0-9C25-716997A9020C}"
EndProject
Project("{9A19103F-16F7-4668-BE54-9A1E7A4F7556}") = "Cqrs.Azure.ServiceBus", "..\Framework\Azure\Cqrs.Azure.ServiceBus\Cqrs.Azure.ServiceBus.csproj", "{52492642-2F35-4CFC-A3B8-6B9BCCE80DCD}"
EndProject
Global
	GlobalSection(SolutionConfigurationPlatforms) = preSolution
		Debug|Any CPU = Debug|Any CPU
		Release|Any CPU = Release|Any CPU
	EndGlobalSection
	GlobalSection(ProjectConfigurationPlatforms) = postSolution
		{10126618-090C-43C5-9A32-045FE3B58AF8}.Debug|Any CPU.ActiveCfg = Debug|Any CPU
		{10126618-090C-43C5-9A32-045FE3B58AF8}.Debug|Any CPU.Build.0 = Debug|Any CPU
		{10126618-090C-43C5-9A32-045FE3B58AF8}.Release|Any CPU.ActiveCfg = Release|Any CPU
		{10126618-090C-43C5-9A32-045FE3B58AF8}.Release|Any CPU.Build.0 = Release|Any CPU
		{11CA83DC-DB5C-41A4-8F2C-79B04CE9ECD3}.Debug|Any CPU.ActiveCfg = Debug|Any CPU
		{11CA83DC-DB5C-41A4-8F2C-79B04CE9ECD3}.Debug|Any CPU.Build.0 = Debug|Any CPU
		{11CA83DC-DB5C-41A4-8F2C-79B04CE9ECD3}.Release|Any CPU.ActiveCfg = Release|Any CPU
		{11CA83DC-DB5C-41A4-8F2C-79B04CE9ECD3}.Release|Any CPU.Build.0 = Release|Any CPU
		{43D01A8A-F1E4-40E8-820E-F9357E39B61D}.Debug|Any CPU.ActiveCfg = Debug|Any CPU
		{43D01A8A-F1E4-40E8-820E-F9357E39B61D}.Debug|Any CPU.Build.0 = Debug|Any CPU
		{43D01A8A-F1E4-40E8-820E-F9357E39B61D}.Release|Any CPU.ActiveCfg = Release|Any CPU
		{43D01A8A-F1E4-40E8-820E-F9357E39B61D}.Release|Any CPU.Build.0 = Release|Any CPU
		{8373F647-BC1E-4BA4-8136-1076AD7CB19B}.Debug|Any CPU.ActiveCfg = Debug|Any CPU
		{8373F647-BC1E-4BA4-8136-1076AD7CB19B}.Debug|Any CPU.Build.0 = Debug|Any CPU
		{8373F647-BC1E-4BA4-8136-1076AD7CB19B}.Release|Any CPU.ActiveCfg = Release|Any CPU
		{8373F647-BC1E-4BA4-8136-1076AD7CB19B}.Release|Any CPU.Build.0 = Release|Any CPU
		{59BC549F-FF18-4840-8CD7-EBEAB333E955}.Debug|Any CPU.ActiveCfg = Debug|Any CPU
		{59BC549F-FF18-4840-8CD7-EBEAB333E955}.Debug|Any CPU.Build.0 = Debug|Any CPU
		{59BC549F-FF18-4840-8CD7-EBEAB333E955}.Release|Any CPU.ActiveCfg = Release|Any CPU
		{59BC549F-FF18-4840-8CD7-EBEAB333E955}.Release|Any CPU.Build.0 = Release|Any CPU
		{D4BA3899-E846-4596-90DB-1C11D3C58357}.Debug|Any CPU.ActiveCfg = Debug|Any CPU
		{D4BA3899-E846-4596-90DB-1C11D3C58357}.Debug|Any CPU.Build.0 = Debug|Any CPU
		{D4BA3899-E846-4596-90DB-1C11D3C58357}.Release|Any CPU.ActiveCfg = Release|Any CPU
		{D4BA3899-E846-4596-90DB-1C11D3C58357}.Release|Any CPU.Build.0 = Release|Any CPU
		{01E9A698-D559-458E-BC2F-97B5A80A8A76}.Debug|Any CPU.ActiveCfg = Debug|Any CPU
		{01E9A698-D559-458E-BC2F-97B5A80A8A76}.Debug|Any CPU.Build.0 = Debug|Any CPU
		{01E9A698-D559-458E-BC2F-97B5A80A8A76}.Release|Any CPU.ActiveCfg = Release|Any CPU
		{01E9A698-D559-458E-BC2F-97B5A80A8A76}.Release|Any CPU.Build.0 = Release|Any CPU
		{5616AEF0-AB33-47D0-9C25-716997A9020C}.Debug|Any CPU.ActiveCfg = Debug|Any CPU
		{5616AEF0-AB33-47D0-9C25-716997A9020C}.Debug|Any CPU.Build.0 = Debug|Any CPU
		{5616AEF0-AB33-47D0-9C25-716997A9020C}.Release|Any CPU.ActiveCfg = Release|Any CPU
		{5616AEF0-AB33-47D0-9C25-716997A9020C}.Release|Any CPU.Build.0 = Release|Any CPU
		{52492642-2F35-4CFC-A3B8-6B9BCCE80DCD}.Debug|Any CPU.ActiveCfg = Debug|Any CPU
		{52492642-2F35-4CFC-A3B8-6B9BCCE80DCD}.Debug|Any CPU.Build.0 = Debug|Any CPU
		{52492642-2F35-4CFC-A3B8-6B9BCCE80DCD}.Release|Any CPU.ActiveCfg = Release|Any CPU
		{52492642-2F35-4CFC-A3B8-6B9BCCE80DCD}.Release|Any CPU.Build.0 = Release|Any CPU
	EndGlobalSection
	GlobalSection(SolutionProperties) = preSolution
		HideSolutionNode = FALSE
	EndGlobalSection
	GlobalSection(NestedProjects) = preSolution
		{D4BA3899-E846-4596-90DB-1C11D3C58357} = {01BE8F52-4852-4445-AC4E-2807A1DB56C6}
		{01E9A698-D559-458E-BC2F-97B5A80A8A76} = {01BE8F52-4852-4445-AC4E-2807A1DB56C6}
		{5616AEF0-AB33-47D0-9C25-716997A9020C} = {01BE8F52-4852-4445-AC4E-2807A1DB56C6}
		{52492642-2F35-4CFC-A3B8-6B9BCCE80DCD} = {01BE8F52-4852-4445-AC4E-2807A1DB56C6}
	EndGlobalSection
	GlobalSection(ExtensibilityGlobals) = postSolution
		EnterpriseLibraryConfigurationToolBinariesPath = packages\Unity.2.1.505.0\lib\NET35;packages\Unity.Interception.2.1.505.0\lib\NET35;packages\EnterpriseLibrary.Common.5.0.505.0\lib\NET35;packages\TransientFaultHandling.Core.5.1.1209.0\lib\NET4;packages\EnterpriseLibrary.WindowsAzure.TransientFaultHandling.5.1.1212.0\lib\NET4;packages\EnterpriseLibrary.WindowsAzure.TransientFaultHandling.5.1.1212.0\DesignTime
		SolutionGuid = {E9C42B84-A720-48D9-BC80-5350DCD611A0}
	EndGlobalSection
EndGlobal
