
Microsoft Visual Studio Solution File, Format Version 12.00
# Visual Studio 2013
VisualStudioVersion = 12.0.40629.0
MinimumVisualStudioVersion = 10.0.40219.1
Project("{FAE04EC0-301F-11D3-BF4B-00C04F79EFBC}") = "Cqrs.Scheduler", "Cqrs.Scheduler\Cqrs.Scheduler.csproj", "{AD7A36D9-58B6-4DB7-A574-C34A157C40FF}"
EndProject
Project("{FAE04EC0-301F-11D3-BF4B-00C04F79EFBC}") = "Cqrs.Scheduler.Events", "Cqrs.Scheduler.Events\Cqrs.Scheduler.Events.csproj", "{10126618-090C-43C5-9A32-045FE3B58AF8}"
EndProject
Project("{FAE04EC0-301F-11D3-BF4B-00C04F79EFBC}") = "Cqrs.Scheduler.SampleReport", "Cqrs.Scheduler.SampleReport\Cqrs.Scheduler.SampleReport.csproj", "{11CA83DC-DB5C-41A4-8F2C-79B04CE9ECD3}"
EndProject
Global
	GlobalSection(SolutionConfigurationPlatforms) = preSolution
		Debug|Any CPU = Debug|Any CPU
		Release|Any CPU = Release|Any CPU
	EndGlobalSection
	GlobalSection(ProjectConfigurationPlatforms) = postSolution
		{AD7A36D9-58B6-4DB7-A574-C34A157C40FF}.Debug|Any CPU.ActiveCfg = Debug|Any CPU
		{AD7A36D9-58B6-4DB7-A574-C34A157C40FF}.Debug|Any CPU.Build.0 = Debug|Any CPU
		{AD7A36D9-58B6-4DB7-A574-C34A157C40FF}.Release|Any CPU.ActiveCfg = Release|Any CPU
		{AD7A36D9-58B6-4DB7-A574-C34A157C40FF}.Release|Any CPU.Build.0 = Release|Any CPU
		{10126618-090C-43C5-9A32-045FE3B58AF8}.Debug|Any CPU.ActiveCfg = Debug|Any CPU
		{10126618-090C-43C5-9A32-045FE3B58AF8}.Debug|Any CPU.Build.0 = Debug|Any CPU
		{10126618-090C-43C5-9A32-045FE3B58AF8}.Release|Any CPU.ActiveCfg = Release|Any CPU
		{10126618-090C-43C5-9A32-045FE3B58AF8}.Release|Any CPU.Build.0 = Release|Any CPU
		{11CA83DC-DB5C-41A4-8F2C-79B04CE9ECD3}.Debug|Any CPU.ActiveCfg = Debug|Any CPU
		{11CA83DC-DB5C-41A4-8F2C-79B04CE9ECD3}.Debug|Any CPU.Build.0 = Debug|Any CPU
		{11CA83DC-DB5C-41A4-8F2C-79B04CE9ECD3}.Release|Any CPU.ActiveCfg = Release|Any CPU
		{11CA83DC-DB5C-41A4-8F2C-79B04CE9ECD3}.Release|Any CPU.Build.0 = Release|Any CPU
	EndGlobalSection
	GlobalSection(SolutionProperties) = preSolution
		HideSolutionNode = FALSE
	EndGlobalSection
	GlobalSection(ExtensibilityGlobals) = postSolution
		EnterpriseLibraryConfigurationToolBinariesPath = packages\Unity.2.1.505.0\lib\NET35;packages\Unity.Interception.2.1.505.0\lib\NET35;packages\EnterpriseLibrary.Common.5.0.505.0\lib\NET35;packages\TransientFaultHandling.Core.5.1.1209.0\lib\NET4;packages\EnterpriseLibrary.WindowsAzure.TransientFaultHandling.5.1.1212.0\lib\NET4;packages\EnterpriseLibrary.WindowsAzure.TransientFaultHandling.5.1.1212.0\DesignTime
	EndGlobalSection
EndGlobal
