
Microsoft Visual Studio Solution File, Format Version 12.00
# Visual Studio 2013
VisualStudioVersion = 12.0.40629.0
MinimumVisualStudioVersion = 10.0.40219.1
Project("{FAE04EC0-301F-11D3-BF4B-00C04F79EFBC}") = "Cqrs.Modelling.UmlProfiles.VS2012", "Cqrs.Modelling.UmlProfiles.VS2012.csproj", "{AAB88438-0140-4336-B6F6-15015B50D324}"
EndProject
Global
	GlobalSection(SolutionConfigurationPlatforms) = preSolution
		Debug|Any CPU = Debug|Any CPU
		Release|Any CPU = Release|Any CPU
		VSIX|Any CPU = VSIX|Any CPU
	EndGlobalSection
	GlobalSection(ProjectConfigurationPlatforms) = postSolution
		{AAB88438-0140-4336-B6F6-15015B50D324}.Debug|Any CPU.ActiveCfg = Debug|Any CPU
		{AAB88438-0140-4336-B6F6-15015B50D324}.Debug|Any CPU.Build.0 = Debug|Any CPU
		{AAB88438-0140-4336-B6F6-15015B50D324}.Release|Any CPU.ActiveCfg = Release|Any CPU
		{AAB88438-0140-4336-B6F6-15015B50D324}.Release|Any CPU.Build.0 = Release|Any CPU
		{AAB88438-0140-4336-B6F6-15015B50D324}.VSIX|Any CPU.ActiveCfg = VSIX|Any CPU
		{AAB88438-0140-4336-B6F6-15015B50D324}.VSIX|Any CPU.Build.0 = VSIX|Any CPU
	EndGlobalSection
	GlobalSection(SolutionProperties) = preSolution
		HideSolutionNode = FALSE
	EndGlobalSection
EndGlobal
