
Microsoft Visual Studio Solution File, Format Version 12.00
# Visual Studio Version 16
VisualStudioVersion = 16.0.32228.343
MinimumVisualStudioVersion = 10.0.40219.1
Project("{FAE04EC0-301F-11D3-BF4B-00C04F79EFBC}") = "Cqrs.Modelling.UmlProfiles.VS2019", "Cqrs.Modelling.UmlProfiles.VS2019.csproj", "{908B20D0-2BA4-407B-9CB8-DC9BD01758E4}"
EndProject
Global
	GlobalSection(SolutionConfigurationPlatforms) = preSolution
		Debug|Any CPU = Debug|Any CPU
		Release|Any CPU = Release|Any CPU
		VSIX|Any CPU = VSIX|Any CPU
	EndGlobalSection
	GlobalSection(ProjectConfigurationPlatforms) = postSolution
		{908B20D0-2BA4-407B-9CB8-DC9BD01758E4}.Debug|Any CPU.ActiveCfg = Debug|Any CPU
		{908B20D0-2BA4-407B-9CB8-DC9BD01758E4}.Debug|Any CPU.Build.0 = Debug|Any CPU
		{908B20D0-2BA4-407B-9CB8-DC9BD01758E4}.Release|Any CPU.ActiveCfg = Release|Any CPU
		{908B20D0-2BA4-407B-9CB8-DC9BD01758E4}.Release|Any CPU.Build.0 = Release|Any CPU
		{908B20D0-2BA4-407B-9CB8-DC9BD01758E4}.VSIX|Any CPU.ActiveCfg = VSIX|Any CPU
		{908B20D0-2BA4-407B-9CB8-DC9BD01758E4}.VSIX|Any CPU.Build.0 = VSIX|Any CPU
	EndGlobalSection
	GlobalSection(SolutionProperties) = preSolution
		HideSolutionNode = FALSE
	EndGlobalSection
	GlobalSection(ExtensibilityGlobals) = postSolution
		SolutionGuid = {B0C6CC27-9EBE-4F88-82C2-C890A71A04DE}
	EndGlobalSection
EndGlobal
